// !$*UTF8*$!
{
	archiveVersion = 1;
	classes = {
	};
	objectVersion = 54;
	objects = {

/* Begin PBXBuildFile section */
		058557BB273AAA24004C7B11 /* Assets.xcassets in Resources */ = {isa = PBXBuildFile; fileRef = 058557BA273AAA24004C7B11 /* Assets.xcassets */; };
		058557D9273AAEEB004C7B11 /* Preview Assets.xcassets in Resources */ = {isa = PBXBuildFile; fileRef = 058557D8273AAEEB004C7B11 /* Preview Assets.xcassets */; };
		2152FB042600AC8F00CF470E /* SuiteBDEApp.swift in Sources */ = {isa = PBXBuildFile; fileRef = 2152FB032600AC8F00CF470E /* SuiteBDEApp.swift */; };
		6A0D1096299BD45700508DC8 /* SettingsView.swift in Sources */ = {isa = PBXBuildFile; fileRef = 6A0D1095299BD45700508DC8 /* SettingsView.swift */; };
		6A0D1098299BD46000508DC8 /* SettingsViewModel.swift in Sources */ = {isa = PBXBuildFile; fileRef = 6A0D1097299BD46000508DC8 /* SettingsViewModel.swift */; };
		6A0D109B299BEBB600508DC8 /* SendNotificationView.swift in Sources */ = {isa = PBXBuildFile; fileRef = 6A0D109A299BEBB600508DC8 /* SendNotificationView.swift */; };
		6A0D109D299BEBCE00508DC8 /* SendNotificationViewModel.swift in Sources */ = {isa = PBXBuildFile; fileRef = 6A0D109C299BEBCE00508DC8 /* SendNotificationViewModel.swift */; };
		6A0DAFA72A547E090054C228 /* IntegrationTeamsView.swift in Sources */ = {isa = PBXBuildFile; fileRef = 6A0DAFA62A547E090054C228 /* IntegrationTeamsView.swift */; };
		6A0DAFA92A547E270054C228 /* IntegrationTeamsViewModel.swift in Sources */ = {isa = PBXBuildFile; fileRef = 6A0DAFA82A547E270054C228 /* IntegrationTeamsViewModel.swift */; };
		6A0DAFAB2A5480B50054C228 /* IntExtension.swift in Sources */ = {isa = PBXBuildFile; fileRef = 6A0DAFAA2A5480B50054C228 /* IntExtension.swift */; };
		6A0DAFAD2A5483D30054C228 /* IntegrationCreateView.swift in Sources */ = {isa = PBXBuildFile; fileRef = 6A0DAFAC2A5483D30054C228 /* IntegrationCreateView.swift */; };
		6A0DAFAF2A5484C50054C228 /* IntegrationCreateViewModel.swift in Sources */ = {isa = PBXBuildFile; fileRef = 6A0DAFAE2A5484C50054C228 /* IntegrationCreateViewModel.swift */; };
		6A0DAFB12A5495600054C228 /* IntegrationTeamView.swift in Sources */ = {isa = PBXBuildFile; fileRef = 6A0DAFB02A5495600054C228 /* IntegrationTeamView.swift */; };
		6A0DAFB32A54958A0054C228 /* IntegrationTeamViewModel.swift in Sources */ = {isa = PBXBuildFile; fileRef = 6A0DAFB22A54958A0054C228 /* IntegrationTeamViewModel.swift */; };
		6A0DAFB52A54A4A40054C228 /* IntegrationExecutionView.swift in Sources */ = {isa = PBXBuildFile; fileRef = 6A0DAFB42A54A4A40054C228 /* IntegrationExecutionView.swift */; };
		6A0DAFB72A54A4BD0054C228 /* IntegrationExecutionViewModel.swift in Sources */ = {isa = PBXBuildFile; fileRef = 6A0DAFB62A54A4BD0054C228 /* IntegrationExecutionViewModel.swift */; };
		6A0E981129E73BD600F52181 /* ShopItemPrice.swift in Sources */ = {isa = PBXBuildFile; fileRef = 6A0E981029E73BD600F52181 /* ShopItemPrice.swift */; };
		6A0E981329E73C9200F52181 /* NSNumberExtension.swift in Sources */ = {isa = PBXBuildFile; fileRef = 6A0E981229E73C9200F52181 /* NSNumberExtension.swift */; };
		6A0F3EEF2A3E7A8E00DC4DE6 /* NFCDelegate.swift in Sources */ = {isa = PBXBuildFile; fileRef = 6A0F3EEE2A3E7A8E00DC4DE6 /* NFCDelegate.swift */; };
		6A0F3EF12A3E7DBB00DC4DE6 /* TagExtension.swift in Sources */ = {isa = PBXBuildFile; fileRef = 6A0F3EF02A3E7DBB00DC4DE6 /* TagExtension.swift */; };
		6A4EC7462A1661DB002A0E90 /* AlertCase.swift in Sources */ = {isa = PBXBuildFile; fileRef = 6A4EC7452A1661DB002A0E90 /* AlertCase.swift */; };
		6A50AC902999A4F7003A3F57 /* ClubsView.swift in Sources */ = {isa = PBXBuildFile; fileRef = 6A50AC8F2999A4F7003A3F57 /* ClubsView.swift */; };
		6A50AC922999A7BB003A3F57 /* ClubsViewModel.swift in Sources */ = {isa = PBXBuildFile; fileRef = 6A50AC912999A7BB003A3F57 /* ClubsViewModel.swift */; };
		6A608F1B29D165CC00A958E7 /* ShopItemView.swift in Sources */ = {isa = PBXBuildFile; fileRef = 6A608F1A29D165CC00A958E7 /* ShopItemView.swift */; };
		6A608F1D29D165E300A958E7 /* ShopItemViewModel.swift in Sources */ = {isa = PBXBuildFile; fileRef = 6A608F1C29D165E300A958E7 /* ShopItemViewModel.swift */; };
		6A7214352A97809000C36256 /* ScanHistoryView.swift in Sources */ = {isa = PBXBuildFile; fileRef = 6A7214342A97809000C36256 /* ScanHistoryView.swift */; };
		6A7214372A97809D00C36256 /* ScanHistoryViewModel.swift in Sources */ = {isa = PBXBuildFile; fileRef = 6A7214362A97809D00C36256 /* ScanHistoryViewModel.swift */; };
		6A753CFB299AE50C00E346AA /* ClubViewModel.swift in Sources */ = {isa = PBXBuildFile; fileRef = 6A753CFA299AE50C00E346AA /* ClubViewModel.swift */; };
		6A753CFD299AE51400E346AA /* ClubView.swift in Sources */ = {isa = PBXBuildFile; fileRef = 6A753CFC299AE51400E346AA /* ClubView.swift */; };
		6A753CFF299AE78D00E346AA /* ClubCard.swift in Sources */ = {isa = PBXBuildFile; fileRef = 6A753CFE299AE78D00E346AA /* ClubCard.swift */; };
		6A80CCC929BB4F8E009D5F4A /* EventView.swift in Sources */ = {isa = PBXBuildFile; fileRef = 6A80CCC829BB4F8E009D5F4A /* EventView.swift */; };
		6A80CCCB29BB4F9C009D5F4A /* EventViewModel.swift in Sources */ = {isa = PBXBuildFile; fileRef = 6A80CCCA29BB4F9C009D5F4A /* EventViewModel.swift */; };
		6A86667329B5FC8F000540BF /* MyAppsiOS in Frameworks */ = {isa = PBXBuildFile; productRef = 6A86667229B5FC8F000540BF /* MyAppsiOS */; };
		6A86667729B60832000540BF /* KotlinxDatetimeExtension.swift in Sources */ = {isa = PBXBuildFile; fileRef = 6A86667629B60832000540BF /* KotlinxDatetimeExtension.swift */; };
		6A86667929B61A2D000540BF /* ImagePicker.swift in Sources */ = {isa = PBXBuildFile; fileRef = 6A86667829B61A2D000540BF /* ImagePicker.swift */; };
		6A90EE522992FC5B0031B196 /* GoogleService-Info.plist in Resources */ = {isa = PBXBuildFile; fileRef = 6A90EE512992FC5B0031B196 /* GoogleService-Info.plist */; };
		6A90EE552992FCE10031B196 /* FirebaseAnalytics in Frameworks */ = {isa = PBXBuildFile; productRef = 6A90EE542992FCE10031B196 /* FirebaseAnalytics */; };
		6A90EE572992FCE10031B196 /* FirebaseCrashlytics in Frameworks */ = {isa = PBXBuildFile; productRef = 6A90EE562992FCE10031B196 /* FirebaseCrashlytics */; };
		6A90EE592992FCE10031B196 /* FirebaseMessaging in Frameworks */ = {isa = PBXBuildFile; productRef = 6A90EE582992FCE10031B196 /* FirebaseMessaging */; };
		6A90EE5B2992FD470031B196 /* AnalyticsService.swift in Sources */ = {isa = PBXBuildFile; fileRef = 6A90EE5A2992FD470031B196 /* AnalyticsService.swift */; };
		6A9DD81729891354007F6E3C /* RootView.swift in Sources */ = {isa = PBXBuildFile; fileRef = 6A9DD81629891354007F6E3C /* RootView.swift */; };
		6A9DD81A29891409007F6E3C /* AccountView.swift in Sources */ = {isa = PBXBuildFile; fileRef = 6A9DD81929891409007F6E3C /* AccountView.swift */; };
		6A9DD81D298914E6007F6E3C /* FeedView.swift in Sources */ = {isa = PBXBuildFile; fileRef = 6A9DD81C298914E6007F6E3C /* FeedView.swift */; };
		6A9DD82229891601007F6E3C /* RootViewModel.swift in Sources */ = {isa = PBXBuildFile; fileRef = 6A9DD82129891601007F6E3C /* RootViewModel.swift */; };
		6A9DD82429891869007F6E3C /* AccountViewModel.swift in Sources */ = {isa = PBXBuildFile; fileRef = 6A9DD82329891869007F6E3C /* AccountViewModel.swift */; };
		6A9DD8282989194D007F6E3C /* SafariView.swift in Sources */ = {isa = PBXBuildFile; fileRef = 6A9DD8272989194D007F6E3C /* SafariView.swift */; };
		6A9DD82A298919A4007F6E3C /* StringExtension.swift in Sources */ = {isa = PBXBuildFile; fileRef = 6A9DD829298919A4007F6E3C /* StringExtension.swift */; };
		6A9DD82C29891DA8007F6E3C /* FeedViewModel.swift in Sources */ = {isa = PBXBuildFile; fileRef = 6A9DD82B29891DA8007F6E3C /* FeedViewModel.swift */; };
		6A9DD8312989A7F7007F6E3C /* Keychain in Frameworks */ = {isa = PBXBuildFile; productRef = 6A9DD8302989A7F7007F6E3C /* Keychain */; };
		6A9DD8342989A85B007F6E3C /* StorageService.swift in Sources */ = {isa = PBXBuildFile; fileRef = 6A9DD8332989A85B007F6E3C /* StorageService.swift */; };
		6A9DD8362989AB7D007F6E3C /* ViewExtension.swift in Sources */ = {isa = PBXBuildFile; fileRef = 6A9DD8352989AB7D007F6E3C /* ViewExtension.swift */; };
		6A9DD8382989ABC5007F6E3C /* FilledButtonStyle.swift in Sources */ = {isa = PBXBuildFile; fileRef = 6A9DD8372989ABC5007F6E3C /* FilledButtonStyle.swift */; };
		6AA746432A17D1D700BB1A4A /* CacheService.swift in Sources */ = {isa = PBXBuildFile; fileRef = 6AA746422A17D1D700BB1A4A /* CacheService.swift */; };
		6AA746462A17D37A00BB1A4A /* CalendarView.swift in Sources */ = {isa = PBXBuildFile; fileRef = 6AA746452A17D37A00BB1A4A /* CalendarView.swift */; };
		6AA7464A2A17DDC700BB1A4A /* CalendarViewModel.swift in Sources */ = {isa = PBXBuildFile; fileRef = 6AA746492A17DDC700BB1A4A /* CalendarViewModel.swift */; };
		6AA7464C2A17DDED00BB1A4A /* CalendarEventView.swift in Sources */ = {isa = PBXBuildFile; fileRef = 6AA7464B2A17DDED00BB1A4A /* CalendarEventView.swift */; };
		6AB013922991782600C29106 /* UsersView.swift in Sources */ = {isa = PBXBuildFile; fileRef = 6AB013912991782600C29106 /* UsersView.swift */; };
		6AB013942991782D00C29106 /* UsersViewModel.swift in Sources */ = {isa = PBXBuildFile; fileRef = 6AB013932991782D00C29106 /* UsersViewModel.swift */; };
		6AB0139D29918F3B00C29106 /* WidgetKit.framework in Frameworks */ = {isa = PBXBuildFile; fileRef = 6AB0139C29918F3B00C29106 /* WidgetKit.framework */; };
		6AB0139F29918F3B00C29106 /* SwiftUI.framework in Frameworks */ = {isa = PBXBuildFile; fileRef = 6AB0139E29918F3B00C29106 /* SwiftUI.framework */; };
		6AB013A229918F3B00C29106 /* QRCodeWidgetBundle.swift in Sources */ = {isa = PBXBuildFile; fileRef = 6AB013A129918F3B00C29106 /* QRCodeWidgetBundle.swift */; };
		6AB013A429918F3B00C29106 /* QRCodeWidget.swift in Sources */ = {isa = PBXBuildFile; fileRef = 6AB013A329918F3B00C29106 /* QRCodeWidget.swift */; };
		6AB013A629918F3C00C29106 /* Assets.xcassets in Resources */ = {isa = PBXBuildFile; fileRef = 6AB013A529918F3C00C29106 /* Assets.xcassets */; };
		6AB013AA29918F3C00C29106 /* QRCodeWidgetExtension.appex in Embed Foundation Extensions */ = {isa = PBXBuildFile; fileRef = 6AB0139B29918F3B00C29106 /* QRCodeWidgetExtension.appex */; settings = {ATTRIBUTES = (RemoveHeadersOnCopy, ); }; };
		6AB013AF29918F9F00C29106 /* StorageService.swift in Sources */ = {isa = PBXBuildFile; fileRef = 6A9DD8332989A85B007F6E3C /* StorageService.swift */; };
		6AB013B029918FA800C29106 /* StringExtension.swift in Sources */ = {isa = PBXBuildFile; fileRef = 6A9DD829298919A4007F6E3C /* StringExtension.swift */; };
		6AB013B229918FFF00C29106 /* Keychain in Frameworks */ = {isa = PBXBuildFile; productRef = 6AB013B129918FFF00C29106 /* Keychain */; };
		6AB065F72A261223007C49B1 /* Kingfisher in Frameworks */ = {isa = PBXBuildFile; productRef = 6AB065F62A261223007C49B1 /* Kingfisher */; };
		6AB8FDCE29CA8BC300999AA5 /* ShopCard.swift in Sources */ = {isa = PBXBuildFile; fileRef = 6AB8FDCD29CA8BC300999AA5 /* ShopCard.swift */; };
		6AC50EF42B5951C1006A1DDD /* Sentry in Frameworks */ = {isa = PBXBuildFile; productRef = 6AC50EF32B5951C1006A1DDD /* Sentry */; };
		6AC50EF62B5951C1006A1DDD /* SentrySwiftUI in Frameworks */ = {isa = PBXBuildFile; productRef = 6AC50EF52B5951C1006A1DDD /* SentrySwiftUI */; };
		6AC50EFA2B595319006A1DDD /* KoinExtension.swift in Sources */ = {isa = PBXBuildFile; fileRef = 6AC50EF92B595319006A1DDD /* KoinExtension.swift */; };
		6AC50EFC2B595377006A1DDD /* InjectStateViewModel.swift in Sources */ = {isa = PBXBuildFile; fileRef = 6AC50EFB2B595377006A1DDD /* InjectStateViewModel.swift */; };
		6AC50EFF2B5953C8006A1DDD /* KMMViewModelCore in Frameworks */ = {isa = PBXBuildFile; productRef = 6AC50EFE2B5953C8006A1DDD /* KMMViewModelCore */; };
		6AC50F012B5953C8006A1DDD /* KMMViewModelSwiftUI in Frameworks */ = {isa = PBXBuildFile; productRef = 6AC50F002B5953C8006A1DDD /* KMMViewModelSwiftUI */; };
		6AC50F042B5953F1006A1DDD /* KMPNativeCoroutinesAsync in Frameworks */ = {isa = PBXBuildFile; productRef = 6AC50F032B5953F1006A1DDD /* KMPNativeCoroutinesAsync */; };
		6AD2B0D8298D8AD100099510 /* ScannerView.swift in Sources */ = {isa = PBXBuildFile; fileRef = 6AD2B0D7298D8AD100099510 /* ScannerView.swift */; };
		6AD2B0DB298D8AEB00099510 /* CodeScanner in Frameworks */ = {isa = PBXBuildFile; productRef = 6AD2B0DA298D8AEB00099510 /* CodeScanner */; };
		6AD2B0DD298D8DFF00099510 /* ScannerViewModel.swift in Sources */ = {isa = PBXBuildFile; fileRef = 6AD2B0DC298D8DFF00099510 /* ScannerViewModel.swift */; };
		6AD2B0DF298D966200099510 /* UserView.swift in Sources */ = {isa = PBXBuildFile; fileRef = 6AD2B0DE298D966200099510 /* UserView.swift */; };
		6AD2B0E1298D967700099510 /* UserViewModel.swift in Sources */ = {isa = PBXBuildFile; fileRef = 6AD2B0E0298D967700099510 /* UserViewModel.swift */; };
		6AD2B0E3298DA41700099510 /* DateExtension.swift in Sources */ = {isa = PBXBuildFile; fileRef = 6AD2B0E2298DA41700099510 /* DateExtension.swift */; };
		6ADB38EE2B5ABF1C00CFBAF9 /* TokenRepository.swift in Sources */ = {isa = PBXBuildFile; fileRef = 6ADB38ED2B5ABF1C00CFBAF9 /* TokenRepository.swift */; };
		6ADCFB5C2A57FE230036C410 /* ChatView.swift in Sources */ = {isa = PBXBuildFile; fileRef = 6ADCFB5B2A57FE230036C410 /* ChatView.swift */; };
		6ADCFB5E2A57FECA0036C410 /* ChatViewModel.swift in Sources */ = {isa = PBXBuildFile; fileRef = 6ADCFB5D2A57FECA0036C410 /* ChatViewModel.swift */; };
		6ADCFB622A5808A90036C410 /* ConversationView.swift in Sources */ = {isa = PBXBuildFile; fileRef = 6ADCFB612A5808A90036C410 /* ConversationView.swift */; };
		6ADCFB642A5809150036C410 /* ConversationViewModel.swift in Sources */ = {isa = PBXBuildFile; fileRef = 6ADCFB632A5809150036C410 /* ConversationViewModel.swift */; };
		6ADCFB662A5809310036C410 /* MessageView.swift in Sources */ = {isa = PBXBuildFile; fileRef = 6ADCFB652A5809310036C410 /* MessageView.swift */; };
		6ADCFB682A5865640036C410 /* ConversationSettingsView.swift in Sources */ = {isa = PBXBuildFile; fileRef = 6ADCFB672A5865640036C410 /* ConversationSettingsView.swift */; };
		6ADCFB6A2A5865770036C410 /* ConversationSettingsViewModel.swift in Sources */ = {isa = PBXBuildFile; fileRef = 6ADCFB692A5865770036C410 /* ConversationSettingsViewModel.swift */; };
		6ADCFB6C2A596D510036C410 /* WebSocketService.swift in Sources */ = {isa = PBXBuildFile; fileRef = 6ADCFB6B2A596D510036C410 /* WebSocketService.swift */; };
		6ADCFB6F2A59704F0036C410 /* Reachability in Frameworks */ = {isa = PBXBuildFile; productRef = 6ADCFB6E2A59704F0036C410 /* Reachability */; };
/* End PBXBuildFile section */

/* Begin PBXContainerItemProxy section */
		6AB013A829918F3C00C29106 /* PBXContainerItemProxy */ = {
			isa = PBXContainerItemProxy;
			containerPortal = 7555FF73242A565900829871 /* Project object */;
			proxyType = 1;
			remoteGlobalIDString = 6AB0139A29918F3B00C29106;
			remoteInfo = QRCodeWidgetExtension;
		};
/* End PBXContainerItemProxy section */

/* Begin PBXCopyFilesBuildPhase section */
		6AB013AE29918F3C00C29106 /* Embed Foundation Extensions */ = {
			isa = PBXCopyFilesBuildPhase;
			buildActionMask = 2147483647;
			dstPath = "";
			dstSubfolderSpec = 13;
			files = (
				6AB013AA29918F3C00C29106 /* QRCodeWidgetExtension.appex in Embed Foundation Extensions */,
			);
			name = "Embed Foundation Extensions";
			runOnlyForDeploymentPostprocessing = 0;
		};
		7555FFB4242A642300829871 /* Embed Frameworks */ = {
			isa = PBXCopyFilesBuildPhase;
			buildActionMask = 2147483647;
			dstPath = "";
			dstSubfolderSpec = 10;
			files = (
			);
			name = "Embed Frameworks";
			runOnlyForDeploymentPostprocessing = 0;
		};
/* End PBXCopyFilesBuildPhase section */

/* Begin PBXFileReference section */
		058557BA273AAA24004C7B11 /* Assets.xcassets */ = {isa = PBXFileReference; lastKnownFileType = folder.assetcatalog; path = Assets.xcassets; sourceTree = "<group>"; };
		058557D8273AAEEB004C7B11 /* Preview Assets.xcassets */ = {isa = PBXFileReference; lastKnownFileType = folder.assetcatalog; path = "Preview Assets.xcassets"; sourceTree = "<group>"; };
		2152FB032600AC8F00CF470E /* SuiteBDEApp.swift */ = {isa = PBXFileReference; lastKnownFileType = sourcecode.swift; path = SuiteBDEApp.swift; sourceTree = "<group>"; };
		6A0D1095299BD45700508DC8 /* SettingsView.swift */ = {isa = PBXFileReference; lastKnownFileType = sourcecode.swift; path = SettingsView.swift; sourceTree = "<group>"; };
		6A0D1097299BD46000508DC8 /* SettingsViewModel.swift */ = {isa = PBXFileReference; lastKnownFileType = sourcecode.swift; path = SettingsViewModel.swift; sourceTree = "<group>"; };
		6A0D109A299BEBB600508DC8 /* SendNotificationView.swift */ = {isa = PBXFileReference; lastKnownFileType = sourcecode.swift; path = SendNotificationView.swift; sourceTree = "<group>"; };
		6A0D109C299BEBCE00508DC8 /* SendNotificationViewModel.swift */ = {isa = PBXFileReference; lastKnownFileType = sourcecode.swift; path = SendNotificationViewModel.swift; sourceTree = "<group>"; };
		6A0DAFA62A547E090054C228 /* IntegrationTeamsView.swift */ = {isa = PBXFileReference; lastKnownFileType = sourcecode.swift; path = IntegrationTeamsView.swift; sourceTree = "<group>"; };
		6A0DAFA82A547E270054C228 /* IntegrationTeamsViewModel.swift */ = {isa = PBXFileReference; lastKnownFileType = sourcecode.swift; path = IntegrationTeamsViewModel.swift; sourceTree = "<group>"; };
		6A0DAFAA2A5480B50054C228 /* IntExtension.swift */ = {isa = PBXFileReference; lastKnownFileType = sourcecode.swift; path = IntExtension.swift; sourceTree = "<group>"; };
		6A0DAFAC2A5483D30054C228 /* IntegrationCreateView.swift */ = {isa = PBXFileReference; lastKnownFileType = sourcecode.swift; path = IntegrationCreateView.swift; sourceTree = "<group>"; };
		6A0DAFAE2A5484C50054C228 /* IntegrationCreateViewModel.swift */ = {isa = PBXFileReference; lastKnownFileType = sourcecode.swift; path = IntegrationCreateViewModel.swift; sourceTree = "<group>"; };
		6A0DAFB02A5495600054C228 /* IntegrationTeamView.swift */ = {isa = PBXFileReference; lastKnownFileType = sourcecode.swift; path = IntegrationTeamView.swift; sourceTree = "<group>"; };
		6A0DAFB22A54958A0054C228 /* IntegrationTeamViewModel.swift */ = {isa = PBXFileReference; lastKnownFileType = sourcecode.swift; path = IntegrationTeamViewModel.swift; sourceTree = "<group>"; };
		6A0DAFB42A54A4A40054C228 /* IntegrationExecutionView.swift */ = {isa = PBXFileReference; lastKnownFileType = sourcecode.swift; path = IntegrationExecutionView.swift; sourceTree = "<group>"; };
		6A0DAFB62A54A4BD0054C228 /* IntegrationExecutionViewModel.swift */ = {isa = PBXFileReference; lastKnownFileType = sourcecode.swift; path = IntegrationExecutionViewModel.swift; sourceTree = "<group>"; };
		6A0E981029E73BD600F52181 /* ShopItemPrice.swift */ = {isa = PBXFileReference; lastKnownFileType = sourcecode.swift; path = ShopItemPrice.swift; sourceTree = "<group>"; };
		6A0E981229E73C9200F52181 /* NSNumberExtension.swift */ = {isa = PBXFileReference; lastKnownFileType = sourcecode.swift; path = NSNumberExtension.swift; sourceTree = "<group>"; };
		6A0F3EEE2A3E7A8E00DC4DE6 /* NFCDelegate.swift */ = {isa = PBXFileReference; lastKnownFileType = sourcecode.swift; path = NFCDelegate.swift; sourceTree = "<group>"; };
		6A0F3EF02A3E7DBB00DC4DE6 /* TagExtension.swift */ = {isa = PBXFileReference; lastKnownFileType = sourcecode.swift; path = TagExtension.swift; sourceTree = "<group>"; };
		6A4EC7452A1661DB002A0E90 /* AlertCase.swift */ = {isa = PBXFileReference; lastKnownFileType = sourcecode.swift; path = AlertCase.swift; sourceTree = "<group>"; };
		6A50AC8F2999A4F7003A3F57 /* ClubsView.swift */ = {isa = PBXFileReference; lastKnownFileType = sourcecode.swift; path = ClubsView.swift; sourceTree = "<group>"; };
		6A50AC912999A7BB003A3F57 /* ClubsViewModel.swift */ = {isa = PBXFileReference; lastKnownFileType = sourcecode.swift; path = ClubsViewModel.swift; sourceTree = "<group>"; };
		6A608F1A29D165CC00A958E7 /* ShopItemView.swift */ = {isa = PBXFileReference; lastKnownFileType = sourcecode.swift; path = ShopItemView.swift; sourceTree = "<group>"; };
		6A608F1C29D165E300A958E7 /* ShopItemViewModel.swift */ = {isa = PBXFileReference; lastKnownFileType = sourcecode.swift; path = ShopItemViewModel.swift; sourceTree = "<group>"; };
		6A7214342A97809000C36256 /* ScanHistoryView.swift */ = {isa = PBXFileReference; lastKnownFileType = sourcecode.swift; path = ScanHistoryView.swift; sourceTree = "<group>"; };
		6A7214362A97809D00C36256 /* ScanHistoryViewModel.swift */ = {isa = PBXFileReference; lastKnownFileType = sourcecode.swift; path = ScanHistoryViewModel.swift; sourceTree = "<group>"; };
		6A753CFA299AE50C00E346AA /* ClubViewModel.swift */ = {isa = PBXFileReference; lastKnownFileType = sourcecode.swift; path = ClubViewModel.swift; sourceTree = "<group>"; };
		6A753CFC299AE51400E346AA /* ClubView.swift */ = {isa = PBXFileReference; lastKnownFileType = sourcecode.swift; path = ClubView.swift; sourceTree = "<group>"; };
		6A753CFE299AE78D00E346AA /* ClubCard.swift */ = {isa = PBXFileReference; lastKnownFileType = sourcecode.swift; path = ClubCard.swift; sourceTree = "<group>"; };
		6A80CCC829BB4F8E009D5F4A /* EventView.swift */ = {isa = PBXFileReference; lastKnownFileType = sourcecode.swift; path = EventView.swift; sourceTree = "<group>"; };
		6A80CCCA29BB4F9C009D5F4A /* EventViewModel.swift */ = {isa = PBXFileReference; lastKnownFileType = sourcecode.swift; path = EventViewModel.swift; sourceTree = "<group>"; };
		6A86667629B60832000540BF /* KotlinxDatetimeExtension.swift */ = {isa = PBXFileReference; lastKnownFileType = sourcecode.swift; path = KotlinxDatetimeExtension.swift; sourceTree = "<group>"; };
		6A86667829B61A2D000540BF /* ImagePicker.swift */ = {isa = PBXFileReference; lastKnownFileType = sourcecode.swift; path = ImagePicker.swift; sourceTree = "<group>"; };
		6A90EE512992FC5B0031B196 /* GoogleService-Info.plist */ = {isa = PBXFileReference; fileEncoding = 4; lastKnownFileType = text.plist.xml; path = "GoogleService-Info.plist"; sourceTree = "<group>"; };
		6A90EE5A2992FD470031B196 /* AnalyticsService.swift */ = {isa = PBXFileReference; lastKnownFileType = sourcecode.swift; path = AnalyticsService.swift; sourceTree = "<group>"; };
		6A9DD81629891354007F6E3C /* RootView.swift */ = {isa = PBXFileReference; lastKnownFileType = sourcecode.swift; path = RootView.swift; sourceTree = "<group>"; };
		6A9DD81929891409007F6E3C /* AccountView.swift */ = {isa = PBXFileReference; lastKnownFileType = sourcecode.swift; path = AccountView.swift; sourceTree = "<group>"; };
		6A9DD81C298914E6007F6E3C /* FeedView.swift */ = {isa = PBXFileReference; lastKnownFileType = sourcecode.swift; path = FeedView.swift; sourceTree = "<group>"; };
		6A9DD82129891601007F6E3C /* RootViewModel.swift */ = {isa = PBXFileReference; lastKnownFileType = sourcecode.swift; path = RootViewModel.swift; sourceTree = "<group>"; };
		6A9DD82329891869007F6E3C /* AccountViewModel.swift */ = {isa = PBXFileReference; lastKnownFileType = sourcecode.swift; path = AccountViewModel.swift; sourceTree = "<group>"; };
		6A9DD8272989194D007F6E3C /* SafariView.swift */ = {isa = PBXFileReference; lastKnownFileType = sourcecode.swift; path = SafariView.swift; sourceTree = "<group>"; };
		6A9DD829298919A4007F6E3C /* StringExtension.swift */ = {isa = PBXFileReference; lastKnownFileType = sourcecode.swift; path = StringExtension.swift; sourceTree = "<group>"; };
		6A9DD82B29891DA8007F6E3C /* FeedViewModel.swift */ = {isa = PBXFileReference; lastKnownFileType = sourcecode.swift; path = FeedViewModel.swift; sourceTree = "<group>"; };
		6A9DD8332989A85B007F6E3C /* StorageService.swift */ = {isa = PBXFileReference; lastKnownFileType = sourcecode.swift; path = StorageService.swift; sourceTree = "<group>"; };
		6A9DD8352989AB7D007F6E3C /* ViewExtension.swift */ = {isa = PBXFileReference; lastKnownFileType = sourcecode.swift; path = ViewExtension.swift; sourceTree = "<group>"; };
		6A9DD8372989ABC5007F6E3C /* FilledButtonStyle.swift */ = {isa = PBXFileReference; lastKnownFileType = sourcecode.swift; path = FilledButtonStyle.swift; sourceTree = "<group>"; };
		6AA746422A17D1D700BB1A4A /* CacheService.swift */ = {isa = PBXFileReference; lastKnownFileType = sourcecode.swift; path = CacheService.swift; sourceTree = "<group>"; };
		6AA746452A17D37A00BB1A4A /* CalendarView.swift */ = {isa = PBXFileReference; lastKnownFileType = sourcecode.swift; path = CalendarView.swift; sourceTree = "<group>"; };
		6AA746492A17DDC700BB1A4A /* CalendarViewModel.swift */ = {isa = PBXFileReference; lastKnownFileType = sourcecode.swift; path = CalendarViewModel.swift; sourceTree = "<group>"; };
		6AA7464B2A17DDED00BB1A4A /* CalendarEventView.swift */ = {isa = PBXFileReference; lastKnownFileType = sourcecode.swift; path = CalendarEventView.swift; sourceTree = "<group>"; };
		6AB013912991782600C29106 /* UsersView.swift */ = {isa = PBXFileReference; lastKnownFileType = sourcecode.swift; path = UsersView.swift; sourceTree = "<group>"; };
		6AB013932991782D00C29106 /* UsersViewModel.swift */ = {isa = PBXFileReference; lastKnownFileType = sourcecode.swift; path = UsersViewModel.swift; sourceTree = "<group>"; };
		6AB0139629918D0F00C29106 /* SuiteBDE.entitlements */ = {isa = PBXFileReference; lastKnownFileType = text.plist.entitlements; path = SuiteBDE.entitlements; sourceTree = "<group>"; };
		6AB0139B29918F3B00C29106 /* QRCodeWidgetExtension.appex */ = {isa = PBXFileReference; explicitFileType = "wrapper.app-extension"; includeInIndex = 0; path = QRCodeWidgetExtension.appex; sourceTree = BUILT_PRODUCTS_DIR; };
		6AB0139C29918F3B00C29106 /* WidgetKit.framework */ = {isa = PBXFileReference; lastKnownFileType = wrapper.framework; name = WidgetKit.framework; path = System/Library/Frameworks/WidgetKit.framework; sourceTree = SDKROOT; };
		6AB0139E29918F3B00C29106 /* SwiftUI.framework */ = {isa = PBXFileReference; lastKnownFileType = wrapper.framework; name = SwiftUI.framework; path = System/Library/Frameworks/SwiftUI.framework; sourceTree = SDKROOT; };
		6AB013A129918F3B00C29106 /* QRCodeWidgetBundle.swift */ = {isa = PBXFileReference; lastKnownFileType = sourcecode.swift; path = QRCodeWidgetBundle.swift; sourceTree = "<group>"; };
		6AB013A329918F3B00C29106 /* QRCodeWidget.swift */ = {isa = PBXFileReference; lastKnownFileType = sourcecode.swift; path = QRCodeWidget.swift; sourceTree = "<group>"; };
		6AB013A529918F3C00C29106 /* Assets.xcassets */ = {isa = PBXFileReference; lastKnownFileType = folder.assetcatalog; path = Assets.xcassets; sourceTree = "<group>"; };
		6AB013A729918F3C00C29106 /* Info.plist */ = {isa = PBXFileReference; lastKnownFileType = text.plist.xml; path = Info.plist; sourceTree = "<group>"; };
		6AB013B3299192B500C29106 /* QRCodeWidgetExtension.entitlements */ = {isa = PBXFileReference; lastKnownFileType = text.plist.entitlements; path = QRCodeWidgetExtension.entitlements; sourceTree = "<group>"; };
		6AB8FDCD29CA8BC300999AA5 /* ShopCard.swift */ = {isa = PBXFileReference; lastKnownFileType = sourcecode.swift; path = ShopCard.swift; sourceTree = "<group>"; };
		6AC50EF92B595319006A1DDD /* KoinExtension.swift */ = {isa = PBXFileReference; lastKnownFileType = sourcecode.swift; path = KoinExtension.swift; sourceTree = "<group>"; };
		6AC50EFB2B595377006A1DDD /* InjectStateViewModel.swift */ = {isa = PBXFileReference; lastKnownFileType = sourcecode.swift; path = InjectStateViewModel.swift; sourceTree = "<group>"; };
		6AC50F052B59706D006A1DDD /* ENSISA.entitlements */ = {isa = PBXFileReference; fileEncoding = 4; lastKnownFileType = text.plist.entitlements; path = ENSISA.entitlements; sourceTree = "<group>"; };
		6AC50F062B59707A006A1DDD /* QRCodeWidgetExtensionENSISA.entitlements */ = {isa = PBXFileReference; fileEncoding = 4; lastKnownFileType = text.plist.entitlements; path = QRCodeWidgetExtensionENSISA.entitlements; sourceTree = "<group>"; };
		6AD2B0D7298D8AD100099510 /* ScannerView.swift */ = {isa = PBXFileReference; lastKnownFileType = sourcecode.swift; path = ScannerView.swift; sourceTree = "<group>"; };
		6AD2B0DC298D8DFF00099510 /* ScannerViewModel.swift */ = {isa = PBXFileReference; lastKnownFileType = sourcecode.swift; path = ScannerViewModel.swift; sourceTree = "<group>"; };
		6AD2B0DE298D966200099510 /* UserView.swift */ = {isa = PBXFileReference; lastKnownFileType = sourcecode.swift; path = UserView.swift; sourceTree = "<group>"; };
		6AD2B0E0298D967700099510 /* UserViewModel.swift */ = {isa = PBXFileReference; lastKnownFileType = sourcecode.swift; path = UserViewModel.swift; sourceTree = "<group>"; };
		6AD2B0E2298DA41700099510 /* DateExtension.swift */ = {isa = PBXFileReference; lastKnownFileType = sourcecode.swift; path = DateExtension.swift; sourceTree = "<group>"; };
		6ADB38ED2B5ABF1C00CFBAF9 /* TokenRepository.swift */ = {isa = PBXFileReference; lastKnownFileType = sourcecode.swift; path = TokenRepository.swift; sourceTree = "<group>"; };
		6ADCFB5B2A57FE230036C410 /* ChatView.swift */ = {isa = PBXFileReference; lastKnownFileType = sourcecode.swift; path = ChatView.swift; sourceTree = "<group>"; };
		6ADCFB5D2A57FECA0036C410 /* ChatViewModel.swift */ = {isa = PBXFileReference; lastKnownFileType = sourcecode.swift; path = ChatViewModel.swift; sourceTree = "<group>"; };
		6ADCFB612A5808A90036C410 /* ConversationView.swift */ = {isa = PBXFileReference; lastKnownFileType = sourcecode.swift; path = ConversationView.swift; sourceTree = "<group>"; };
		6ADCFB632A5809150036C410 /* ConversationViewModel.swift */ = {isa = PBXFileReference; lastKnownFileType = sourcecode.swift; path = ConversationViewModel.swift; sourceTree = "<group>"; };
		6ADCFB652A5809310036C410 /* MessageView.swift */ = {isa = PBXFileReference; lastKnownFileType = sourcecode.swift; path = MessageView.swift; sourceTree = "<group>"; };
		6ADCFB672A5865640036C410 /* ConversationSettingsView.swift */ = {isa = PBXFileReference; lastKnownFileType = sourcecode.swift; path = ConversationSettingsView.swift; sourceTree = "<group>"; };
		6ADCFB692A5865770036C410 /* ConversationSettingsViewModel.swift */ = {isa = PBXFileReference; lastKnownFileType = sourcecode.swift; path = ConversationSettingsViewModel.swift; sourceTree = "<group>"; };
		6ADCFB6B2A596D510036C410 /* WebSocketService.swift */ = {isa = PBXFileReference; lastKnownFileType = sourcecode.swift; path = WebSocketService.swift; sourceTree = "<group>"; };
		7555FF7B242A565900829871 /* BDE.app */ = {isa = PBXFileReference; explicitFileType = wrapper.application; includeInIndex = 0; path = BDE.app; sourceTree = BUILT_PRODUCTS_DIR; };
		7555FF8C242A565B00829871 /* Info.plist */ = {isa = PBXFileReference; lastKnownFileType = text.plist.xml; path = Info.plist; sourceTree = "<group>"; };
/* End PBXFileReference section */

/* Begin PBXFrameworksBuildPhase section */
		6AB0139829918F3B00C29106 /* Frameworks */ = {
			isa = PBXFrameworksBuildPhase;
			buildActionMask = 2147483647;
			files = (
				6AB0139F29918F3B00C29106 /* SwiftUI.framework in Frameworks */,
				6AB013B229918FFF00C29106 /* Keychain in Frameworks */,
				6AB0139D29918F3B00C29106 /* WidgetKit.framework in Frameworks */,
			);
			runOnlyForDeploymentPostprocessing = 0;
		};
		7555FF78242A565900829871 /* Frameworks */ = {
			isa = PBXFrameworksBuildPhase;
			buildActionMask = 2147483647;
			files = (
				6A86667329B5FC8F000540BF /* MyAppsiOS in Frameworks */,
				6AC50EFF2B5953C8006A1DDD /* KMMViewModelCore in Frameworks */,
				6AC50EF62B5951C1006A1DDD /* SentrySwiftUI in Frameworks */,
				6AD2B0DB298D8AEB00099510 /* CodeScanner in Frameworks */,
				6AC50EF42B5951C1006A1DDD /* Sentry in Frameworks */,
				6AB065F72A261223007C49B1 /* Kingfisher in Frameworks */,
				6A90EE572992FCE10031B196 /* FirebaseCrashlytics in Frameworks */,
				6AC50F012B5953C8006A1DDD /* KMMViewModelSwiftUI in Frameworks */,
				6A90EE592992FCE10031B196 /* FirebaseMessaging in Frameworks */,
				6AC50F042B5953F1006A1DDD /* KMPNativeCoroutinesAsync in Frameworks */,
				6ADCFB6F2A59704F0036C410 /* Reachability in Frameworks */,
				6A9DD8312989A7F7007F6E3C /* Keychain in Frameworks */,
				6A90EE552992FCE10031B196 /* FirebaseAnalytics in Frameworks */,
			);
			runOnlyForDeploymentPostprocessing = 0;
		};
/* End PBXFrameworksBuildPhase section */

/* Begin PBXGroup section */
		058557D7273AAEEB004C7B11 /* Preview Content */ = {
			isa = PBXGroup;
			children = (
				058557D8273AAEEB004C7B11 /* Preview Assets.xcassets */,
			);
			path = "Preview Content";
			sourceTree = "<group>";
		};
		6A06948A29CA850000EBE2ED /* Shop */ = {
			isa = PBXGroup;
			children = (
				6AB8FDCD29CA8BC300999AA5 /* ShopCard.swift */,
				6A608F1A29D165CC00A958E7 /* ShopItemView.swift */,
				6A608F1C29D165E300A958E7 /* ShopItemViewModel.swift */,
				6A0E981029E73BD600F52181 /* ShopItemPrice.swift */,
			);
			path = Shop;
			sourceTree = "<group>";
		};
		6A0D1094299BD43D00508DC8 /* Settings */ = {
			isa = PBXGroup;
			children = (
				6A0D1095299BD45700508DC8 /* SettingsView.swift */,
				6A0D1097299BD46000508DC8 /* SettingsViewModel.swift */,
			);
			path = Settings;
			sourceTree = "<group>";
		};
		6A0D1099299BEB8D00508DC8 /* Notifications */ = {
			isa = PBXGroup;
			children = (
				6A0D109A299BEBB600508DC8 /* SendNotificationView.swift */,
				6A0D109C299BEBCE00508DC8 /* SendNotificationViewModel.swift */,
			);
			path = Notifications;
			sourceTree = "<group>";
		};
		6A0DAFA52A5474740054C228 /* Integration */ = {
			isa = PBXGroup;
			children = (
				6A0DAFA62A547E090054C228 /* IntegrationTeamsView.swift */,
				6A0DAFA82A547E270054C228 /* IntegrationTeamsViewModel.swift */,
				6A0DAFAC2A5483D30054C228 /* IntegrationCreateView.swift */,
				6A0DAFAE2A5484C50054C228 /* IntegrationCreateViewModel.swift */,
				6A0DAFB02A5495600054C228 /* IntegrationTeamView.swift */,
				6A0DAFB22A54958A0054C228 /* IntegrationTeamViewModel.swift */,
				6A0DAFB42A54A4A40054C228 /* IntegrationExecutionView.swift */,
				6A0DAFB62A54A4BD0054C228 /* IntegrationExecutionViewModel.swift */,
			);
			path = Integration;
			sourceTree = "<group>";
		};
		6A50AC8E2999A4BA003A3F57 /* Clubs */ = {
			isa = PBXGroup;
			children = (
				6A753CFE299AE78D00E346AA /* ClubCard.swift */,
				6A50AC8F2999A4F7003A3F57 /* ClubsView.swift */,
				6A50AC912999A7BB003A3F57 /* ClubsViewModel.swift */,
				6A753CFC299AE51400E346AA /* ClubView.swift */,
				6A753CFA299AE50C00E346AA /* ClubViewModel.swift */,
			);
			path = Clubs;
			sourceTree = "<group>";
		};
		6A80CCC729BB4F6F009D5F4A /* Events */ = {
			isa = PBXGroup;
			children = (
				6A80CCC829BB4F8E009D5F4A /* EventView.swift */,
				6A80CCCA29BB4F9C009D5F4A /* EventViewModel.swift */,
			);
			path = Events;
			sourceTree = "<group>";
		};
		6A9DD815298912FB007F6E3C /* Features */ = {
			isa = PBXGroup;
			children = (
				6A9DD818298913FC007F6E3C /* Account */,
				6AA746442A17D2A700BB1A4A /* Calendar */,
				6ADCFB5A2A57FE080036C410 /* Chat */,
				6A50AC8E2999A4BA003A3F57 /* Clubs */,
				6A80CCC729BB4F6F009D5F4A /* Events */,
				6A9DD81B298914D9007F6E3C /* Feed */,
				6A0DAFA52A5474740054C228 /* Integration */,
				6A0D1099299BEB8D00508DC8 /* Notifications */,
				6AD2B0D6298D8A1600099510 /* Scanner */,
				6A0D1094299BD43D00508DC8 /* Settings */,
				6A06948A29CA850000EBE2ED /* Shop */,
				6AD2B0D5298D89FC00099510 /* Users */,
				6A9DD81629891354007F6E3C /* RootView.swift */,
				6A9DD82129891601007F6E3C /* RootViewModel.swift */,
			);
			path = Features;
			sourceTree = "<group>";
		};
		6A9DD818298913FC007F6E3C /* Account */ = {
			isa = PBXGroup;
			children = (
				6A9DD81929891409007F6E3C /* AccountView.swift */,
				6A9DD82329891869007F6E3C /* AccountViewModel.swift */,
			);
			path = Account;
			sourceTree = "<group>";
		};
		6A9DD81B298914D9007F6E3C /* Feed */ = {
			isa = PBXGroup;
			children = (
				6A9DD81C298914E6007F6E3C /* FeedView.swift */,
				6A9DD82B29891DA8007F6E3C /* FeedViewModel.swift */,
			);
			path = Feed;
			sourceTree = "<group>";
		};
		6A9DD8252989189C007F6E3C /* Extensions */ = {
			isa = PBXGroup;
			children = (
				6AD2B0E2298DA41700099510 /* DateExtension.swift */,
				6A0DAFAA2A5480B50054C228 /* IntExtension.swift */,
				6A86667629B60832000540BF /* KotlinxDatetimeExtension.swift */,
				6A0E981229E73C9200F52181 /* NSNumberExtension.swift */,
				6A9DD829298919A4007F6E3C /* StringExtension.swift */,
				6A0F3EF02A3E7DBB00DC4DE6 /* TagExtension.swift */,
				6A9DD8352989AB7D007F6E3C /* ViewExtension.swift */,
			);
			path = Extensions;
			sourceTree = "<group>";
		};
		6A9DD8262989193C007F6E3C /* Views */ = {
			isa = PBXGroup;
			children = (
				6A9DD8272989194D007F6E3C /* SafariView.swift */,
				6A9DD8372989ABC5007F6E3C /* FilledButtonStyle.swift */,
				6A86667829B61A2D000540BF /* ImagePicker.swift */,
				6A4EC7452A1661DB002A0E90 /* AlertCase.swift */,
			);
			path = Views;
			sourceTree = "<group>";
		};
		6A9DD8322989A84C007F6E3C /* Services */ = {
			isa = PBXGroup;
			children = (
				6A90EE5A2992FD470031B196 /* AnalyticsService.swift */,
				6AA746422A17D1D700BB1A4A /* CacheService.swift */,
				6A0F3EEE2A3E7A8E00DC4DE6 /* NFCDelegate.swift */,
				6A9DD8332989A85B007F6E3C /* StorageService.swift */,
				6ADCFB6B2A596D510036C410 /* WebSocketService.swift */,
			);
			path = Services;
			sourceTree = "<group>";
		};
		6AA746442A17D2A700BB1A4A /* Calendar */ = {
			isa = PBXGroup;
			children = (
				6AA746452A17D37A00BB1A4A /* CalendarView.swift */,
				6AA746492A17DDC700BB1A4A /* CalendarViewModel.swift */,
				6AA7464B2A17DDED00BB1A4A /* CalendarEventView.swift */,
			);
			path = Calendar;
			sourceTree = "<group>";
		};
		6AB013A029918F3B00C29106 /* QRCodeWidget */ = {
			isa = PBXGroup;
			children = (
				6AB013A129918F3B00C29106 /* QRCodeWidgetBundle.swift */,
				6AB013A329918F3B00C29106 /* QRCodeWidget.swift */,
				6AB013A529918F3C00C29106 /* Assets.xcassets */,
				6AB013B3299192B500C29106 /* QRCodeWidgetExtension.entitlements */,
				6AC50F062B59707A006A1DDD /* QRCodeWidgetExtensionENSISA.entitlements */,
				6AB013A729918F3C00C29106 /* Info.plist */,
			);
			path = QRCodeWidget;
			sourceTree = "<group>";
		};
		6AC50EF82B595290006A1DDD /* DI */ = {
			isa = PBXGroup;
			children = (
				2152FB032600AC8F00CF470E /* SuiteBDEApp.swift */,
				6AC50EF92B595319006A1DDD /* KoinExtension.swift */,
				6AC50EFB2B595377006A1DDD /* InjectStateViewModel.swift */,
			);
			path = DI;
			sourceTree = "<group>";
		};
		6AD2B0D5298D89FC00099510 /* Users */ = {
			isa = PBXGroup;
			children = (
				6AB013912991782600C29106 /* UsersView.swift */,
				6AB013932991782D00C29106 /* UsersViewModel.swift */,
				6AD2B0DE298D966200099510 /* UserView.swift */,
				6AD2B0E0298D967700099510 /* UserViewModel.swift */,
			);
			path = Users;
			sourceTree = "<group>";
		};
		6AD2B0D6298D8A1600099510 /* Scanner */ = {
			isa = PBXGroup;
			children = (
				6AD2B0D7298D8AD100099510 /* ScannerView.swift */,
				6AD2B0DC298D8DFF00099510 /* ScannerViewModel.swift */,
				6A7214342A97809000C36256 /* ScanHistoryView.swift */,
				6A7214362A97809D00C36256 /* ScanHistoryViewModel.swift */,
			);
			path = Scanner;
			sourceTree = "<group>";
		};
		6ADB38EB2B5ABEFB00CFBAF9 /* Repositories */ = {
			isa = PBXGroup;
			children = (
				6ADB38EC2B5ABF0200CFBAF9 /* Application */,
			);
			path = Repositories;
			sourceTree = "<group>";
		};
		6ADB38EC2B5ABF0200CFBAF9 /* Application */ = {
			isa = PBXGroup;
			children = (
				6ADB38ED2B5ABF1C00CFBAF9 /* TokenRepository.swift */,
			);
			path = Application;
			sourceTree = "<group>";
		};
		6ADCFB5A2A57FE080036C410 /* Chat */ = {
			isa = PBXGroup;
			children = (
				6ADCFB5B2A57FE230036C410 /* ChatView.swift */,
				6ADCFB5D2A57FECA0036C410 /* ChatViewModel.swift */,
				6ADCFB612A5808A90036C410 /* ConversationView.swift */,
				6ADCFB632A5809150036C410 /* ConversationViewModel.swift */,
				6ADCFB652A5809310036C410 /* MessageView.swift */,
				6ADCFB672A5865640036C410 /* ConversationSettingsView.swift */,
				6ADCFB692A5865770036C410 /* ConversationSettingsViewModel.swift */,
			);
			path = Chat;
			sourceTree = "<group>";
		};
		7555FF72242A565900829871 = {
			isa = PBXGroup;
			children = (
				7555FF7D242A565900829871 /* iosApp */,
				6AB013A029918F3B00C29106 /* QRCodeWidget */,
				7555FF7C242A565900829871 /* Products */,
				7555FFB0242A642200829871 /* Frameworks */,
			);
			sourceTree = "<group>";
		};
		7555FF7C242A565900829871 /* Products */ = {
			isa = PBXGroup;
			children = (
				7555FF7B242A565900829871 /* BDE.app */,
				6AB0139B29918F3B00C29106 /* QRCodeWidgetExtension.appex */,
			);
			name = Products;
			sourceTree = "<group>";
		};
		7555FF7D242A565900829871 /* iosApp */ = {
			isa = PBXGroup;
			children = (
				6AC50EF82B595290006A1DDD /* DI */,
				6A9DD8252989189C007F6E3C /* Extensions */,
				6A9DD8322989A84C007F6E3C /* Services */,
				6A9DD815298912FB007F6E3C /* Features */,
				6ADB38EB2B5ABEFB00CFBAF9 /* Repositories */,
				6A9DD8262989193C007F6E3C /* Views */,
				058557BA273AAA24004C7B11 /* Assets.xcassets */,
				6AB0139629918D0F00C29106 /* SuiteBDE.entitlements */,
				6AC50F052B59706D006A1DDD /* ENSISA.entitlements */,
				7555FF8C242A565B00829871 /* Info.plist */,
				6A90EE512992FC5B0031B196 /* GoogleService-Info.plist */,
				058557D7273AAEEB004C7B11 /* Preview Content */,
			);
			path = iosApp;
			sourceTree = "<group>";
		};
		7555FFB0242A642200829871 /* Frameworks */ = {
			isa = PBXGroup;
			children = (
				6AB0139C29918F3B00C29106 /* WidgetKit.framework */,
				6AB0139E29918F3B00C29106 /* SwiftUI.framework */,
			);
			name = Frameworks;
			sourceTree = "<group>";
		};
/* End PBXGroup section */

/* Begin PBXNativeTarget section */
		6AB0139A29918F3B00C29106 /* QRCodeWidgetExtension */ = {
			isa = PBXNativeTarget;
			buildConfigurationList = 6AB013AB29918F3C00C29106 /* Build configuration list for PBXNativeTarget "QRCodeWidgetExtension" */;
			buildPhases = (
				6AB0139729918F3B00C29106 /* Sources */,
				6AB0139829918F3B00C29106 /* Frameworks */,
				6AB0139929918F3B00C29106 /* Resources */,
			);
			buildRules = (
			);
			dependencies = (
			);
			name = QRCodeWidgetExtension;
			packageProductDependencies = (
				6AB013B129918FFF00C29106 /* Keychain */,
			);
			productName = QRCodeWidgetExtension;
			productReference = 6AB0139B29918F3B00C29106 /* QRCodeWidgetExtension.appex */;
			productType = "com.apple.product-type.app-extension";
		};
		7555FF7A242A565900829871 /* BDE */ = {
			isa = PBXNativeTarget;
			buildConfigurationList = 7555FFA5242A565B00829871 /* Build configuration list for PBXNativeTarget "BDE" */;
			buildPhases = (
				7555FFB5242A651A00829871 /* ShellScript */,
				7555FF77242A565900829871 /* Sources */,
				7555FF78242A565900829871 /* Frameworks */,
				7555FF79242A565900829871 /* Resources */,
				7555FFB4242A642300829871 /* Embed Frameworks */,
				6AB013AE29918F3C00C29106 /* Embed Foundation Extensions */,
				6AC50EF72B595252006A1DDD /* Sentry */,
			);
			buildRules = (
			);
			dependencies = (
				6AB013A929918F3C00C29106 /* PBXTargetDependency */,
			);
			name = BDE;
			packageProductDependencies = (
				6A9DD8302989A7F7007F6E3C /* Keychain */,
				6AD2B0DA298D8AEB00099510 /* CodeScanner */,
				6A90EE542992FCE10031B196 /* FirebaseAnalytics */,
				6A90EE562992FCE10031B196 /* FirebaseCrashlytics */,
				6A90EE582992FCE10031B196 /* FirebaseMessaging */,
				6A86667229B5FC8F000540BF /* MyAppsiOS */,
				6AB065F62A261223007C49B1 /* Kingfisher */,
				6ADCFB6E2A59704F0036C410 /* Reachability */,
				6AC50EF32B5951C1006A1DDD /* Sentry */,
				6AC50EF52B5951C1006A1DDD /* SentrySwiftUI */,
				6AC50EFE2B5953C8006A1DDD /* KMMViewModelCore */,
				6AC50F002B5953C8006A1DDD /* KMMViewModelSwiftUI */,
				6AC50F032B5953F1006A1DDD /* KMPNativeCoroutinesAsync */,
			);
			productName = iosApp;
			productReference = 7555FF7B242A565900829871 /* BDE.app */;
			productType = "com.apple.product-type.application";
		};
/* End PBXNativeTarget section */

/* Begin PBXProject section */
		7555FF73242A565900829871 /* Project object */ = {
			isa = PBXProject;
			attributes = {
				BuildIndependentTargetsInParallel = YES;
				LastSwiftUpdateCheck = 1420;
				LastUpgradeCheck = 1430;
				ORGANIZATIONNAME = orgName;
				TargetAttributes = {
					6AB0139A29918F3B00C29106 = {
						CreatedOnToolsVersion = 14.2;
					};
					7555FF7A242A565900829871 = {
						CreatedOnToolsVersion = 11.3.1;
					};
				};
			};
			buildConfigurationList = 7555FF76242A565900829871 /* Build configuration list for PBXProject "iosApp" */;
			compatibilityVersion = "Xcode 9.3";
			developmentRegion = en;
			hasScannedForEncodings = 0;
			knownRegions = (
				en,
				Base,
			);
			mainGroup = 7555FF72242A565900829871;
			packageReferences = (
				6A9DD82F2989A7F7007F6E3C /* XCRemoteSwiftPackageReference "Keychain" */,
				6AD2B0D9298D8AEB00099510 /* XCRemoteSwiftPackageReference "CodeScanner" */,
				6A90EE532992FCE10031B196 /* XCRemoteSwiftPackageReference "firebase-ios-sdk" */,
				6A86667129B5FC8F000540BF /* XCRemoteSwiftPackageReference "MyApps" */,
				6AB065F52A261223007C49B1 /* XCRemoteSwiftPackageReference "Kingfisher" */,
				6ADCFB6D2A59704F0036C410 /* XCRemoteSwiftPackageReference "Reachability" */,
				6AC50EF22B5951C1006A1DDD /* XCRemoteSwiftPackageReference "sentry-cocoa" */,
				6AC50EFD2B5953C8006A1DDD /* XCRemoteSwiftPackageReference "KMM-ViewModel" */,
				6AC50F022B5953F1006A1DDD /* XCRemoteSwiftPackageReference "KMP-NativeCoroutines" */,
			);
			productRefGroup = 7555FF7C242A565900829871 /* Products */;
			projectDirPath = "";
			projectRoot = "";
			targets = (
				7555FF7A242A565900829871 /* BDE */,
				6AB0139A29918F3B00C29106 /* QRCodeWidgetExtension */,
			);
		};
/* End PBXProject section */

/* Begin PBXResourcesBuildPhase section */
		6AB0139929918F3B00C29106 /* Resources */ = {
			isa = PBXResourcesBuildPhase;
			buildActionMask = 2147483647;
			files = (
				6AB013A629918F3C00C29106 /* Assets.xcassets in Resources */,
			);
			runOnlyForDeploymentPostprocessing = 0;
		};
		7555FF79242A565900829871 /* Resources */ = {
			isa = PBXResourcesBuildPhase;
			buildActionMask = 2147483647;
			files = (
				058557D9273AAEEB004C7B11 /* Preview Assets.xcassets in Resources */,
				058557BB273AAA24004C7B11 /* Assets.xcassets in Resources */,
				6A90EE522992FC5B0031B196 /* GoogleService-Info.plist in Resources */,
			);
			runOnlyForDeploymentPostprocessing = 0;
		};
/* End PBXResourcesBuildPhase section */

/* Begin PBXShellScriptBuildPhase section */
		6AC50EF72B595252006A1DDD /* Sentry */ = {
			isa = PBXShellScriptBuildPhase;
			buildActionMask = 2147483647;
			files = (
			);
			inputFileListPaths = (
			);
			inputPaths = (
			);
			name = Sentry;
			outputFileListPaths = (
			);
			outputPaths = (
			);
			runOnlyForDeploymentPostprocessing = 0;
			shellPath = /bin/sh;
			shellScript = "eval \"$(/opt/homebrew/bin/brew shellenv)\"\nif which sentry-cli >/dev/null; then\nexport SENTRY_ORG=nathanfallet\nexport SENTRY_PROJECT=suitebde\nexport SENTRY_AUTH_TOKEN=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\nERROR=$(sentry-cli debug-files upload --include-sources \"$DWARF_DSYM_FOLDER_PATH\" --force-foreground 2>&1 >/dev/null)\nif [ ! $? -eq 0 ]; then\necho \"error: sentry-cli - $ERROR\"\nfi\nelse\necho \"error: sentry-cli not installed, download from https://github.com/getsentry/sentry-cli/releases\"\nfi\n";
		};
		7555FFB5242A651A00829871 /* ShellScript */ = {
			isa = PBXShellScriptBuildPhase;
			buildActionMask = 2147483647;
			files = (
			);
			inputFileListPaths = (
			);
			inputPaths = (
			);
			outputFileListPaths = (
			);
			outputPaths = (
			);
			runOnlyForDeploymentPostprocessing = 0;
			shellPath = /bin/sh;
			shellScript = "cd \"$SRCROOT/..\"\n./gradlew :shared:embedAndSignAppleFrameworkForXcode\n";
		};
/* End PBXShellScriptBuildPhase section */

/* Begin PBXSourcesBuildPhase section */
		6AB0139729918F3B00C29106 /* Sources */ = {
			isa = PBXSourcesBuildPhase;
			buildActionMask = 2147483647;
			files = (
				6AB013B029918FA800C29106 /* StringExtension.swift in Sources */,
				6AB013A229918F3B00C29106 /* QRCodeWidgetBundle.swift in Sources */,
				6AB013AF29918F9F00C29106 /* StorageService.swift in Sources */,
				6AB013A429918F3B00C29106 /* QRCodeWidget.swift in Sources */,
			);
			runOnlyForDeploymentPostprocessing = 0;
		};
		7555FF77242A565900829871 /* Sources */ = {
			isa = PBXSourcesBuildPhase;
			buildActionMask = 2147483647;
			files = (
				6A753CFB299AE50C00E346AA /* ClubViewModel.swift in Sources */,
				6A0D109B299BEBB600508DC8 /* SendNotificationView.swift in Sources */,
				6A50AC922999A7BB003A3F57 /* ClubsViewModel.swift in Sources */,
				6A0DAFAB2A5480B50054C228 /* IntExtension.swift in Sources */,
				6A80CCCB29BB4F9C009D5F4A /* EventViewModel.swift in Sources */,
				6A0DAFB12A5495600054C228 /* IntegrationTeamView.swift in Sources */,
				6A86667929B61A2D000540BF /* ImagePicker.swift in Sources */,
				6A9DD82C29891DA8007F6E3C /* FeedViewModel.swift in Sources */,
				6A0F3EEF2A3E7A8E00DC4DE6 /* NFCDelegate.swift in Sources */,
				6AA746462A17D37A00BB1A4A /* CalendarView.swift in Sources */,
				6A0DAFAD2A5483D30054C228 /* IntegrationCreateView.swift in Sources */,
				6AD2B0E3298DA41700099510 /* DateExtension.swift in Sources */,
				6A90EE5B2992FD470031B196 /* AnalyticsService.swift in Sources */,
				6A608F1B29D165CC00A958E7 /* ShopItemView.swift in Sources */,
				6A9DD8382989ABC5007F6E3C /* FilledButtonStyle.swift in Sources */,
				6ADCFB6C2A596D510036C410 /* WebSocketService.swift in Sources */,
				6A608F1D29D165E300A958E7 /* ShopItemViewModel.swift in Sources */,
				6A0DAFA72A547E090054C228 /* IntegrationTeamsView.swift in Sources */,
				6A9DD8342989A85B007F6E3C /* StorageService.swift in Sources */,
				6A0F3EF12A3E7DBB00DC4DE6 /* TagExtension.swift in Sources */,
				6AD2B0DF298D966200099510 /* UserView.swift in Sources */,
				6AA7464C2A17DDED00BB1A4A /* CalendarEventView.swift in Sources */,
				6A0DAFB32A54958A0054C228 /* IntegrationTeamViewModel.swift in Sources */,
				6AD2B0D8298D8AD100099510 /* ScannerView.swift in Sources */,
				6ADCFB622A5808A90036C410 /* ConversationView.swift in Sources */,
				6ADCFB682A5865640036C410 /* ConversationSettingsView.swift in Sources */,
				6A7214352A97809000C36256 /* ScanHistoryView.swift in Sources */,
				6A9DD81D298914E6007F6E3C /* FeedView.swift in Sources */,
				6A753CFF299AE78D00E346AA /* ClubCard.swift in Sources */,
				6A0DAFB72A54A4BD0054C228 /* IntegrationExecutionViewModel.swift in Sources */,
				6A9DD82429891869007F6E3C /* AccountViewModel.swift in Sources */,
				6AB013922991782600C29106 /* UsersView.swift in Sources */,
				6ADCFB662A5809310036C410 /* MessageView.swift in Sources */,
				6ADCFB642A5809150036C410 /* ConversationViewModel.swift in Sources */,
				6A50AC902999A4F7003A3F57 /* ClubsView.swift in Sources */,
				6A0D1096299BD45700508DC8 /* SettingsView.swift in Sources */,
				6A753CFD299AE51400E346AA /* ClubView.swift in Sources */,
				6A0D109D299BEBCE00508DC8 /* SendNotificationViewModel.swift in Sources */,
				6A0DAFA92A547E270054C228 /* IntegrationTeamsViewModel.swift in Sources */,
				6A0D1098299BD46000508DC8 /* SettingsViewModel.swift in Sources */,
				6A4EC7462A1661DB002A0E90 /* AlertCase.swift in Sources */,
				6A9DD81A29891409007F6E3C /* AccountView.swift in Sources */,
				6AA7464A2A17DDC700BB1A4A /* CalendarViewModel.swift in Sources */,
				6ADCFB5C2A57FE230036C410 /* ChatView.swift in Sources */,
				6AC50EFA2B595319006A1DDD /* KoinExtension.swift in Sources */,
				6AB013942991782D00C29106 /* UsersViewModel.swift in Sources */,
				6A0E981129E73BD600F52181 /* ShopItemPrice.swift in Sources */,
				6A0DAFAF2A5484C50054C228 /* IntegrationCreateViewModel.swift in Sources */,
				6A9DD8282989194D007F6E3C /* SafariView.swift in Sources */,
				6AC50EFC2B595377006A1DDD /* InjectStateViewModel.swift in Sources */,
				6ADCFB6A2A5865770036C410 /* ConversationSettingsViewModel.swift in Sources */,
				6A9DD82A298919A4007F6E3C /* StringExtension.swift in Sources */,
				6AB8FDCE29CA8BC300999AA5 /* ShopCard.swift in Sources */,
				6A80CCC929BB4F8E009D5F4A /* EventView.swift in Sources */,
				6A9DD81729891354007F6E3C /* RootView.swift in Sources */,
				6AD2B0E1298D967700099510 /* UserViewModel.swift in Sources */,
				6A9DD82229891601007F6E3C /* RootViewModel.swift in Sources */,
				6A0E981329E73C9200F52181 /* NSNumberExtension.swift in Sources */,
				6A7214372A97809D00C36256 /* ScanHistoryViewModel.swift in Sources */,
				6ADB38EE2B5ABF1C00CFBAF9 /* TokenRepository.swift in Sources */,
				6A0DAFB52A54A4A40054C228 /* IntegrationExecutionView.swift in Sources */,
				6ADCFB5E2A57FECA0036C410 /* ChatViewModel.swift in Sources */,
				6AA746432A17D1D700BB1A4A /* CacheService.swift in Sources */,
				6AD2B0DD298D8DFF00099510 /* ScannerViewModel.swift in Sources */,
				2152FB042600AC8F00CF470E /* SuiteBDEApp.swift in Sources */,
				6A9DD8362989AB7D007F6E3C /* ViewExtension.swift in Sources */,
				6A86667729B60832000540BF /* KotlinxDatetimeExtension.swift in Sources */,
			);
			runOnlyForDeploymentPostprocessing = 0;
		};
/* End PBXSourcesBuildPhase section */

/* Begin PBXTargetDependency section */
		6AB013A929918F3C00C29106 /* PBXTargetDependency */ = {
			isa = PBXTargetDependency;
			target = 6AB0139A29918F3B00C29106 /* QRCodeWidgetExtension */;
			targetProxy = 6AB013A829918F3C00C29106 /* PBXContainerItemProxy */;
		};
/* End PBXTargetDependency section */

/* Begin XCBuildConfiguration section */
		6A129BD32B57DB4900B93255 /* Dev Debug */ = {
			isa = XCBuildConfiguration;
			buildSettings = {
				ALWAYS_SEARCH_USER_PATHS = NO;
				CLANG_ANALYZER_NONNULL = YES;
				CLANG_ANALYZER_NUMBER_OBJECT_CONVERSION = YES_AGGRESSIVE;
				CLANG_CXX_LANGUAGE_STANDARD = "gnu++14";
				CLANG_CXX_LIBRARY = "libc++";
				CLANG_ENABLE_MODULES = YES;
				CLANG_ENABLE_OBJC_ARC = YES;
				CLANG_ENABLE_OBJC_WEAK = YES;
				CLANG_WARN_BLOCK_CAPTURE_AUTORELEASING = YES;
				CLANG_WARN_BOOL_CONVERSION = YES;
				CLANG_WARN_COMMA = YES;
				CLANG_WARN_CONSTANT_CONVERSION = YES;
				CLANG_WARN_DEPRECATED_OBJC_IMPLEMENTATIONS = YES;
				CLANG_WARN_DIRECT_OBJC_ISA_USAGE = YES_ERROR;
				CLANG_WARN_DOCUMENTATION_COMMENTS = YES;
				CLANG_WARN_EMPTY_BODY = YES;
				CLANG_WARN_ENUM_CONVERSION = YES;
				CLANG_WARN_INFINITE_RECURSION = YES;
				CLANG_WARN_INT_CONVERSION = YES;
				CLANG_WARN_NON_LITERAL_NULL_CONVERSION = YES;
				CLANG_WARN_OBJC_IMPLICIT_RETAIN_SELF = YES;
				CLANG_WARN_OBJC_LITERAL_CONVERSION = YES;
				CLANG_WARN_OBJC_ROOT_CLASS = YES_ERROR;
				CLANG_WARN_QUOTED_INCLUDE_IN_FRAMEWORK_HEADER = YES;
				CLANG_WARN_RANGE_LOOP_ANALYSIS = YES;
				CLANG_WARN_STRICT_PROTOTYPES = YES;
				CLANG_WARN_SUSPICIOUS_MOVE = YES;
				CLANG_WARN_UNGUARDED_AVAILABILITY = YES_AGGRESSIVE;
				CLANG_WARN_UNREACHABLE_CODE = YES;
				CLANG_WARN__DUPLICATE_METHOD_MATCH = YES;
				COPY_PHASE_STRIP = NO;
				DEBUG_INFORMATION_FORMAT = "dwarf-with-dsym";
				ENABLE_STRICT_OBJC_MSGSEND = YES;
				ENABLE_TESTABILITY = YES;
				GCC_C_LANGUAGE_STANDARD = gnu11;
				GCC_DYNAMIC_NO_PIC = NO;
				GCC_NO_COMMON_BLOCKS = YES;
				GCC_OPTIMIZATION_LEVEL = 0;
				GCC_PREPROCESSOR_DEFINITIONS = (
					"DEBUG=1",
					"$(inherited)",
				);
				GCC_WARN_64_TO_32_BIT_CONVERSION = YES;
				GCC_WARN_ABOUT_RETURN_TYPE = YES_ERROR;
				GCC_WARN_UNDECLARED_SELECTOR = YES;
				GCC_WARN_UNINITIALIZED_AUTOS = YES_AGGRESSIVE;
				GCC_WARN_UNUSED_FUNCTION = YES;
				GCC_WARN_UNUSED_VARIABLE = YES;
				IPHONEOS_DEPLOYMENT_TARGET = 14.1;
				KOTLIN_FRAMEWORK_BUILD_TYPE = "";
				MTL_ENABLE_DEBUG_INFO = INCLUDE_SOURCE;
				MTL_FAST_MATH = YES;
				ONLY_ACTIVE_ARCH = YES;
				SDKROOT = iphoneos;
				SWIFT_ACTIVE_COMPILATION_CONDITIONS = DEBUG;
				SWIFT_OPTIMIZATION_LEVEL = "-Onone";
			};
			name = "Dev Debug";
		};
		6A129BD42B57DB4900B93255 /* Dev Debug */ = {
			isa = XCBuildConfiguration;
			buildSettings = {
				ALWAYS_EMBED_SWIFT_STANDARD_LIBRARIES = YES;
				ASSETCATALOG_COMPILER_APPICON_NAME = AppIcon;
				ASSETCATALOG_COMPILER_GLOBAL_ACCENT_COLOR_NAME = AccentColor;
				CODE_SIGN_ENTITLEMENTS = iosApp/SuiteBDE.entitlements;
				CODE_SIGN_STYLE = Automatic;
				CURRENT_PROJECT_VERSION = 33;
				DEVELOPMENT_ASSET_PATHS = "\"iosApp/Preview Content\"";
				DEVELOPMENT_TEAM = Z8T3MHFW48;
				ENABLE_PREVIEWS = YES;
				FRAMEWORK_SEARCH_PATHS = "$(SRCROOT)/../shared/build/xcode-frameworks/$(CONFIGURATION)/$(SDK_NAME)";
				INFOPLIST_FILE = iosApp/Info.plist;
				INFOPLIST_KEY_CFBundleDisplayName = BDE;
				INFOPLIST_KEY_LSApplicationCategoryType = "public.app-category.education";
				IPHONEOS_DEPLOYMENT_TARGET = 15.0;
				KOTLIN_FRAMEWORK_BUILD_TYPE = Debug;
				LD_RUNPATH_SEARCH_PATHS = (
					"$(inherited)",
					"@executable_path/Frameworks",
				);
				MARKETING_VERSION = 1.7.0;
				OTHER_LDFLAGS = (
					"$(inherited)",
					"-framework",
					shared,
				);
				PRODUCT_BUNDLE_IDENTIFIER = me.nathanfallet.suitebde.dev;
				PRODUCT_NAME = "$(TARGET_NAME)";
				SWIFT_VERSION = 5.0;
				TARGETED_DEVICE_FAMILY = "1,2";
			};
			name = "Dev Debug";
		};
		6A129BD52B57DB4900B93255 /* Dev Debug */ = {
			isa = XCBuildConfiguration;
			buildSettings = {
				ASSETCATALOG_COMPILER_GLOBAL_ACCENT_COLOR_NAME = AccentColor;
				ASSETCATALOG_COMPILER_WIDGET_BACKGROUND_COLOR_NAME = WidgetBackground;
				CLANG_CXX_LANGUAGE_STANDARD = "gnu++20";
				CODE_SIGN_ENTITLEMENTS = QRCodeWidget/QRCodeWidgetExtension.entitlements;
				CODE_SIGN_STYLE = Automatic;
				CURRENT_PROJECT_VERSION = 30;
				DEBUG_INFORMATION_FORMAT = dwarf;
				DEVELOPMENT_TEAM = Z8T3MHFW48;
				GENERATE_INFOPLIST_FILE = YES;
				INFOPLIST_FILE = QRCodeWidget/Info.plist;
				INFOPLIST_KEY_CFBundleDisplayName = QRCodeWidget;
				INFOPLIST_KEY_NSHumanReadableCopyright = "Copyright © 2023 orgName. All rights reserved.";
				IPHONEOS_DEPLOYMENT_TARGET = 15.0;
				LD_RUNPATH_SEARCH_PATHS = (
					"$(inherited)",
					"@executable_path/Frameworks",
					"@executable_path/../../Frameworks",
				);
				MARKETING_VERSION = 1.6.5;
				PRODUCT_BUNDLE_IDENTIFIER = me.nathanfallet.suitebde.dev.QRCodeWidget;
				PRODUCT_NAME = "$(TARGET_NAME)";
				SKIP_INSTALL = YES;
				SWIFT_EMIT_LOC_STRINGS = YES;
				SWIFT_VERSION = 5.0;
				TARGETED_DEVICE_FAMILY = "1,2";
			};
			name = "Dev Debug";
		};
		6A129BD62B57DB5100B93255 /* Dev Release */ = {
			isa = XCBuildConfiguration;
			buildSettings = {
				ALWAYS_SEARCH_USER_PATHS = NO;
				CLANG_ANALYZER_NONNULL = YES;
				CLANG_ANALYZER_NUMBER_OBJECT_CONVERSION = YES_AGGRESSIVE;
				CLANG_CXX_LANGUAGE_STANDARD = "gnu++14";
				CLANG_CXX_LIBRARY = "libc++";
				CLANG_ENABLE_MODULES = YES;
				CLANG_ENABLE_OBJC_ARC = YES;
				CLANG_ENABLE_OBJC_WEAK = YES;
				CLANG_WARN_BLOCK_CAPTURE_AUTORELEASING = YES;
				CLANG_WARN_BOOL_CONVERSION = YES;
				CLANG_WARN_COMMA = YES;
				CLANG_WARN_CONSTANT_CONVERSION = YES;
				CLANG_WARN_DEPRECATED_OBJC_IMPLEMENTATIONS = YES;
				CLANG_WARN_DIRECT_OBJC_ISA_USAGE = YES_ERROR;
				CLANG_WARN_DOCUMENTATION_COMMENTS = YES;
				CLANG_WARN_EMPTY_BODY = YES;
				CLANG_WARN_ENUM_CONVERSION = YES;
				CLANG_WARN_INFINITE_RECURSION = YES;
				CLANG_WARN_INT_CONVERSION = YES;
				CLANG_WARN_NON_LITERAL_NULL_CONVERSION = YES;
				CLANG_WARN_OBJC_IMPLICIT_RETAIN_SELF = YES;
				CLANG_WARN_OBJC_LITERAL_CONVERSION = YES;
				CLANG_WARN_OBJC_ROOT_CLASS = YES_ERROR;
				CLANG_WARN_QUOTED_INCLUDE_IN_FRAMEWORK_HEADER = YES;
				CLANG_WARN_RANGE_LOOP_ANALYSIS = YES;
				CLANG_WARN_STRICT_PROTOTYPES = YES;
				CLANG_WARN_SUSPICIOUS_MOVE = YES;
				CLANG_WARN_UNGUARDED_AVAILABILITY = YES_AGGRESSIVE;
				CLANG_WARN_UNREACHABLE_CODE = YES;
				CLANG_WARN__DUPLICATE_METHOD_MATCH = YES;
				COPY_PHASE_STRIP = NO;
				DEBUG_INFORMATION_FORMAT = "dwarf-with-dsym";
				ENABLE_NS_ASSERTIONS = NO;
				ENABLE_STRICT_OBJC_MSGSEND = YES;
				GCC_C_LANGUAGE_STANDARD = gnu11;
				GCC_NO_COMMON_BLOCKS = YES;
				GCC_WARN_64_TO_32_BIT_CONVERSION = YES;
				GCC_WARN_ABOUT_RETURN_TYPE = YES_ERROR;
				GCC_WARN_UNDECLARED_SELECTOR = YES;
				GCC_WARN_UNINITIALIZED_AUTOS = YES_AGGRESSIVE;
				GCC_WARN_UNUSED_FUNCTION = YES;
				GCC_WARN_UNUSED_VARIABLE = YES;
				IPHONEOS_DEPLOYMENT_TARGET = 14.1;
				KOTLIN_FRAMEWORK_BUILD_TYPE = "";
				MTL_ENABLE_DEBUG_INFO = NO;
				MTL_FAST_MATH = YES;
				SDKROOT = iphoneos;
				SWIFT_COMPILATION_MODE = wholemodule;
				SWIFT_OPTIMIZATION_LEVEL = "-O";
				VALIDATE_PRODUCT = YES;
			};
			name = "Dev Release";
		};
		6A129BD72B57DB5100B93255 /* Dev Release */ = {
			isa = XCBuildConfiguration;
			buildSettings = {
				ALWAYS_EMBED_SWIFT_STANDARD_LIBRARIES = YES;
				ASSETCATALOG_COMPILER_APPICON_NAME = AppIcon;
				ASSETCATALOG_COMPILER_GLOBAL_ACCENT_COLOR_NAME = AccentColor;
				CODE_SIGN_ENTITLEMENTS = iosApp/SuiteBDE.entitlements;
				CODE_SIGN_STYLE = Automatic;
				CURRENT_PROJECT_VERSION = 33;
				DEVELOPMENT_ASSET_PATHS = "\"iosApp/Preview Content\"";
				DEVELOPMENT_TEAM = Z8T3MHFW48;
				ENABLE_PREVIEWS = YES;
				FRAMEWORK_SEARCH_PATHS = "$(SRCROOT)/../shared/build/xcode-frameworks/$(CONFIGURATION)/$(SDK_NAME)";
				INFOPLIST_FILE = iosApp/Info.plist;
				INFOPLIST_KEY_CFBundleDisplayName = BDE;
				INFOPLIST_KEY_LSApplicationCategoryType = "public.app-category.education";
				IPHONEOS_DEPLOYMENT_TARGET = 15.0;
				KOTLIN_FRAMEWORK_BUILD_TYPE = Release;
				LD_RUNPATH_SEARCH_PATHS = (
					"$(inherited)",
					"@executable_path/Frameworks",
				);
				MARKETING_VERSION = 1.7.0;
				OTHER_LDFLAGS = (
					"$(inherited)",
					"-framework",
					shared,
				);
				PRODUCT_BUNDLE_IDENTIFIER = me.nathanfallet.suitebde.dev;
				PRODUCT_NAME = "$(TARGET_NAME)";
				SWIFT_VERSION = 5.0;
				TARGETED_DEVICE_FAMILY = "1,2";
			};
			name = "Dev Release";
		};
		6A129BD82B57DB5100B93255 /* Dev Release */ = {
			isa = XCBuildConfiguration;
			buildSettings = {
				ASSETCATALOG_COMPILER_GLOBAL_ACCENT_COLOR_NAME = AccentColor;
				ASSETCATALOG_COMPILER_WIDGET_BACKGROUND_COLOR_NAME = WidgetBackground;
				CLANG_CXX_LANGUAGE_STANDARD = "gnu++20";
				CODE_SIGN_ENTITLEMENTS = QRCodeWidget/QRCodeWidgetExtension.entitlements;
				CODE_SIGN_STYLE = Automatic;
				CURRENT_PROJECT_VERSION = 30;
				DEVELOPMENT_TEAM = Z8T3MHFW48;
				GENERATE_INFOPLIST_FILE = YES;
				INFOPLIST_FILE = QRCodeWidget/Info.plist;
				INFOPLIST_KEY_CFBundleDisplayName = QRCodeWidget;
				INFOPLIST_KEY_NSHumanReadableCopyright = "Copyright © 2023 orgName. All rights reserved.";
				IPHONEOS_DEPLOYMENT_TARGET = 15.0;
				LD_RUNPATH_SEARCH_PATHS = (
					"$(inherited)",
					"@executable_path/Frameworks",
					"@executable_path/../../Frameworks",
				);
				MARKETING_VERSION = 1.6.5;
				PRODUCT_BUNDLE_IDENTIFIER = me.nathanfallet.suitebde.dev.QRCodeWidget;
				PRODUCT_NAME = "$(TARGET_NAME)";
				SKIP_INSTALL = YES;
				SWIFT_EMIT_LOC_STRINGS = YES;
				SWIFT_VERSION = 5.0;
				TARGETED_DEVICE_FAMILY = "1,2";
			};
			name = "Dev Release";
		};
		6A129BD92B57DB5A00B93255 /* ENSISA Debug */ = {
			isa = XCBuildConfiguration;
			buildSettings = {
				ALWAYS_SEARCH_USER_PATHS = NO;
				CLANG_ANALYZER_NONNULL = YES;
				CLANG_ANALYZER_NUMBER_OBJECT_CONVERSION = YES_AGGRESSIVE;
				CLANG_CXX_LANGUAGE_STANDARD = "gnu++14";
				CLANG_CXX_LIBRARY = "libc++";
				CLANG_ENABLE_MODULES = YES;
				CLANG_ENABLE_OBJC_ARC = YES;
				CLANG_ENABLE_OBJC_WEAK = YES;
				CLANG_WARN_BLOCK_CAPTURE_AUTORELEASING = YES;
				CLANG_WARN_BOOL_CONVERSION = YES;
				CLANG_WARN_COMMA = YES;
				CLANG_WARN_CONSTANT_CONVERSION = YES;
				CLANG_WARN_DEPRECATED_OBJC_IMPLEMENTATIONS = YES;
				CLANG_WARN_DIRECT_OBJC_ISA_USAGE = YES_ERROR;
				CLANG_WARN_DOCUMENTATION_COMMENTS = YES;
				CLANG_WARN_EMPTY_BODY = YES;
				CLANG_WARN_ENUM_CONVERSION = YES;
				CLANG_WARN_INFINITE_RECURSION = YES;
				CLANG_WARN_INT_CONVERSION = YES;
				CLANG_WARN_NON_LITERAL_NULL_CONVERSION = YES;
				CLANG_WARN_OBJC_IMPLICIT_RETAIN_SELF = YES;
				CLANG_WARN_OBJC_LITERAL_CONVERSION = YES;
				CLANG_WARN_OBJC_ROOT_CLASS = YES_ERROR;
				CLANG_WARN_QUOTED_INCLUDE_IN_FRAMEWORK_HEADER = YES;
				CLANG_WARN_RANGE_LOOP_ANALYSIS = YES;
				CLANG_WARN_STRICT_PROTOTYPES = YES;
				CLANG_WARN_SUSPICIOUS_MOVE = YES;
				CLANG_WARN_UNGUARDED_AVAILABILITY = YES_AGGRESSIVE;
				CLANG_WARN_UNREACHABLE_CODE = YES;
				CLANG_WARN__DUPLICATE_METHOD_MATCH = YES;
				COPY_PHASE_STRIP = NO;
				DEBUG_INFORMATION_FORMAT = "dwarf-with-dsym";
				ENABLE_STRICT_OBJC_MSGSEND = YES;
				ENABLE_TESTABILITY = YES;
				GCC_C_LANGUAGE_STANDARD = gnu11;
				GCC_DYNAMIC_NO_PIC = NO;
				GCC_NO_COMMON_BLOCKS = YES;
				GCC_OPTIMIZATION_LEVEL = 0;
				GCC_PREPROCESSOR_DEFINITIONS = (
					"DEBUG=1",
					"$(inherited)",
				);
				GCC_WARN_64_TO_32_BIT_CONVERSION = YES;
				GCC_WARN_ABOUT_RETURN_TYPE = YES_ERROR;
				GCC_WARN_UNDECLARED_SELECTOR = YES;
				GCC_WARN_UNINITIALIZED_AUTOS = YES_AGGRESSIVE;
				GCC_WARN_UNUSED_FUNCTION = YES;
				GCC_WARN_UNUSED_VARIABLE = YES;
				IPHONEOS_DEPLOYMENT_TARGET = 14.1;
				KOTLIN_FRAMEWORK_BUILD_TYPE = "";
				MTL_ENABLE_DEBUG_INFO = INCLUDE_SOURCE;
				MTL_FAST_MATH = YES;
				ONLY_ACTIVE_ARCH = YES;
				SDKROOT = iphoneos;
				SWIFT_ACTIVE_COMPILATION_CONDITIONS = DEBUG;
				SWIFT_OPTIMIZATION_LEVEL = "-Onone";
			};
			name = "ENSISA Debug";
		};
		6A129BDA2B57DB5A00B93255 /* ENSISA Debug */ = {
			isa = XCBuildConfiguration;
			buildSettings = {
				ALWAYS_EMBED_SWIFT_STANDARD_LIBRARIES = YES;
				ASSETCATALOG_COMPILER_APPICON_NAME = AppIcon;
				ASSETCATALOG_COMPILER_GLOBAL_ACCENT_COLOR_NAME = AccentColor;
				CODE_SIGN_ENTITLEMENTS = iosApp/ENSISA.entitlements;
				CODE_SIGN_STYLE = Automatic;
				CURRENT_PROJECT_VERSION = 33;
				DEVELOPMENT_ASSET_PATHS = "\"iosApp/Preview Content\"";
				DEVELOPMENT_TEAM = 6ZK4NL97XA;
				ENABLE_PREVIEWS = YES;
				FRAMEWORK_SEARCH_PATHS = "$(SRCROOT)/../shared/build/xcode-frameworks/$(CONFIGURATION)/$(SDK_NAME)";
				INFOPLIST_FILE = iosApp/Info.plist;
				INFOPLIST_KEY_CFBundleDisplayName = BDE;
				INFOPLIST_KEY_LSApplicationCategoryType = "public.app-category.education";
				IPHONEOS_DEPLOYMENT_TARGET = 15.0;
				KOTLIN_FRAMEWORK_BUILD_TYPE = Debug;
				LD_RUNPATH_SEARCH_PATHS = (
					"$(inherited)",
					"@executable_path/Frameworks",
				);
				MARKETING_VERSION = 1.7.0;
				OTHER_LDFLAGS = (
					"$(inherited)",
					"-framework",
					shared,
				);
				PRODUCT_BUNDLE_IDENTIFIER = me.nathanfallet.bdeensisa;
				PRODUCT_NAME = "$(TARGET_NAME)";
				SWIFT_VERSION = 5.0;
				TARGETED_DEVICE_FAMILY = "1,2";
			};
			name = "ENSISA Debug";
		};
		6A129BDB2B57DB5A00B93255 /* ENSISA Debug */ = {
			isa = XCBuildConfiguration;
			buildSettings = {
				ASSETCATALOG_COMPILER_GLOBAL_ACCENT_COLOR_NAME = AccentColor;
				ASSETCATALOG_COMPILER_WIDGET_BACKGROUND_COLOR_NAME = WidgetBackground;
				CLANG_CXX_LANGUAGE_STANDARD = "gnu++20";
				CODE_SIGN_ENTITLEMENTS = QRCodeWidget/QRCodeWidgetExtensionENSISA.entitlements;
				CODE_SIGN_STYLE = Automatic;
				CURRENT_PROJECT_VERSION = 30;
				DEBUG_INFORMATION_FORMAT = dwarf;
				DEVELOPMENT_TEAM = 6ZK4NL97XA;
				GENERATE_INFOPLIST_FILE = YES;
				INFOPLIST_FILE = QRCodeWidget/Info.plist;
				INFOPLIST_KEY_CFBundleDisplayName = QRCodeWidget;
				INFOPLIST_KEY_NSHumanReadableCopyright = "Copyright © 2023 orgName. All rights reserved.";
				IPHONEOS_DEPLOYMENT_TARGET = 15.0;
				LD_RUNPATH_SEARCH_PATHS = (
					"$(inherited)",
					"@executable_path/Frameworks",
					"@executable_path/../../Frameworks",
				);
				MARKETING_VERSION = 1.6.5;
				PRODUCT_BUNDLE_IDENTIFIER = me.nathanfallet.bdeensisa.QRCodeWidget;
				PRODUCT_NAME = "$(TARGET_NAME)";
				SKIP_INSTALL = YES;
				SWIFT_EMIT_LOC_STRINGS = YES;
				SWIFT_VERSION = 5.0;
				TARGETED_DEVICE_FAMILY = "1,2";
			};
			name = "ENSISA Debug";
		};
		6A129BDC2B57DB6100B93255 /* ENSISA Release */ = {
			isa = XCBuildConfiguration;
			buildSettings = {
				ALWAYS_SEARCH_USER_PATHS = NO;
				CLANG_ANALYZER_NONNULL = YES;
				CLANG_ANALYZER_NUMBER_OBJECT_CONVERSION = YES_AGGRESSIVE;
				CLANG_CXX_LANGUAGE_STANDARD = "gnu++14";
				CLANG_CXX_LIBRARY = "libc++";
				CLANG_ENABLE_MODULES = YES;
				CLANG_ENABLE_OBJC_ARC = YES;
				CLANG_ENABLE_OBJC_WEAK = YES;
				CLANG_WARN_BLOCK_CAPTURE_AUTORELEASING = YES;
				CLANG_WARN_BOOL_CONVERSION = YES;
				CLANG_WARN_COMMA = YES;
				CLANG_WARN_CONSTANT_CONVERSION = YES;
				CLANG_WARN_DEPRECATED_OBJC_IMPLEMENTATIONS = YES;
				CLANG_WARN_DIRECT_OBJC_ISA_USAGE = YES_ERROR;
				CLANG_WARN_DOCUMENTATION_COMMENTS = YES;
				CLANG_WARN_EMPTY_BODY = YES;
				CLANG_WARN_ENUM_CONVERSION = YES;
				CLANG_WARN_INFINITE_RECURSION = YES;
				CLANG_WARN_INT_CONVERSION = YES;
				CLANG_WARN_NON_LITERAL_NULL_CONVERSION = YES;
				CLANG_WARN_OBJC_IMPLICIT_RETAIN_SELF = YES;
				CLANG_WARN_OBJC_LITERAL_CONVERSION = YES;
				CLANG_WARN_OBJC_ROOT_CLASS = YES_ERROR;
				CLANG_WARN_QUOTED_INCLUDE_IN_FRAMEWORK_HEADER = YES;
				CLANG_WARN_RANGE_LOOP_ANALYSIS = YES;
				CLANG_WARN_STRICT_PROTOTYPES = YES;
				CLANG_WARN_SUSPICIOUS_MOVE = YES;
				CLANG_WARN_UNGUARDED_AVAILABILITY = YES_AGGRESSIVE;
				CLANG_WARN_UNREACHABLE_CODE = YES;
				CLANG_WARN__DUPLICATE_METHOD_MATCH = YES;
				COPY_PHASE_STRIP = NO;
				DEBUG_INFORMATION_FORMAT = "dwarf-with-dsym";
				ENABLE_NS_ASSERTIONS = NO;
				ENABLE_STRICT_OBJC_MSGSEND = YES;
				GCC_C_LANGUAGE_STANDARD = gnu11;
				GCC_NO_COMMON_BLOCKS = YES;
				GCC_WARN_64_TO_32_BIT_CONVERSION = YES;
				GCC_WARN_ABOUT_RETURN_TYPE = YES_ERROR;
				GCC_WARN_UNDECLARED_SELECTOR = YES;
				GCC_WARN_UNINITIALIZED_AUTOS = YES_AGGRESSIVE;
				GCC_WARN_UNUSED_FUNCTION = YES;
				GCC_WARN_UNUSED_VARIABLE = YES;
				IPHONEOS_DEPLOYMENT_TARGET = 14.1;
				KOTLIN_FRAMEWORK_BUILD_TYPE = "";
				MTL_ENABLE_DEBUG_INFO = NO;
				MTL_FAST_MATH = YES;
				SDKROOT = iphoneos;
				SWIFT_COMPILATION_MODE = wholemodule;
				SWIFT_OPTIMIZATION_LEVEL = "-O";
				VALIDATE_PRODUCT = YES;
			};
			name = "ENSISA Release";
		};
		6A129BDD2B57DB6100B93255 /* ENSISA Release */ = {
			isa = XCBuildConfiguration;
			buildSettings = {
				ALWAYS_EMBED_SWIFT_STANDARD_LIBRARIES = YES;
				ASSETCATALOG_COMPILER_APPICON_NAME = AppIcon;
				ASSETCATALOG_COMPILER_GLOBAL_ACCENT_COLOR_NAME = AccentColor;
				CODE_SIGN_ENTITLEMENTS = iosApp/ENSISA.entitlements;
				CODE_SIGN_STYLE = Automatic;
				CURRENT_PROJECT_VERSION = 33;
				DEVELOPMENT_ASSET_PATHS = "\"iosApp/Preview Content\"";
				DEVELOPMENT_TEAM = 6ZK4NL97XA;
				ENABLE_PREVIEWS = YES;
				FRAMEWORK_SEARCH_PATHS = "$(SRCROOT)/../shared/build/xcode-frameworks/$(CONFIGURATION)/$(SDK_NAME)";
				INFOPLIST_FILE = iosApp/Info.plist;
				INFOPLIST_KEY_CFBundleDisplayName = BDE;
				INFOPLIST_KEY_LSApplicationCategoryType = "public.app-category.education";
				IPHONEOS_DEPLOYMENT_TARGET = 15.0;
				KOTLIN_FRAMEWORK_BUILD_TYPE = Release;
				LD_RUNPATH_SEARCH_PATHS = (
					"$(inherited)",
					"@executable_path/Frameworks",
				);
				MARKETING_VERSION = 1.7.0;
				OTHER_LDFLAGS = (
					"$(inherited)",
					"-framework",
					shared,
				);
				PRODUCT_BUNDLE_IDENTIFIER = me.nathanfallet.bdeensisa;
				PRODUCT_NAME = "$(TARGET_NAME)";
				SWIFT_VERSION = 5.0;
				TARGETED_DEVICE_FAMILY = "1,2";
			};
			name = "ENSISA Release";
		};
		6A129BDE2B57DB6100B93255 /* ENSISA Release */ = {
			isa = XCBuildConfiguration;
			buildSettings = {
				ASSETCATALOG_COMPILER_GLOBAL_ACCENT_COLOR_NAME = AccentColor;
				ASSETCATALOG_COMPILER_WIDGET_BACKGROUND_COLOR_NAME = WidgetBackground;
				CLANG_CXX_LANGUAGE_STANDARD = "gnu++20";
				CODE_SIGN_ENTITLEMENTS = QRCodeWidget/QRCodeWidgetExtensionENSISA.entitlements;
				CODE_SIGN_STYLE = Automatic;
				CURRENT_PROJECT_VERSION = 30;
				DEVELOPMENT_TEAM = 6ZK4NL97XA;
				GENERATE_INFOPLIST_FILE = YES;
				INFOPLIST_FILE = QRCodeWidget/Info.plist;
				INFOPLIST_KEY_CFBundleDisplayName = QRCodeWidget;
				INFOPLIST_KEY_NSHumanReadableCopyright = "Copyright © 2023 orgName. All rights reserved.";
				IPHONEOS_DEPLOYMENT_TARGET = 15.0;
				LD_RUNPATH_SEARCH_PATHS = (
					"$(inherited)",
					"@executable_path/Frameworks",
					"@executable_path/../../Frameworks",
				);
				MARKETING_VERSION = 1.6.5;
				PRODUCT_BUNDLE_IDENTIFIER = me.nathanfallet.bdeensisa.QRCodeWidget;
				PRODUCT_NAME = "$(TARGET_NAME)";
				SKIP_INSTALL = YES;
				SWIFT_EMIT_LOC_STRINGS = YES;
				SWIFT_VERSION = 5.0;
				TARGETED_DEVICE_FAMILY = "1,2";
			};
			name = "ENSISA Release";
		};
		6AB013AC29918F3C00C29106 /* Debug */ = {
			isa = XCBuildConfiguration;
			buildSettings = {
				ASSETCATALOG_COMPILER_GLOBAL_ACCENT_COLOR_NAME = AccentColor;
				ASSETCATALOG_COMPILER_WIDGET_BACKGROUND_COLOR_NAME = WidgetBackground;
				CLANG_CXX_LANGUAGE_STANDARD = "gnu++20";
				CODE_SIGN_ENTITLEMENTS = QRCodeWidget/QRCodeWidgetExtension.entitlements;
				CODE_SIGN_STYLE = Automatic;
				CURRENT_PROJECT_VERSION = 30;
				DEBUG_INFORMATION_FORMAT = dwarf;
				DEVELOPMENT_TEAM = Z8T3MHFW48;
				GENERATE_INFOPLIST_FILE = YES;
				INFOPLIST_FILE = QRCodeWidget/Info.plist;
				INFOPLIST_KEY_CFBundleDisplayName = QRCodeWidget;
				INFOPLIST_KEY_NSHumanReadableCopyright = "Copyright © 2023 orgName. All rights reserved.";
				IPHONEOS_DEPLOYMENT_TARGET = 15.0;
				LD_RUNPATH_SEARCH_PATHS = (
					"$(inherited)",
					"@executable_path/Frameworks",
					"@executable_path/../../Frameworks",
				);
				MARKETING_VERSION = 1.6.5;
				PRODUCT_BUNDLE_IDENTIFIER = me.nathanfallet.suitebde.QRCodeWidget;
				PRODUCT_NAME = "$(TARGET_NAME)";
				SKIP_INSTALL = YES;
				SWIFT_EMIT_LOC_STRINGS = YES;
				SWIFT_VERSION = 5.0;
				TARGETED_DEVICE_FAMILY = "1,2";
			};
			name = Debug;
		};
		6AB013AD29918F3C00C29106 /* Release */ = {
			isa = XCBuildConfiguration;
			buildSettings = {
				ASSETCATALOG_COMPILER_GLOBAL_ACCENT_COLOR_NAME = AccentColor;
				ASSETCATALOG_COMPILER_WIDGET_BACKGROUND_COLOR_NAME = WidgetBackground;
				CLANG_CXX_LANGUAGE_STANDARD = "gnu++20";
				CODE_SIGN_ENTITLEMENTS = QRCodeWidget/QRCodeWidgetExtension.entitlements;
				CODE_SIGN_STYLE = Automatic;
				CURRENT_PROJECT_VERSION = 30;
				DEVELOPMENT_TEAM = Z8T3MHFW48;
				GENERATE_INFOPLIST_FILE = YES;
				INFOPLIST_FILE = QRCodeWidget/Info.plist;
				INFOPLIST_KEY_CFBundleDisplayName = QRCodeWidget;
				INFOPLIST_KEY_NSHumanReadableCopyright = "Copyright © 2023 orgName. All rights reserved.";
				IPHONEOS_DEPLOYMENT_TARGET = 15.0;
				LD_RUNPATH_SEARCH_PATHS = (
					"$(inherited)",
					"@executable_path/Frameworks",
					"@executable_path/../../Frameworks",
				);
				MARKETING_VERSION = 1.6.5;
				PRODUCT_BUNDLE_IDENTIFIER = me.nathanfallet.suitebde.QRCodeWidget;
				PRODUCT_NAME = "$(TARGET_NAME)";
				SKIP_INSTALL = YES;
				SWIFT_EMIT_LOC_STRINGS = YES;
				SWIFT_VERSION = 5.0;
				TARGETED_DEVICE_FAMILY = "1,2";
			};
			name = Release;
		};
		7555FFA3242A565B00829871 /* Debug */ = {
			isa = XCBuildConfiguration;
			buildSettings = {
				ALWAYS_SEARCH_USER_PATHS = NO;
				CLANG_ANALYZER_NONNULL = YES;
				CLANG_ANALYZER_NUMBER_OBJECT_CONVERSION = YES_AGGRESSIVE;
				CLANG_CXX_LANGUAGE_STANDARD = "gnu++14";
				CLANG_CXX_LIBRARY = "libc++";
				CLANG_ENABLE_MODULES = YES;
				CLANG_ENABLE_OBJC_ARC = YES;
				CLANG_ENABLE_OBJC_WEAK = YES;
				CLANG_WARN_BLOCK_CAPTURE_AUTORELEASING = YES;
				CLANG_WARN_BOOL_CONVERSION = YES;
				CLANG_WARN_COMMA = YES;
				CLANG_WARN_CONSTANT_CONVERSION = YES;
				CLANG_WARN_DEPRECATED_OBJC_IMPLEMENTATIONS = YES;
				CLANG_WARN_DIRECT_OBJC_ISA_USAGE = YES_ERROR;
				CLANG_WARN_DOCUMENTATION_COMMENTS = YES;
				CLANG_WARN_EMPTY_BODY = YES;
				CLANG_WARN_ENUM_CONVERSION = YES;
				CLANG_WARN_INFINITE_RECURSION = YES;
				CLANG_WARN_INT_CONVERSION = YES;
				CLANG_WARN_NON_LITERAL_NULL_CONVERSION = YES;
				CLANG_WARN_OBJC_IMPLICIT_RETAIN_SELF = YES;
				CLANG_WARN_OBJC_LITERAL_CONVERSION = YES;
				CLANG_WARN_OBJC_ROOT_CLASS = YES_ERROR;
				CLANG_WARN_QUOTED_INCLUDE_IN_FRAMEWORK_HEADER = YES;
				CLANG_WARN_RANGE_LOOP_ANALYSIS = YES;
				CLANG_WARN_STRICT_PROTOTYPES = YES;
				CLANG_WARN_SUSPICIOUS_MOVE = YES;
				CLANG_WARN_UNGUARDED_AVAILABILITY = YES_AGGRESSIVE;
				CLANG_WARN_UNREACHABLE_CODE = YES;
				CLANG_WARN__DUPLICATE_METHOD_MATCH = YES;
				COPY_PHASE_STRIP = NO;
				DEBUG_INFORMATION_FORMAT = "dwarf-with-dsym";
				ENABLE_STRICT_OBJC_MSGSEND = YES;
				ENABLE_TESTABILITY = YES;
				GCC_C_LANGUAGE_STANDARD = gnu11;
				GCC_DYNAMIC_NO_PIC = NO;
				GCC_NO_COMMON_BLOCKS = YES;
				GCC_OPTIMIZATION_LEVEL = 0;
				GCC_PREPROCESSOR_DEFINITIONS = (
					"DEBUG=1",
					"$(inherited)",
				);
				GCC_WARN_64_TO_32_BIT_CONVERSION = YES;
				GCC_WARN_ABOUT_RETURN_TYPE = YES_ERROR;
				GCC_WARN_UNDECLARED_SELECTOR = YES;
				GCC_WARN_UNINITIALIZED_AUTOS = YES_AGGRESSIVE;
				GCC_WARN_UNUSED_FUNCTION = YES;
				GCC_WARN_UNUSED_VARIABLE = YES;
				IPHONEOS_DEPLOYMENT_TARGET = 14.1;
				KOTLIN_FRAMEWORK_BUILD_TYPE = "";
				MTL_ENABLE_DEBUG_INFO = INCLUDE_SOURCE;
				MTL_FAST_MATH = YES;
				ONLY_ACTIVE_ARCH = YES;
				SDKROOT = iphoneos;
				SWIFT_ACTIVE_COMPILATION_CONDITIONS = DEBUG;
				SWIFT_OPTIMIZATION_LEVEL = "-Onone";
			};
			name = Debug;
		};
		7555FFA4242A565B00829871 /* Release */ = {
			isa = XCBuildConfiguration;
			buildSettings = {
				ALWAYS_SEARCH_USER_PATHS = NO;
				CLANG_ANALYZER_NONNULL = YES;
				CLANG_ANALYZER_NUMBER_OBJECT_CONVERSION = YES_AGGRESSIVE;
				CLANG_CXX_LANGUAGE_STANDARD = "gnu++14";
				CLANG_CXX_LIBRARY = "libc++";
				CLANG_ENABLE_MODULES = YES;
				CLANG_ENABLE_OBJC_ARC = YES;
				CLANG_ENABLE_OBJC_WEAK = YES;
				CLANG_WARN_BLOCK_CAPTURE_AUTORELEASING = YES;
				CLANG_WARN_BOOL_CONVERSION = YES;
				CLANG_WARN_COMMA = YES;
				CLANG_WARN_CONSTANT_CONVERSION = YES;
				CLANG_WARN_DEPRECATED_OBJC_IMPLEMENTATIONS = YES;
				CLANG_WARN_DIRECT_OBJC_ISA_USAGE = YES_ERROR;
				CLANG_WARN_DOCUMENTATION_COMMENTS = YES;
				CLANG_WARN_EMPTY_BODY = YES;
				CLANG_WARN_ENUM_CONVERSION = YES;
				CLANG_WARN_INFINITE_RECURSION = YES;
				CLANG_WARN_INT_CONVERSION = YES;
				CLANG_WARN_NON_LITERAL_NULL_CONVERSION = YES;
				CLANG_WARN_OBJC_IMPLICIT_RETAIN_SELF = YES;
				CLANG_WARN_OBJC_LITERAL_CONVERSION = YES;
				CLANG_WARN_OBJC_ROOT_CLASS = YES_ERROR;
				CLANG_WARN_QUOTED_INCLUDE_IN_FRAMEWORK_HEADER = YES;
				CLANG_WARN_RANGE_LOOP_ANALYSIS = YES;
				CLANG_WARN_STRICT_PROTOTYPES = YES;
				CLANG_WARN_SUSPICIOUS_MOVE = YES;
				CLANG_WARN_UNGUARDED_AVAILABILITY = YES_AGGRESSIVE;
				CLANG_WARN_UNREACHABLE_CODE = YES;
				CLANG_WARN__DUPLICATE_METHOD_MATCH = YES;
				COPY_PHASE_STRIP = NO;
				DEBUG_INFORMATION_FORMAT = "dwarf-with-dsym";
				ENABLE_NS_ASSERTIONS = NO;
				ENABLE_STRICT_OBJC_MSGSEND = YES;
				GCC_C_LANGUAGE_STANDARD = gnu11;
				GCC_NO_COMMON_BLOCKS = YES;
				GCC_WARN_64_TO_32_BIT_CONVERSION = YES;
				GCC_WARN_ABOUT_RETURN_TYPE = YES_ERROR;
				GCC_WARN_UNDECLARED_SELECTOR = YES;
				GCC_WARN_UNINITIALIZED_AUTOS = YES_AGGRESSIVE;
				GCC_WARN_UNUSED_FUNCTION = YES;
				GCC_WARN_UNUSED_VARIABLE = YES;
				IPHONEOS_DEPLOYMENT_TARGET = 14.1;
				KOTLIN_FRAMEWORK_BUILD_TYPE = "";
				MTL_ENABLE_DEBUG_INFO = NO;
				MTL_FAST_MATH = YES;
				SDKROOT = iphoneos;
				SWIFT_COMPILATION_MODE = wholemodule;
				SWIFT_OPTIMIZATION_LEVEL = "-O";
				VALIDATE_PRODUCT = YES;
			};
			name = Release;
		};
		7555FFA6242A565B00829871 /* Debug */ = {
			isa = XCBuildConfiguration;
			buildSettings = {
				ALWAYS_EMBED_SWIFT_STANDARD_LIBRARIES = YES;
				ASSETCATALOG_COMPILER_APPICON_NAME = AppIcon;
				ASSETCATALOG_COMPILER_GLOBAL_ACCENT_COLOR_NAME = AccentColor;
				CODE_SIGN_ENTITLEMENTS = iosApp/SuiteBDE.entitlements;
				CODE_SIGN_STYLE = Automatic;
				CURRENT_PROJECT_VERSION = 33;
				DEVELOPMENT_ASSET_PATHS = "\"iosApp/Preview Content\"";
				DEVELOPMENT_TEAM = Z8T3MHFW48;
				ENABLE_PREVIEWS = YES;
				FRAMEWORK_SEARCH_PATHS = "$(SRCROOT)/../shared/build/xcode-frameworks/$(CONFIGURATION)/$(SDK_NAME)";
				INFOPLIST_FILE = iosApp/Info.plist;
				INFOPLIST_KEY_CFBundleDisplayName = BDE;
				INFOPLIST_KEY_LSApplicationCategoryType = "public.app-category.education";
				IPHONEOS_DEPLOYMENT_TARGET = 15.0;
				KOTLIN_FRAMEWORK_BUILD_TYPE = Debug;
				LD_RUNPATH_SEARCH_PATHS = (
					"$(inherited)",
					"@executable_path/Frameworks",
				);
				MARKETING_VERSION = 1.7.0;
				OTHER_LDFLAGS = (
					"$(inherited)",
					"-framework",
					shared,
				);
				PRODUCT_BUNDLE_IDENTIFIER = me.nathanfallet.suitebde;
				PRODUCT_NAME = "$(TARGET_NAME)";
				SWIFT_VERSION = 5.0;
				TARGETED_DEVICE_FAMILY = "1,2";
			};
			name = Debug;
		};
		7555FFA7242A565B00829871 /* Release */ = {
			isa = XCBuildConfiguration;
			buildSettings = {
				ALWAYS_EMBED_SWIFT_STANDARD_LIBRARIES = YES;
				ASSETCATALOG_COMPILER_APPICON_NAME = AppIcon;
				ASSETCATALOG_COMPILER_GLOBAL_ACCENT_COLOR_NAME = AccentColor;
				CODE_SIGN_ENTITLEMENTS = iosApp/SuiteBDE.entitlements;
				CODE_SIGN_STYLE = Automatic;
				CURRENT_PROJECT_VERSION = 33;
				DEVELOPMENT_ASSET_PATHS = "\"iosApp/Preview Content\"";
				DEVELOPMENT_TEAM = Z8T3MHFW48;
				ENABLE_PREVIEWS = YES;
				FRAMEWORK_SEARCH_PATHS = "$(SRCROOT)/../shared/build/xcode-frameworks/$(CONFIGURATION)/$(SDK_NAME)";
				INFOPLIST_FILE = iosApp/Info.plist;
				INFOPLIST_KEY_CFBundleDisplayName = BDE;
				INFOPLIST_KEY_LSApplicationCategoryType = "public.app-category.education";
				IPHONEOS_DEPLOYMENT_TARGET = 15.0;
				KOTLIN_FRAMEWORK_BUILD_TYPE = Release;
				LD_RUNPATH_SEARCH_PATHS = (
					"$(inherited)",
					"@executable_path/Frameworks",
				);
				MARKETING_VERSION = 1.7.0;
				OTHER_LDFLAGS = (
					"$(inherited)",
					"-framework",
					shared,
				);
				PRODUCT_BUNDLE_IDENTIFIER = me.nathanfallet.suitebde;
				PRODUCT_NAME = "$(TARGET_NAME)";
				SWIFT_VERSION = 5.0;
				TARGETED_DEVICE_FAMILY = "1,2";
			};
			name = Release;
		};
/* End XCBuildConfiguration section */

/* Begin XCConfigurationList section */
		6AB013AB29918F3C00C29106 /* Build configuration list for PBXNativeTarget "QRCodeWidgetExtension" */ = {
			isa = XCConfigurationList;
			buildConfigurations = (
				6AB013AC29918F3C00C29106 /* Debug */,
				6A129BDB2B57DB5A00B93255 /* ENSISA Debug */,
				6A129BD52B57DB4900B93255 /* Dev Debug */,
				6AB013AD29918F3C00C29106 /* Release */,
				6A129BDE2B57DB6100B93255 /* ENSISA Release */,
				6A129BD82B57DB5100B93255 /* Dev Release */,
			);
			defaultConfigurationIsVisible = 0;
			defaultConfigurationName = Release;
		};
		7555FF76242A565900829871 /* Build configuration list for PBXProject "iosApp" */ = {
			isa = XCConfigurationList;
			buildConfigurations = (
				7555FFA3242A565B00829871 /* Debug */,
				6A129BD92B57DB5A00B93255 /* ENSISA Debug */,
				6A129BD32B57DB4900B93255 /* Dev Debug */,
				7555FFA4242A565B00829871 /* Release */,
				6A129BDC2B57DB6100B93255 /* ENSISA Release */,
				6A129BD62B57DB5100B93255 /* Dev Release */,
			);
			defaultConfigurationIsVisible = 0;
			defaultConfigurationName = Release;
		};
		7555FFA5242A565B00829871 /* Build configuration list for PBXNativeTarget "BDE" */ = {
			isa = XCConfigurationList;
			buildConfigurations = (
				7555FFA6242A565B00829871 /* Debug */,
				6A129BDA2B57DB5A00B93255 /* ENSISA Debug */,
				6A129BD42B57DB4900B93255 /* Dev Debug */,
				7555FFA7242A565B00829871 /* Release */,
				6A129BDD2B57DB6100B93255 /* ENSISA Release */,
				6A129BD72B57DB5100B93255 /* Dev Release */,
			);
			defaultConfigurationIsVisible = 0;
			defaultConfigurationName = Release;
		};
/* End XCConfigurationList section */

/* Begin XCRemoteSwiftPackageReference section */
		6A86667129B5FC8F000540BF /* XCRemoteSwiftPackageReference "MyApps" */ = {
			isa = XCRemoteSwiftPackageReference;
			repositoryURL = "https://github.com/NathanFallet/MyApps";
			requirement = {
				kind = upToNextMajorVersion;
				minimumVersion = 1.0.0;
			};
		};
		6A90EE532992FCE10031B196 /* XCRemoteSwiftPackageReference "firebase-ios-sdk" */ = {
			isa = XCRemoteSwiftPackageReference;
			repositoryURL = "https://github.com/firebase/firebase-ios-sdk";
			requirement = {
				kind = upToNextMajorVersion;
				minimumVersion = 9.0.0;
			};
		};
		6A9DD82F2989A7F7007F6E3C /* XCRemoteSwiftPackageReference "Keychain" */ = {
			isa = XCRemoteSwiftPackageReference;
			repositoryURL = "https://github.com/GroupeMINASTE/Keychain.swift";
			requirement = {
				kind = upToNextMajorVersion;
				minimumVersion = 1.0.0;
			};
		};
		6AB065F52A261223007C49B1 /* XCRemoteSwiftPackageReference "Kingfisher" */ = {
			isa = XCRemoteSwiftPackageReference;
			repositoryURL = "https://github.com/onevcat/Kingfisher";
			requirement = {
				kind = upToNextMajorVersion;
				minimumVersion = 7.0.0;
			};
		};
		6AC50EF22B5951C1006A1DDD /* XCRemoteSwiftPackageReference "sentry-cocoa" */ = {
			isa = XCRemoteSwiftPackageReference;
			repositoryURL = "https://github.com/getsentry/sentry-cocoa.git";
			requirement = {
				kind = exactVersion;
				version = 8.4.0;
			};
		};
		6AC50EFD2B5953C8006A1DDD /* XCRemoteSwiftPackageReference "KMM-ViewModel" */ = {
			isa = XCRemoteSwiftPackageReference;
			repositoryURL = "https://github.com/rickclephas/KMM-ViewModel";
			requirement = {
				branch = master;
				kind = branch;
			};
		};
		6AC50F022B5953F1006A1DDD /* XCRemoteSwiftPackageReference "KMP-NativeCoroutines" */ = {
			isa = XCRemoteSwiftPackageReference;
			repositoryURL = "https://github.com/rickclephas/KMP-NativeCoroutines";
			requirement = {
				branch = master;
				kind = branch;
			};
		};
		6AD2B0D9298D8AEB00099510 /* XCRemoteSwiftPackageReference "CodeScanner" */ = {
			isa = XCRemoteSwiftPackageReference;
			repositoryURL = "https://github.com/twostraws/CodeScanner";
			requirement = {
				kind = upToNextMajorVersion;
				minimumVersion = 2.0.0;
			};
		};
		6ADCFB6D2A59704F0036C410 /* XCRemoteSwiftPackageReference "Reachability" */ = {
			isa = XCRemoteSwiftPackageReference;
			repositoryURL = "https://github.com/ashleymills/Reachability.swift";
			requirement = {
				kind = upToNextMajorVersion;
				minimumVersion = 5.1.0;
			};
		};
/* End XCRemoteSwiftPackageReference section */

/* Begin XCSwiftPackageProductDependency section */
		6A86667229B5FC8F000540BF /* MyAppsiOS */ = {
			isa = XCSwiftPackageProductDependency;
			package = 6A86667129B5FC8F000540BF /* XCRemoteSwiftPackageReference "MyApps" */;
			productName = MyAppsiOS;
		};
		6A90EE542992FCE10031B196 /* FirebaseAnalytics */ = {
			isa = XCSwiftPackageProductDependency;
			package = 6A90EE532992FCE10031B196 /* XCRemoteSwiftPackageReference "firebase-ios-sdk" */;
			productName = FirebaseAnalytics;
		};
		6A90EE562992FCE10031B196 /* FirebaseCrashlytics */ = {
			isa = XCSwiftPackageProductDependency;
			package = 6A90EE532992FCE10031B196 /* XCRemoteSwiftPackageReference "firebase-ios-sdk" */;
			productName = FirebaseCrashlytics;
		};
		6A90EE582992FCE10031B196 /* FirebaseMessaging */ = {
			isa = XCSwiftPackageProductDependency;
			package = 6A90EE532992FCE10031B196 /* XCRemoteSwiftPackageReference "firebase-ios-sdk" */;
			productName = FirebaseMessaging;
		};
		6A9DD8302989A7F7007F6E3C /* Keychain */ = {
			isa = XCSwiftPackageProductDependency;
			package = 6A9DD82F2989A7F7007F6E3C /* XCRemoteSwiftPackageReference "Keychain" */;
			productName = Keychain;
		};
		6AB013B129918FFF00C29106 /* Keychain */ = {
			isa = XCSwiftPackageProductDependency;
			package = 6A9DD82F2989A7F7007F6E3C /* XCRemoteSwiftPackageReference "Keychain" */;
			productName = Keychain;
		};
		6AB065F62A261223007C49B1 /* Kingfisher */ = {
			isa = XCSwiftPackageProductDependency;
			package = 6AB065F52A261223007C49B1 /* XCRemoteSwiftPackageReference "Kingfisher" */;
			productName = Kingfisher;
		};
		6AC50EF32B5951C1006A1DDD /* Sentry */ = {
			isa = XCSwiftPackageProductDependency;
			package = 6AC50EF22B5951C1006A1DDD /* XCRemoteSwiftPackageReference "sentry-cocoa" */;
			productName = Sentry;
		};
		6AC50EF52B5951C1006A1DDD /* SentrySwiftUI */ = {
			isa = XCSwiftPackageProductDependency;
			package = 6AC50EF22B5951C1006A1DDD /* XCRemoteSwiftPackageReference "sentry-cocoa" */;
			productName = SentrySwiftUI;
		};
		6AC50EFE2B5953C8006A1DDD /* KMMViewModelCore */ = {
			isa = XCSwiftPackageProductDependency;
			package = 6AC50EFD2B5953C8006A1DDD /* XCRemoteSwiftPackageReference "KMM-ViewModel" */;
			productName = KMMViewModelCore;
		};
		6AC50F002B5953C8006A1DDD /* KMMViewModelSwiftUI */ = {
			isa = XCSwiftPackageProductDependency;
			package = 6AC50EFD2B5953C8006A1DDD /* XCRemoteSwiftPackageReference "KMM-ViewModel" */;
			productName = KMMViewModelSwiftUI;
		};
		6AC50F032B5953F1006A1DDD /* KMPNativeCoroutinesAsync */ = {
			isa = XCSwiftPackageProductDependency;
			package = 6AC50F022B5953F1006A1DDD /* XCRemoteSwiftPackageReference "KMP-NativeCoroutines" */;
			productName = KMPNativeCoroutinesAsync;
		};
		6AD2B0DA298D8AEB00099510 /* CodeScanner */ = {
			isa = XCSwiftPackageProductDependency;
			package = 6AD2B0D9298D8AEB00099510 /* XCRemoteSwiftPackageReference "CodeScanner" */;
			productName = CodeScanner;
		};
		6ADCFB6E2A59704F0036C410 /* Reachability */ = {
			isa = XCSwiftPackageProductDependency;
			package = 6ADCFB6D2A59704F0036C410 /* XCRemoteSwiftPackageReference "Reachability" */;
			productName = Reachability;
		};
/* End XCSwiftPackageProductDependency section */
	};
	rootObject = 7555FF73242A565900829871 /* Project object */;
}
