// !$*UTF8*$!
{
	archiveVersion = 1;
	classes = {
	};
	objectVersion = 54;
	objects = {

/* Begin PBXBuildFile section */
		058557BB273AAA24004C7B11 /* Assets.xcassets in Resources */ = {isa = PBXBuildFile; fileRef = 058557BA273AAA24004C7B11 /* Assets.xcassets */; };
		058557D9273AAEEB004C7B11 /* Preview Assets.xcassets in Resources */ = {isa = PBXBuildFile; fileRef = 058557D8273AAEEB004C7B11 /* Preview Assets.xcassets */; };
		2152FB042600AC8F00CF470E /* SuiteBDEApp.swift in Sources */ = {isa = PBXBuildFile; fileRef = 2152FB032600AC8F00CF470E /* SuiteBDEApp.swift */; };
		6A0C419D2BA8592000C7DF8F /* NotificationsRepository.swift in Sources */ = {isa = PBXBuildFile; fileRef = 6A0C419C2BA8592000C7DF8F /* NotificationsRepository.swift */; };
		6A0D1096299BD45700508DC8 /* SettingsView.swift in Sources */ = {isa = PBXBuildFile; fileRef = 6A0D1095299BD45700508DC8 /* SettingsView.swift */; };
		6A0D109B299BEBB600508DC8 /* SendNotificationView.swift in Sources */ = {isa = PBXBuildFile; fileRef = 6A0D109A299BEBB600508DC8 /* SendNotificationView.swift */; };
		6A0E981329E73C9200F52181 /* NSNumberExtension.swift in Sources */ = {isa = PBXBuildFile; fileRef = 6A0E981229E73C9200F52181 /* NSNumberExtension.swift */; };
		6A3C96FA2B765823004E4E56 /* AuthErrorView.swift in Sources */ = {isa = PBXBuildFile; fileRef = 6A3C96F92B765823004E4E56 /* AuthErrorView.swift */; };
		6A3C96FC2B7658A6004E4E56 /* error.json in Resources */ = {isa = PBXBuildFile; fileRef = 6A3C96FB2B7658A6004E4E56 /* error.json */; };
		6A4E51262B9B19F900CDBC92 /* FeedSearchView.swift in Sources */ = {isa = PBXBuildFile; fileRef = 6A4E51252B9B19F900CDBC92 /* FeedSearchView.swift */; };
		6A4EC7462A1661DB002A0E90 /* AlertCase.swift in Sources */ = {isa = PBXBuildFile; fileRef = 6A4EC7452A1661DB002A0E90 /* AlertCase.swift */; };
		6A50AC902999A4F7003A3F57 /* ClubsView.swift in Sources */ = {isa = PBXBuildFile; fileRef = 6A50AC8F2999A4F7003A3F57 /* ClubsView.swift */; };
		6A5F86C12B950E6500DF559E /* QRCodeRootView.swift in Sources */ = {isa = PBXBuildFile; fileRef = 6A5F86C02B950E6500DF559E /* QRCodeRootView.swift */; };
		6A5F86C32B9510C600DF559E /* QRCodeView.swift in Sources */ = {isa = PBXBuildFile; fileRef = 6A5F86C22B9510C600DF559E /* QRCodeView.swift */; };
		6A5F86C52B95128500DF559E /* QRCodeCard.swift in Sources */ = {isa = PBXBuildFile; fileRef = 6A5F86C42B95128500DF559E /* QRCodeCard.swift */; };
		6A7024ED2B84E0A600BFAA5E /* DefaultCard.swift in Sources */ = {isa = PBXBuildFile; fileRef = 6A7024EC2B84E0A600BFAA5E /* DefaultCard.swift */; };
		6A7025042B8514EE00BFAA5E /* GoogleService-Info.plist in Resources */ = {isa = PBXBuildFile; fileRef = 6A7025032B8514EE00BFAA5E /* GoogleService-Info.plist */; };
		6A7025062B85150700BFAA5E /* GoogleService-Info.dev.plist in Resources */ = {isa = PBXBuildFile; fileRef = 6A7025052B85150700BFAA5E /* GoogleService-Info.dev.plist */; };
		6A712B692BAB61D0003423AA /* UserDetailsView.swift in Sources */ = {isa = PBXBuildFile; fileRef = 6A712B682BAB61D0003423AA /* UserDetailsView.swift */; };
		6A7214352A97809000C36256 /* ScanHistoryView.swift in Sources */ = {isa = PBXBuildFile; fileRef = 6A7214342A97809000C36256 /* ScanHistoryView.swift */; };
		6A753CFD299AE51400E346AA /* ClubView.swift in Sources */ = {isa = PBXBuildFile; fileRef = 6A753CFC299AE51400E346AA /* ClubView.swift */; };
		6A753CFF299AE78D00E346AA /* ClubCard.swift in Sources */ = {isa = PBXBuildFile; fileRef = 6A753CFE299AE78D00E346AA /* ClubCard.swift */; };
		6A7868162B8BCF4B00C8EBB4 /* SubscriptionCard.swift in Sources */ = {isa = PBXBuildFile; fileRef = 6A7868152B8BCF4B00C8EBB4 /* SubscriptionCard.swift */; };
		6A7868182B8BD6C400C8EBB4 /* SubscriptionView.swift in Sources */ = {isa = PBXBuildFile; fileRef = 6A7868172B8BD6C400C8EBB4 /* SubscriptionView.swift */; };
		6A78681C2B8BDBFD00C8EBB4 /* SubscriptionDetailsView.swift in Sources */ = {isa = PBXBuildFile; fileRef = 6A78681B2B8BDBFD00C8EBB4 /* SubscriptionDetailsView.swift */; };
		6A803E3A2BF3B5C700E8B68A /* MyAppExtension.swift in Sources */ = {isa = PBXBuildFile; fileRef = 6A803E392BF3B5C700E8B68A /* MyAppExtension.swift */; };
		6A803E3D2BF3B78300E8B68A /* KMPObservableViewModelCore in Frameworks */ = {isa = PBXBuildFile; productRef = 6A803E3C2BF3B78300E8B68A /* KMPObservableViewModelCore */; };
		6A803E3F2BF3B78300E8B68A /* KMPObservableViewModelSwiftUI in Frameworks */ = {isa = PBXBuildFile; productRef = 6A803E3E2BF3B78300E8B68A /* KMPObservableViewModelSwiftUI */; };
		6A803E412BF3C5E600E8B68A /* IdentifiableExtension.swift in Sources */ = {isa = PBXBuildFile; fileRef = 6A803E402BF3C5E600E8B68A /* IdentifiableExtension.swift */; };
		6A80CCC929BB4F8E009D5F4A /* EventView.swift in Sources */ = {isa = PBXBuildFile; fileRef = 6A80CCC829BB4F8E009D5F4A /* EventView.swift */; };
		6A86667329B5FC8F000540BF /* MyAppsiOS in Frameworks */ = {isa = PBXBuildFile; productRef = 6A86667229B5FC8F000540BF /* MyAppsiOS */; };
		6A86667929B61A2D000540BF /* ImagePicker.swift in Sources */ = {isa = PBXBuildFile; fileRef = 6A86667829B61A2D000540BF /* ImagePicker.swift */; };
		6A897F712B9B3138008C7FE7 /* FeedHomeView.swift in Sources */ = {isa = PBXBuildFile; fileRef = 6A897F702B9B3138008C7FE7 /* FeedHomeView.swift */; };
		6A90EE552992FCE10031B196 /* FirebaseAnalytics in Frameworks */ = {isa = PBXBuildFile; productRef = 6A90EE542992FCE10031B196 /* FirebaseAnalytics */; };
		6A90EE572992FCE10031B196 /* FirebaseCrashlytics in Frameworks */ = {isa = PBXBuildFile; productRef = 6A90EE562992FCE10031B196 /* FirebaseCrashlytics */; };
		6A90EE592992FCE10031B196 /* FirebaseMessaging in Frameworks */ = {isa = PBXBuildFile; productRef = 6A90EE582992FCE10031B196 /* FirebaseMessaging */; };
		6A90EE5B2992FD470031B196 /* AnalyticsService.swift in Sources */ = {isa = PBXBuildFile; fileRef = 6A90EE5A2992FD470031B196 /* AnalyticsService.swift */; };
		6A9DD81729891354007F6E3C /* RootView.swift in Sources */ = {isa = PBXBuildFile; fileRef = 6A9DD81629891354007F6E3C /* RootView.swift */; };
		6A9DD81D298914E6007F6E3C /* FeedView.swift in Sources */ = {isa = PBXBuildFile; fileRef = 6A9DD81C298914E6007F6E3C /* FeedView.swift */; };
		6A9DD82229891601007F6E3C /* OldRootViewModel.swift in Sources */ = {isa = PBXBuildFile; fileRef = 6A9DD82129891601007F6E3C /* OldRootViewModel.swift */; };
		6A9DD8282989194D007F6E3C /* SafariView.swift in Sources */ = {isa = PBXBuildFile; fileRef = 6A9DD8272989194D007F6E3C /* SafariView.swift */; };
		6A9DD82A298919A4007F6E3C /* StringExtension.swift in Sources */ = {isa = PBXBuildFile; fileRef = 6A9DD829298919A4007F6E3C /* StringExtension.swift */; };
		6A9DD8312989A7F7007F6E3C /* Keychain in Frameworks */ = {isa = PBXBuildFile; productRef = 6A9DD8302989A7F7007F6E3C /* Keychain */; };
		6A9DD8342989A85B007F6E3C /* StorageService.swift in Sources */ = {isa = PBXBuildFile; fileRef = 6A9DD8332989A85B007F6E3C /* StorageService.swift */; };
		6A9DD8382989ABC5007F6E3C /* DefaultButtonStyle.swift in Sources */ = {isa = PBXBuildFile; fileRef = 6A9DD8372989ABC5007F6E3C /* DefaultButtonStyle.swift */; };
		6AA3C3572B796C3900C0D93F /* ClubsListView.swift in Sources */ = {isa = PBXBuildFile; fileRef = 6AA3C3562B796C3900C0D93F /* ClubsListView.swift */; };
		6AA3C3592B7971A400C0D93F /* DefaultInputStyle.swift in Sources */ = {isa = PBXBuildFile; fileRef = 6AA3C3582B7971A400C0D93F /* DefaultInputStyle.swift */; };
		6AA746432A17D1D700BB1A4A /* CacheService.swift in Sources */ = {isa = PBXBuildFile; fileRef = 6AA746422A17D1D700BB1A4A /* CacheService.swift */; };
		6AB0139D29918F3B00C29106 /* WidgetKit.framework in Frameworks */ = {isa = PBXBuildFile; fileRef = 6AB0139C29918F3B00C29106 /* WidgetKit.framework */; };
		6AB0139F29918F3B00C29106 /* SwiftUI.framework in Frameworks */ = {isa = PBXBuildFile; fileRef = 6AB0139E29918F3B00C29106 /* SwiftUI.framework */; };
		6AB013A229918F3B00C29106 /* QRCodeWidgetBundle.swift in Sources */ = {isa = PBXBuildFile; fileRef = 6AB013A129918F3B00C29106 /* QRCodeWidgetBundle.swift */; };
		6AB013A429918F3B00C29106 /* QRCodeWidget.swift in Sources */ = {isa = PBXBuildFile; fileRef = 6AB013A329918F3B00C29106 /* QRCodeWidget.swift */; };
		6AB013A629918F3C00C29106 /* Assets.xcassets in Resources */ = {isa = PBXBuildFile; fileRef = 6AB013A529918F3C00C29106 /* Assets.xcassets */; };
		6AB013AA29918F3C00C29106 /* QRCodeWidgetExtension.appex in Embed Foundation Extensions */ = {isa = PBXBuildFile; fileRef = 6AB0139B29918F3B00C29106 /* QRCodeWidgetExtension.appex */; settings = {ATTRIBUTES = (RemoveHeadersOnCopy, ); }; };
		6AB013AF29918F9F00C29106 /* StorageService.swift in Sources */ = {isa = PBXBuildFile; fileRef = 6A9DD8332989A85B007F6E3C /* StorageService.swift */; };
		6AB013B029918FA800C29106 /* StringExtension.swift in Sources */ = {isa = PBXBuildFile; fileRef = 6A9DD829298919A4007F6E3C /* StringExtension.swift */; };
		6AB013B229918FFF00C29106 /* Keychain in Frameworks */ = {isa = PBXBuildFile; productRef = 6AB013B129918FFF00C29106 /* Keychain */; };
		6AB065F72A261223007C49B1 /* Kingfisher in Frameworks */ = {isa = PBXBuildFile; productRef = 6AB065F62A261223007C49B1 /* Kingfisher */; };
		6AB8DDB32BF26639004C2EAD /* SubscriptionInUserCard.swift in Sources */ = {isa = PBXBuildFile; fileRef = 6AB8DDB22BF26639004C2EAD /* SubscriptionInUserCard.swift */; };
		6AC3F9042B73F57900ACE3BB /* AuthRootView.swift in Sources */ = {isa = PBXBuildFile; fileRef = 6AC3F9032B73F57900ACE3BB /* AuthRootView.swift */; };
		6AC3F9072B73F60300ACE3BB /* Lottie in Frameworks */ = {isa = PBXBuildFile; productRef = 6AC3F9062B73F60300ACE3BB /* Lottie */; };
		6AC3F90A2B73F61B00ACE3BB /* school.json in Resources */ = {isa = PBXBuildFile; fileRef = 6AC3F9092B73F61B00ACE3BB /* school.json */; };
		6AC3F90C2B73F63B00ACE3BB /* LottieView.swift in Sources */ = {isa = PBXBuildFile; fileRef = 6AC3F90B2B73F63B00ACE3BB /* LottieView.swift */; };
		6AC3F90E2B73FF0F00ACE3BB /* BackgroundColorStyle.swift in Sources */ = {isa = PBXBuildFile; fileRef = 6AC3F90D2B73FF0F00ACE3BB /* BackgroundColorStyle.swift */; };
		6AC3F9102B74D40F00ACE3BB /* CardStyle.swift in Sources */ = {isa = PBXBuildFile; fileRef = 6AC3F90F2B74D40F00ACE3BB /* CardStyle.swift */; };
		6AC3F9122B74D6E900ACE3BB /* FeedRootView.swift in Sources */ = {isa = PBXBuildFile; fileRef = 6AC3F9112B74D6E900ACE3BB /* FeedRootView.swift */; };
		6AC3F9152B752EF600ACE3BB /* DefaultNavigationBar.swift in Sources */ = {isa = PBXBuildFile; fileRef = 6AC3F9142B752EF600ACE3BB /* DefaultNavigationBar.swift */; };
		6AC3F9172B752FEC00ACE3BB /* DefaultNavigationContainer.swift in Sources */ = {isa = PBXBuildFile; fileRef = 6AC3F9162B752FEC00ACE3BB /* DefaultNavigationContainer.swift */; };
		6AC3F9192B75310100ACE3BB /* DefaultNavigationView.swift in Sources */ = {isa = PBXBuildFile; fileRef = 6AC3F9182B75310100ACE3BB /* DefaultNavigationView.swift */; };
		6AC3F91B2B7532C100ACE3BB /* DefaultNavigationPreferenceKeys.swift in Sources */ = {isa = PBXBuildFile; fileRef = 6AC3F91A2B7532C100ACE3BB /* DefaultNavigationPreferenceKeys.swift */; };
		6AC3F91D2B753E9900ACE3BB /* DefaultNavigationLink.swift in Sources */ = {isa = PBXBuildFile; fileRef = 6AC3F91C2B753E9900ACE3BB /* DefaultNavigationLink.swift */; };
		6AC3F9202B75531F00ACE3BB /* EventDetailsView.swift in Sources */ = {isa = PBXBuildFile; fileRef = 6AC3F91F2B75531F00ACE3BB /* EventDetailsView.swift */; };
		6AC50EF42B5951C1006A1DDD /* Sentry in Frameworks */ = {isa = PBXBuildFile; productRef = 6AC50EF32B5951C1006A1DDD /* Sentry */; };
		6AC50EF62B5951C1006A1DDD /* SentrySwiftUI in Frameworks */ = {isa = PBXBuildFile; productRef = 6AC50EF52B5951C1006A1DDD /* SentrySwiftUI */; };
		6AC50EFA2B595319006A1DDD /* KoinExtension.swift in Sources */ = {isa = PBXBuildFile; fileRef = 6AC50EF92B595319006A1DDD /* KoinExtension.swift */; };
		6AC50EFC2B595377006A1DDD /* InjectStateViewModel.swift in Sources */ = {isa = PBXBuildFile; fileRef = 6AC50EFB2B595377006A1DDD /* InjectStateViewModel.swift */; };
		6AC50F042B5953F1006A1DDD /* KMPNativeCoroutinesAsync in Frameworks */ = {isa = PBXBuildFile; productRef = 6AC50F032B5953F1006A1DDD /* KMPNativeCoroutinesAsync */; };
		6AD2B0D8298D8AD100099510 /* ScannerView.swift in Sources */ = {isa = PBXBuildFile; fileRef = 6AD2B0D7298D8AD100099510 /* ScannerView.swift */; };
		6AD2B0DB298D8AEB00099510 /* CodeScanner in Frameworks */ = {isa = PBXBuildFile; productRef = 6AD2B0DA298D8AEB00099510 /* CodeScanner */; };
		6AD2B0DD298D8DFF00099510 /* ScannerViewModel.swift in Sources */ = {isa = PBXBuildFile; fileRef = 6AD2B0DC298D8DFF00099510 /* ScannerViewModel.swift */; };
		6AD2B0DF298D966200099510 /* UserView.swift in Sources */ = {isa = PBXBuildFile; fileRef = 6AD2B0DE298D966200099510 /* UserView.swift */; };
		6AD2B0E1298D967700099510 /* OldUserViewModel.swift in Sources */ = {isa = PBXBuildFile; fileRef = 6AD2B0E0298D967700099510 /* OldUserViewModel.swift */; };
		6AD2B0E3298DA41700099510 /* DateExtension.swift in Sources */ = {isa = PBXBuildFile; fileRef = 6AD2B0E2298DA41700099510 /* DateExtension.swift */; };
		6ADB38EE2B5ABF1C00CFBAF9 /* TokenRepository.swift in Sources */ = {isa = PBXBuildFile; fileRef = 6ADB38ED2B5ABF1C00CFBAF9 /* TokenRepository.swift */; };
		6ADCFB5C2A57FE230036C410 /* ChatView.swift in Sources */ = {isa = PBXBuildFile; fileRef = 6ADCFB5B2A57FE230036C410 /* ChatView.swift */; };
		6ADCFB5E2A57FECA0036C410 /* ChatViewModel.swift in Sources */ = {isa = PBXBuildFile; fileRef = 6ADCFB5D2A57FECA0036C410 /* ChatViewModel.swift */; };
		6ADCFB622A5808A90036C410 /* ConversationView.swift in Sources */ = {isa = PBXBuildFile; fileRef = 6ADCFB612A5808A90036C410 /* ConversationView.swift */; };
		6ADCFB642A5809150036C410 /* ConversationViewModel.swift in Sources */ = {isa = PBXBuildFile; fileRef = 6ADCFB632A5809150036C410 /* ConversationViewModel.swift */; };
		6ADCFB662A5809310036C410 /* MessageView.swift in Sources */ = {isa = PBXBuildFile; fileRef = 6ADCFB652A5809310036C410 /* MessageView.swift */; };
		6ADCFB682A5865640036C410 /* ConversationSettingsView.swift in Sources */ = {isa = PBXBuildFile; fileRef = 6ADCFB672A5865640036C410 /* ConversationSettingsView.swift */; };
		6ADCFB6A2A5865770036C410 /* ConversationSettingsViewModel.swift in Sources */ = {isa = PBXBuildFile; fileRef = 6ADCFB692A5865770036C410 /* ConversationSettingsViewModel.swift */; };
		6ADCFB6C2A596D510036C410 /* WebSocketService.swift in Sources */ = {isa = PBXBuildFile; fileRef = 6ADCFB6B2A596D510036C410 /* WebSocketService.swift */; };
		6ADCFB6F2A59704F0036C410 /* Reachability in Frameworks */ = {isa = PBXBuildFile; productRef = 6ADCFB6E2A59704F0036C410 /* Reachability */; };
		6ADE949A2B7A9F4F0064BF52 /* ClubDetailsView.swift in Sources */ = {isa = PBXBuildFile; fileRef = 6ADE94992B7A9F4F0064BF52 /* ClubDetailsView.swift */; };
		6ADE949D2B7AA7AA0064BF52 /* UserCard.swift in Sources */ = {isa = PBXBuildFile; fileRef = 6ADE949C2B7AA7AA0064BF52 /* UserCard.swift */; };
		6AE6D0702B5BF1A20010EED2 /* Localizable.strings in Resources */ = {isa = PBXBuildFile; fileRef = 6AE6D0722B5BF1A20010EED2 /* Localizable.strings */; };
		6AE6D0752B5BF3E80010EED2 /* KMMViewModelExtension.swift in Sources */ = {isa = PBXBuildFile; fileRef = 6AE6D0742B5BF3E80010EED2 /* KMMViewModelExtension.swift */; };
		6AE6D0792B5BF5100010EED2 /* AnalyticsRepository.swift in Sources */ = {isa = PBXBuildFile; fileRef = 6AE6D0782B5BF5100010EED2 /* AnalyticsRepository.swift */; };
		6AE6D07D2B5C329F0010EED2 /* EventCard.swift in Sources */ = {isa = PBXBuildFile; fileRef = 6AE6D07C2B5C329F0010EED2 /* EventCard.swift */; };
		6AEC7B512BA7142E00988198 /* AppDelegate.swift in Sources */ = {isa = PBXBuildFile; fileRef = 6AEC7B502BA7142E00988198 /* AppDelegate.swift */; };
		6AEC7B542BA7AABB00988198 /* SendNotificationRootView.swift in Sources */ = {isa = PBXBuildFile; fileRef = 6AEC7B532BA7AABB00988198 /* SendNotificationRootView.swift */; };
		6AF94F022B5EBBE400EE227B /* AuthView.swift in Sources */ = {isa = PBXBuildFile; fileRef = 6AF94F012B5EBBE400EE227B /* AuthView.swift */; };
		6AF94F042B5EBC3F00EE227B /* AuthSheet.swift in Sources */ = {isa = PBXBuildFile; fileRef = 6AF94F032B5EBC3F00EE227B /* AuthSheet.swift */; };
/* End PBXBuildFile section */

/* Begin PBXContainerItemProxy section */
		6AB013A829918F3C00C29106 /* PBXContainerItemProxy */ = {
			isa = PBXContainerItemProxy;
			containerPortal = 7555FF73242A565900829871 /* Project object */;
			proxyType = 1;
			remoteGlobalIDString = 6AB0139A29918F3B00C29106;
			remoteInfo = QRCodeWidgetExtension;
		};
/* End PBXContainerItemProxy section */

/* Begin PBXCopyFilesBuildPhase section */
		6AB013AE29918F3C00C29106 /* Embed Foundation Extensions */ = {
			isa = PBXCopyFilesBuildPhase;
			buildActionMask = 2147483647;
			dstPath = "";
			dstSubfolderSpec = 13;
			files = (
				6AB013AA29918F3C00C29106 /* QRCodeWidgetExtension.appex in Embed Foundation Extensions */,
			);
			name = "Embed Foundation Extensions";
			runOnlyForDeploymentPostprocessing = 0;
		};
		7555FFB4242A642300829871 /* Embed Frameworks */ = {
			isa = PBXCopyFilesBuildPhase;
			buildActionMask = 2147483647;
			dstPath = "";
			dstSubfolderSpec = 10;
			files = (
			);
			name = "Embed Frameworks";
			runOnlyForDeploymentPostprocessing = 0;
		};
/* End PBXCopyFilesBuildPhase section */

/* Begin PBXFileReference section */
		058557BA273AAA24004C7B11 /* Assets.xcassets */ = {isa = PBXFileReference; lastKnownFileType = folder.assetcatalog; path = Assets.xcassets; sourceTree = "<group>"; };
		058557D8273AAEEB004C7B11 /* Preview Assets.xcassets */ = {isa = PBXFileReference; lastKnownFileType = folder.assetcatalog; path = "Preview Assets.xcassets"; sourceTree = "<group>"; };
		2152FB032600AC8F00CF470E /* SuiteBDEApp.swift */ = {isa = PBXFileReference; lastKnownFileType = sourcecode.swift; path = SuiteBDEApp.swift; sourceTree = "<group>"; };
		6A0C419C2BA8592000C7DF8F /* NotificationsRepository.swift */ = {isa = PBXFileReference; lastKnownFileType = sourcecode.swift; path = NotificationsRepository.swift; sourceTree = "<group>"; };
		6A0D1095299BD45700508DC8 /* SettingsView.swift */ = {isa = PBXFileReference; lastKnownFileType = sourcecode.swift; path = SettingsView.swift; sourceTree = "<group>"; };
		6A0D109A299BEBB600508DC8 /* SendNotificationView.swift */ = {isa = PBXFileReference; lastKnownFileType = sourcecode.swift; path = SendNotificationView.swift; sourceTree = "<group>"; };
		6A0E981229E73C9200F52181 /* NSNumberExtension.swift */ = {isa = PBXFileReference; lastKnownFileType = sourcecode.swift; path = NSNumberExtension.swift; sourceTree = "<group>"; };
		6A3C96F92B765823004E4E56 /* AuthErrorView.swift */ = {isa = PBXFileReference; lastKnownFileType = sourcecode.swift; path = AuthErrorView.swift; sourceTree = "<group>"; };
		6A3C96FB2B7658A6004E4E56 /* error.json */ = {isa = PBXFileReference; fileEncoding = 4; lastKnownFileType = text.json; path = error.json; sourceTree = "<group>"; };
		6A4E51252B9B19F900CDBC92 /* FeedSearchView.swift */ = {isa = PBXFileReference; lastKnownFileType = sourcecode.swift; path = FeedSearchView.swift; sourceTree = "<group>"; };
		6A4EC7452A1661DB002A0E90 /* AlertCase.swift */ = {isa = PBXFileReference; lastKnownFileType = sourcecode.swift; path = AlertCase.swift; sourceTree = "<group>"; };
		6A50AC8F2999A4F7003A3F57 /* ClubsView.swift */ = {isa = PBXFileReference; lastKnownFileType = sourcecode.swift; path = ClubsView.swift; sourceTree = "<group>"; };
		6A5F86C02B950E6500DF559E /* QRCodeRootView.swift */ = {isa = PBXFileReference; lastKnownFileType = sourcecode.swift; path = QRCodeRootView.swift; sourceTree = "<group>"; };
		6A5F86C22B9510C600DF559E /* QRCodeView.swift */ = {isa = PBXFileReference; lastKnownFileType = sourcecode.swift; path = QRCodeView.swift; sourceTree = "<group>"; };
		6A5F86C42B95128500DF559E /* QRCodeCard.swift */ = {isa = PBXFileReference; lastKnownFileType = sourcecode.swift; path = QRCodeCard.swift; sourceTree = "<group>"; };
		6A7024EC2B84E0A600BFAA5E /* DefaultCard.swift */ = {isa = PBXFileReference; lastKnownFileType = sourcecode.swift; path = DefaultCard.swift; sourceTree = "<group>"; };
		6A7025032B8514EE00BFAA5E /* GoogleService-Info.plist */ = {isa = PBXFileReference; fileEncoding = 4; lastKnownFileType = text.plist.xml; path = "GoogleService-Info.plist"; sourceTree = "<group>"; };
		6A7025052B85150700BFAA5E /* GoogleService-Info.dev.plist */ = {isa = PBXFileReference; fileEncoding = 4; lastKnownFileType = text.plist.xml; path = "GoogleService-Info.dev.plist"; sourceTree = "<group>"; };
		6A7025072B851C8300BFAA5E /* SuiteBDE.dev.entitlements */ = {isa = PBXFileReference; fileEncoding = 4; lastKnownFileType = text.plist.entitlements; path = SuiteBDE.dev.entitlements; sourceTree = "<group>"; };
		6A7025082B851DAE00BFAA5E /* QRCodeWidgetExtension.dev.entitlements */ = {isa = PBXFileReference; lastKnownFileType = text.plist.entitlements; path = QRCodeWidgetExtension.dev.entitlements; sourceTree = "<group>"; };
		6A712B682BAB61D0003423AA /* UserDetailsView.swift */ = {isa = PBXFileReference; lastKnownFileType = sourcecode.swift; path = UserDetailsView.swift; sourceTree = "<group>"; };
		6A7214342A97809000C36256 /* ScanHistoryView.swift */ = {isa = PBXFileReference; lastKnownFileType = sourcecode.swift; path = ScanHistoryView.swift; sourceTree = "<group>"; };
		6A753CFC299AE51400E346AA /* ClubView.swift */ = {isa = PBXFileReference; lastKnownFileType = sourcecode.swift; path = ClubView.swift; sourceTree = "<group>"; };
		6A753CFE299AE78D00E346AA /* ClubCard.swift */ = {isa = PBXFileReference; lastKnownFileType = sourcecode.swift; path = ClubCard.swift; sourceTree = "<group>"; };
		6A7868152B8BCF4B00C8EBB4 /* SubscriptionCard.swift */ = {isa = PBXFileReference; lastKnownFileType = sourcecode.swift; path = SubscriptionCard.swift; sourceTree = "<group>"; };
		6A7868172B8BD6C400C8EBB4 /* SubscriptionView.swift */ = {isa = PBXFileReference; lastKnownFileType = sourcecode.swift; path = SubscriptionView.swift; sourceTree = "<group>"; };
		6A78681B2B8BDBFD00C8EBB4 /* SubscriptionDetailsView.swift */ = {isa = PBXFileReference; lastKnownFileType = sourcecode.swift; path = SubscriptionDetailsView.swift; sourceTree = "<group>"; };
		6A803E392BF3B5C700E8B68A /* MyAppExtension.swift */ = {isa = PBXFileReference; lastKnownFileType = sourcecode.swift; path = MyAppExtension.swift; sourceTree = "<group>"; };
		6A803E402BF3C5E600E8B68A /* IdentifiableExtension.swift */ = {isa = PBXFileReference; lastKnownFileType = sourcecode.swift; path = IdentifiableExtension.swift; sourceTree = "<group>"; };
		6A80CCC829BB4F8E009D5F4A /* EventView.swift */ = {isa = PBXFileReference; lastKnownFileType = sourcecode.swift; path = EventView.swift; sourceTree = "<group>"; };
		6A86667829B61A2D000540BF /* ImagePicker.swift */ = {isa = PBXFileReference; lastKnownFileType = sourcecode.swift; path = ImagePicker.swift; sourceTree = "<group>"; };
		6A897F702B9B3138008C7FE7 /* FeedHomeView.swift */ = {isa = PBXFileReference; lastKnownFileType = sourcecode.swift; path = FeedHomeView.swift; sourceTree = "<group>"; };
		6A90EE5A2992FD470031B196 /* AnalyticsService.swift */ = {isa = PBXFileReference; lastKnownFileType = sourcecode.swift; path = AnalyticsService.swift; sourceTree = "<group>"; };
		6A9DD81629891354007F6E3C /* RootView.swift */ = {isa = PBXFileReference; lastKnownFileType = sourcecode.swift; path = RootView.swift; sourceTree = "<group>"; };
		6A9DD81C298914E6007F6E3C /* FeedView.swift */ = {isa = PBXFileReference; lastKnownFileType = sourcecode.swift; path = FeedView.swift; sourceTree = "<group>"; };
		6A9DD82129891601007F6E3C /* OldRootViewModel.swift */ = {isa = PBXFileReference; lastKnownFileType = sourcecode.swift; path = OldRootViewModel.swift; sourceTree = "<group>"; };
		6A9DD8272989194D007F6E3C /* SafariView.swift */ = {isa = PBXFileReference; lastKnownFileType = sourcecode.swift; path = SafariView.swift; sourceTree = "<group>"; };
		6A9DD829298919A4007F6E3C /* StringExtension.swift */ = {isa = PBXFileReference; lastKnownFileType = sourcecode.swift; path = StringExtension.swift; sourceTree = "<group>"; };
		6A9DD8332989A85B007F6E3C /* StorageService.swift */ = {isa = PBXFileReference; lastKnownFileType = sourcecode.swift; path = StorageService.swift; sourceTree = "<group>"; };
		6A9DD8372989ABC5007F6E3C /* DefaultButtonStyle.swift */ = {isa = PBXFileReference; lastKnownFileType = sourcecode.swift; path = DefaultButtonStyle.swift; sourceTree = "<group>"; };
		6AA3C3562B796C3900C0D93F /* ClubsListView.swift */ = {isa = PBXFileReference; lastKnownFileType = sourcecode.swift; path = ClubsListView.swift; sourceTree = "<group>"; };
		6AA3C3582B7971A400C0D93F /* DefaultInputStyle.swift */ = {isa = PBXFileReference; lastKnownFileType = sourcecode.swift; path = DefaultInputStyle.swift; sourceTree = "<group>"; };
		6AA746422A17D1D700BB1A4A /* CacheService.swift */ = {isa = PBXFileReference; lastKnownFileType = sourcecode.swift; path = CacheService.swift; sourceTree = "<group>"; };
		6AB0139629918D0F00C29106 /* SuiteBDE.entitlements */ = {isa = PBXFileReference; lastKnownFileType = text.plist.entitlements; path = SuiteBDE.entitlements; sourceTree = "<group>"; };
		6AB0139B29918F3B00C29106 /* QRCodeWidgetExtension.appex */ = {isa = PBXFileReference; explicitFileType = "wrapper.app-extension"; includeInIndex = 0; path = QRCodeWidgetExtension.appex; sourceTree = BUILT_PRODUCTS_DIR; };
		6AB0139C29918F3B00C29106 /* WidgetKit.framework */ = {isa = PBXFileReference; lastKnownFileType = wrapper.framework; name = WidgetKit.framework; path = System/Library/Frameworks/WidgetKit.framework; sourceTree = SDKROOT; };
		6AB0139E29918F3B00C29106 /* SwiftUI.framework */ = {isa = PBXFileReference; lastKnownFileType = wrapper.framework; name = SwiftUI.framework; path = System/Library/Frameworks/SwiftUI.framework; sourceTree = SDKROOT; };
		6AB013A129918F3B00C29106 /* QRCodeWidgetBundle.swift */ = {isa = PBXFileReference; lastKnownFileType = sourcecode.swift; path = QRCodeWidgetBundle.swift; sourceTree = "<group>"; };
		6AB013A329918F3B00C29106 /* QRCodeWidget.swift */ = {isa = PBXFileReference; lastKnownFileType = sourcecode.swift; path = QRCodeWidget.swift; sourceTree = "<group>"; };
		6AB013A529918F3C00C29106 /* Assets.xcassets */ = {isa = PBXFileReference; lastKnownFileType = folder.assetcatalog; path = Assets.xcassets; sourceTree = "<group>"; };
		6AB013A729918F3C00C29106 /* Info.plist */ = {isa = PBXFileReference; lastKnownFileType = text.plist.xml; path = Info.plist; sourceTree = "<group>"; };
		6AB013B3299192B500C29106 /* QRCodeWidgetExtension.entitlements */ = {isa = PBXFileReference; lastKnownFileType = text.plist.entitlements; path = QRCodeWidgetExtension.entitlements; sourceTree = "<group>"; };
		6AB8DDB22BF26639004C2EAD /* SubscriptionInUserCard.swift */ = {isa = PBXFileReference; lastKnownFileType = sourcecode.swift; path = SubscriptionInUserCard.swift; sourceTree = "<group>"; };
		6AC3F9032B73F57900ACE3BB /* AuthRootView.swift */ = {isa = PBXFileReference; lastKnownFileType = sourcecode.swift; path = AuthRootView.swift; sourceTree = "<group>"; };
		6AC3F9092B73F61B00ACE3BB /* school.json */ = {isa = PBXFileReference; fileEncoding = 4; lastKnownFileType = text.json; path = school.json; sourceTree = "<group>"; };
		6AC3F90B2B73F63B00ACE3BB /* LottieView.swift */ = {isa = PBXFileReference; lastKnownFileType = sourcecode.swift; path = LottieView.swift; sourceTree = "<group>"; };
		6AC3F90D2B73FF0F00ACE3BB /* BackgroundColorStyle.swift */ = {isa = PBXFileReference; lastKnownFileType = sourcecode.swift; path = BackgroundColorStyle.swift; sourceTree = "<group>"; };
		6AC3F90F2B74D40F00ACE3BB /* CardStyle.swift */ = {isa = PBXFileReference; lastKnownFileType = sourcecode.swift; path = CardStyle.swift; sourceTree = "<group>"; };
		6AC3F9112B74D6E900ACE3BB /* FeedRootView.swift */ = {isa = PBXFileReference; lastKnownFileType = sourcecode.swift; path = FeedRootView.swift; sourceTree = "<group>"; };
		6AC3F9142B752EF600ACE3BB /* DefaultNavigationBar.swift */ = {isa = PBXFileReference; lastKnownFileType = sourcecode.swift; path = DefaultNavigationBar.swift; sourceTree = "<group>"; };
		6AC3F9162B752FEC00ACE3BB /* DefaultNavigationContainer.swift */ = {isa = PBXFileReference; lastKnownFileType = sourcecode.swift; path = DefaultNavigationContainer.swift; sourceTree = "<group>"; };
		6AC3F9182B75310100ACE3BB /* DefaultNavigationView.swift */ = {isa = PBXFileReference; lastKnownFileType = sourcecode.swift; path = DefaultNavigationView.swift; sourceTree = "<group>"; };
		6AC3F91A2B7532C100ACE3BB /* DefaultNavigationPreferenceKeys.swift */ = {isa = PBXFileReference; lastKnownFileType = sourcecode.swift; path = DefaultNavigationPreferenceKeys.swift; sourceTree = "<group>"; };
		6AC3F91C2B753E9900ACE3BB /* DefaultNavigationLink.swift */ = {isa = PBXFileReference; lastKnownFileType = sourcecode.swift; path = DefaultNavigationLink.swift; sourceTree = "<group>"; };
		6AC3F91F2B75531F00ACE3BB /* EventDetailsView.swift */ = {isa = PBXFileReference; lastKnownFileType = sourcecode.swift; path = EventDetailsView.swift; sourceTree = "<group>"; };
		6AC50EF92B595319006A1DDD /* KoinExtension.swift */ = {isa = PBXFileReference; lastKnownFileType = sourcecode.swift; path = KoinExtension.swift; sourceTree = "<group>"; };
		6AC50EFB2B595377006A1DDD /* InjectStateViewModel.swift */ = {isa = PBXFileReference; lastKnownFileType = sourcecode.swift; path = InjectStateViewModel.swift; sourceTree = "<group>"; };
		6AD2B0D7298D8AD100099510 /* ScannerView.swift */ = {isa = PBXFileReference; lastKnownFileType = sourcecode.swift; path = ScannerView.swift; sourceTree = "<group>"; };
		6AD2B0DC298D8DFF00099510 /* ScannerViewModel.swift */ = {isa = PBXFileReference; lastKnownFileType = sourcecode.swift; path = ScannerViewModel.swift; sourceTree = "<group>"; };
		6AD2B0DE298D966200099510 /* UserView.swift */ = {isa = PBXFileReference; lastKnownFileType = sourcecode.swift; path = UserView.swift; sourceTree = "<group>"; };
		6AD2B0E0298D967700099510 /* OldUserViewModel.swift */ = {isa = PBXFileReference; lastKnownFileType = sourcecode.swift; path = OldUserViewModel.swift; sourceTree = "<group>"; };
		6AD2B0E2298DA41700099510 /* DateExtension.swift */ = {isa = PBXFileReference; lastKnownFileType = sourcecode.swift; path = DateExtension.swift; sourceTree = "<group>"; };
		6ADB38ED2B5ABF1C00CFBAF9 /* TokenRepository.swift */ = {isa = PBXFileReference; lastKnownFileType = sourcecode.swift; path = TokenRepository.swift; sourceTree = "<group>"; };
		6ADCFB5B2A57FE230036C410 /* ChatView.swift */ = {isa = PBXFileReference; lastKnownFileType = sourcecode.swift; path = ChatView.swift; sourceTree = "<group>"; };
		6ADCFB5D2A57FECA0036C410 /* ChatViewModel.swift */ = {isa = PBXFileReference; lastKnownFileType = sourcecode.swift; path = ChatViewModel.swift; sourceTree = "<group>"; };
		6ADCFB612A5808A90036C410 /* ConversationView.swift */ = {isa = PBXFileReference; lastKnownFileType = sourcecode.swift; path = ConversationView.swift; sourceTree = "<group>"; };
		6ADCFB632A5809150036C410 /* ConversationViewModel.swift */ = {isa = PBXFileReference; lastKnownFileType = sourcecode.swift; path = ConversationViewModel.swift; sourceTree = "<group>"; };
		6ADCFB652A5809310036C410 /* MessageView.swift */ = {isa = PBXFileReference; lastKnownFileType = sourcecode.swift; path = MessageView.swift; sourceTree = "<group>"; };
		6ADCFB672A5865640036C410 /* ConversationSettingsView.swift */ = {isa = PBXFileReference; lastKnownFileType = sourcecode.swift; path = ConversationSettingsView.swift; sourceTree = "<group>"; };
		6ADCFB692A5865770036C410 /* ConversationSettingsViewModel.swift */ = {isa = PBXFileReference; lastKnownFileType = sourcecode.swift; path = ConversationSettingsViewModel.swift; sourceTree = "<group>"; };
		6ADCFB6B2A596D510036C410 /* WebSocketService.swift */ = {isa = PBXFileReference; lastKnownFileType = sourcecode.swift; path = WebSocketService.swift; sourceTree = "<group>"; };
		6ADE94992B7A9F4F0064BF52 /* ClubDetailsView.swift */ = {isa = PBXFileReference; lastKnownFileType = sourcecode.swift; path = ClubDetailsView.swift; sourceTree = "<group>"; };
		6ADE949C2B7AA7AA0064BF52 /* UserCard.swift */ = {isa = PBXFileReference; lastKnownFileType = sourcecode.swift; path = UserCard.swift; sourceTree = "<group>"; };
		6AE6D0712B5BF1A20010EED2 /* en */ = {isa = PBXFileReference; lastKnownFileType = text.plist.strings; name = en; path = en.lproj/Localizable.strings; sourceTree = "<group>"; };
		6AE6D0732B5BF1B00010EED2 /* fr */ = {isa = PBXFileReference; lastKnownFileType = text.plist.strings; name = fr; path = fr.lproj/Localizable.strings; sourceTree = "<group>"; };
		6AE6D0742B5BF3E80010EED2 /* KMMViewModelExtension.swift */ = {isa = PBXFileReference; lastKnownFileType = sourcecode.swift; path = KMMViewModelExtension.swift; sourceTree = "<group>"; };
		6AE6D0782B5BF5100010EED2 /* AnalyticsRepository.swift */ = {isa = PBXFileReference; lastKnownFileType = sourcecode.swift; path = AnalyticsRepository.swift; sourceTree = "<group>"; };
		6AE6D07C2B5C329F0010EED2 /* EventCard.swift */ = {isa = PBXFileReference; lastKnownFileType = sourcecode.swift; path = EventCard.swift; sourceTree = "<group>"; };
		6AEC7B502BA7142E00988198 /* AppDelegate.swift */ = {isa = PBXFileReference; lastKnownFileType = sourcecode.swift; path = AppDelegate.swift; sourceTree = "<group>"; };
		6AEC7B532BA7AABB00988198 /* SendNotificationRootView.swift */ = {isa = PBXFileReference; lastKnownFileType = sourcecode.swift; path = SendNotificationRootView.swift; sourceTree = "<group>"; };
		6AF94F012B5EBBE400EE227B /* AuthView.swift */ = {isa = PBXFileReference; lastKnownFileType = sourcecode.swift; path = AuthView.swift; sourceTree = "<group>"; };
		6AF94F032B5EBC3F00EE227B /* AuthSheet.swift */ = {isa = PBXFileReference; lastKnownFileType = sourcecode.swift; path = AuthSheet.swift; sourceTree = "<group>"; };
		7555FF7B242A565900829871 /* BDE.app */ = {isa = PBXFileReference; explicitFileType = wrapper.application; includeInIndex = 0; path = BDE.app; sourceTree = BUILT_PRODUCTS_DIR; };
		7555FF8C242A565B00829871 /* Info.plist */ = {isa = PBXFileReference; lastKnownFileType = text.plist.xml; path = Info.plist; sourceTree = "<group>"; };
/* End PBXFileReference section */

/* Begin PBXFrameworksBuildPhase section */
		6AB0139829918F3B00C29106 /* Frameworks */ = {
			isa = PBXFrameworksBuildPhase;
			buildActionMask = 2147483647;
			files = (
				6AB0139F29918F3B00C29106 /* SwiftUI.framework in Frameworks */,
				6AB013B229918FFF00C29106 /* Keychain in Frameworks */,
				6AB0139D29918F3B00C29106 /* WidgetKit.framework in Frameworks */,
			);
			runOnlyForDeploymentPostprocessing = 0;
		};
		7555FF78242A565900829871 /* Frameworks */ = {
			isa = PBXFrameworksBuildPhase;
			buildActionMask = 2147483647;
			files = (
				6A86667329B5FC8F000540BF /* MyAppsiOS in Frameworks */,
				6AC3F9072B73F60300ACE3BB /* Lottie in Frameworks */,
				6AC50EF62B5951C1006A1DDD /* SentrySwiftUI in Frameworks */,
				6AD2B0DB298D8AEB00099510 /* CodeScanner in Frameworks */,
				6AC50EF42B5951C1006A1DDD /* Sentry in Frameworks */,
				6AB065F72A261223007C49B1 /* Kingfisher in Frameworks */,
				6A90EE572992FCE10031B196 /* FirebaseCrashlytics in Frameworks */,
				6A803E3F2BF3B78300E8B68A /* KMPObservableViewModelSwiftUI in Frameworks */,
				6A90EE592992FCE10031B196 /* FirebaseMessaging in Frameworks */,
				6AC50F042B5953F1006A1DDD /* KMPNativeCoroutinesAsync in Frameworks */,
				6ADCFB6F2A59704F0036C410 /* Reachability in Frameworks */,
				6A9DD8312989A7F7007F6E3C /* Keychain in Frameworks */,
				6A803E3D2BF3B78300E8B68A /* KMPObservableViewModelCore in Frameworks */,
				6A90EE552992FCE10031B196 /* FirebaseAnalytics in Frameworks */,
			);
			runOnlyForDeploymentPostprocessing = 0;
		};
/* End PBXFrameworksBuildPhase section */

/* Begin PBXGroup section */
		058557D7273AAEEB004C7B11 /* Preview Content */ = {
			isa = PBXGroup;
			children = (
				058557D8273AAEEB004C7B11 /* Preview Assets.xcassets */,
			);
			path = "Preview Content";
			sourceTree = "<group>";
		};
		6A0C419B2BA8590A00C7DF8F /* Notifications */ = {
			isa = PBXGroup;
			children = (
				6A0C419C2BA8592000C7DF8F /* NotificationsRepository.swift */,
			);
			path = Notifications;
			sourceTree = "<group>";
		};
		6A0D1094299BD43D00508DC8 /* Settings */ = {
			isa = PBXGroup;
			children = (
				6A0D1095299BD45700508DC8 /* SettingsView.swift */,
			);
			path = Settings;
			sourceTree = "<group>";
		};
		6A0D1099299BEB8D00508DC8 /* Notifications */ = {
			isa = PBXGroup;
			children = (
				6A0D109A299BEBB600508DC8 /* SendNotificationView.swift */,
			);
			path = Notifications;
			sourceTree = "<group>";
		};
		6A50AC8E2999A4BA003A3F57 /* Clubs */ = {
			isa = PBXGroup;
			children = (
				6A50AC8F2999A4F7003A3F57 /* ClubsView.swift */,
				6A753CFC299AE51400E346AA /* ClubView.swift */,
			);
			path = Clubs;
			sourceTree = "<group>";
		};
		6A7024EE2B84E15D00BFAA5E /* Lottie */ = {
			isa = PBXGroup;
			children = (
				6AC3F90B2B73F63B00ACE3BB /* LottieView.swift */,
			);
			path = Lottie;
			sourceTree = "<group>";
		};
		6A7868192B8BDBB400C8EBB4 /* Subscriptions */ = {
			isa = PBXGroup;
			children = (
				6A7868172B8BD6C400C8EBB4 /* SubscriptionView.swift */,
			);
			path = Subscriptions;
			sourceTree = "<group>";
		};
		6A78681A2B8BDBDB00C8EBB4 /* Subscriptions */ = {
			isa = PBXGroup;
			children = (
				6A78681B2B8BDBFD00C8EBB4 /* SubscriptionDetailsView.swift */,
			);
			path = Subscriptions;
			sourceTree = "<group>";
		};
		6A80CCC729BB4F6F009D5F4A /* Events */ = {
			isa = PBXGroup;
			children = (
				6A80CCC829BB4F8E009D5F4A /* EventView.swift */,
			);
			path = Events;
			sourceTree = "<group>";
		};
		6A9DD815298912FB007F6E3C /* Features */ = {
			isa = PBXGroup;
			children = (
				6AF94F002B5EBBD400EE227B /* Auth */,
				6ADCFB5A2A57FE080036C410 /* Chat */,
				6A50AC8E2999A4BA003A3F57 /* Clubs */,
				6A80CCC729BB4F6F009D5F4A /* Events */,
				6A9DD81B298914D9007F6E3C /* Feed */,
				6A0D1099299BEB8D00508DC8 /* Notifications */,
				6ADB38EF2B5AC07800CFBAF9 /* Root */,
				6AD2B0D6298D8A1600099510 /* Scans */,
				6A0D1094299BD43D00508DC8 /* Settings */,
				6A7868192B8BDBB400C8EBB4 /* Subscriptions */,
				6AD2B0D5298D89FC00099510 /* Users */,
			);
			path = Features;
			sourceTree = "<group>";
		};
		6A9DD81B298914D9007F6E3C /* Feed */ = {
			isa = PBXGroup;
			children = (
				6A9DD81C298914E6007F6E3C /* FeedView.swift */,
			);
			path = Feed;
			sourceTree = "<group>";
		};
		6A9DD8252989189C007F6E3C /* Extensions */ = {
			isa = PBXGroup;
			children = (
				6AD2B0E2298DA41700099510 /* DateExtension.swift */,
				6A0E981229E73C9200F52181 /* NSNumberExtension.swift */,
				6A9DD829298919A4007F6E3C /* StringExtension.swift */,
				6AE6D0742B5BF3E80010EED2 /* KMMViewModelExtension.swift */,
				6A803E392BF3B5C700E8B68A /* MyAppExtension.swift */,
				6A803E402BF3C5E600E8B68A /* IdentifiableExtension.swift */,
			);
			path = Extensions;
			sourceTree = "<group>";
		};
		6A9DD8262989193C007F6E3C /* Components */ = {
			isa = PBXGroup;
			children = (
				6A7024EE2B84E15D00BFAA5E /* Lottie */,
				6AC3F9022B73F53100ACE3BB /* Auth */,
				6AE6D07B2B5C323D0010EED2 /* Clubs */,
				6AC3F91E2B7552F000ACE3BB /* Events */,
				6AE6D07A2B5C32350010EED2 /* Feed */,
				6AC3F9132B752EC100ACE3BB /* Navigation */,
				6AEC7B522BA7AA9200988198 /* Notifications */,
				6A78681A2B8BDBDB00C8EBB4 /* Subscriptions */,
				6ADE949B2B7AA79A0064BF52 /* Users */,
				6A9DD8272989194D007F6E3C /* SafariView.swift */,
				6A86667829B61A2D000540BF /* ImagePicker.swift */,
				6A4EC7452A1661DB002A0E90 /* AlertCase.swift */,
				6A7024EC2B84E0A600BFAA5E /* DefaultCard.swift */,
			);
			path = Components;
			sourceTree = "<group>";
		};
		6A9DD8322989A84C007F6E3C /* Services */ = {
			isa = PBXGroup;
			children = (
				6A90EE5A2992FD470031B196 /* AnalyticsService.swift */,
				6AA746422A17D1D700BB1A4A /* CacheService.swift */,
				6A9DD8332989A85B007F6E3C /* StorageService.swift */,
				6ADCFB6B2A596D510036C410 /* WebSocketService.swift */,
			);
			path = Services;
			sourceTree = "<group>";
		};
		6AB013A029918F3B00C29106 /* QRCodeWidget */ = {
			isa = PBXGroup;
			children = (
				6AB013A129918F3B00C29106 /* QRCodeWidgetBundle.swift */,
				6AB013A329918F3B00C29106 /* QRCodeWidget.swift */,
				6AB013A529918F3C00C29106 /* Assets.xcassets */,
				6AB013B3299192B500C29106 /* QRCodeWidgetExtension.entitlements */,
				6A7025082B851DAE00BFAA5E /* QRCodeWidgetExtension.dev.entitlements */,
				6AB013A729918F3C00C29106 /* Info.plist */,
			);
			path = QRCodeWidget;
			sourceTree = "<group>";
		};
		6AC3F9022B73F53100ACE3BB /* Auth */ = {
			isa = PBXGroup;
			children = (
				6AC3F9032B73F57900ACE3BB /* AuthRootView.swift */,
				6A3C96F92B765823004E4E56 /* AuthErrorView.swift */,
			);
			path = Auth;
			sourceTree = "<group>";
		};
		6AC3F9082B73F61200ACE3BB /* Lottie */ = {
			isa = PBXGroup;
			children = (
				6A3C96FB2B7658A6004E4E56 /* error.json */,
				6AC3F9092B73F61B00ACE3BB /* school.json */,
			);
			path = Lottie;
			sourceTree = "<group>";
		};
		6AC3F9132B752EC100ACE3BB /* Navigation */ = {
			isa = PBXGroup;
			children = (
				6AC3F91A2B7532C100ACE3BB /* DefaultNavigationPreferenceKeys.swift */,
				6AC3F9142B752EF600ACE3BB /* DefaultNavigationBar.swift */,
				6AC3F9162B752FEC00ACE3BB /* DefaultNavigationContainer.swift */,
				6AC3F9182B75310100ACE3BB /* DefaultNavigationView.swift */,
				6AC3F91C2B753E9900ACE3BB /* DefaultNavigationLink.swift */,
			);
			path = Navigation;
			sourceTree = "<group>";
		};
		6AC3F91E2B7552F000ACE3BB /* Events */ = {
			isa = PBXGroup;
			children = (
				6AC3F91F2B75531F00ACE3BB /* EventDetailsView.swift */,
			);
			path = Events;
			sourceTree = "<group>";
		};
		6AC50EF82B595290006A1DDD /* DI */ = {
			isa = PBXGroup;
			children = (
				6AEC7B502BA7142E00988198 /* AppDelegate.swift */,
				2152FB032600AC8F00CF470E /* SuiteBDEApp.swift */,
				6AC50EF92B595319006A1DDD /* KoinExtension.swift */,
				6AC50EFB2B595377006A1DDD /* InjectStateViewModel.swift */,
			);
			path = DI;
			sourceTree = "<group>";
		};
		6AD2B0D5298D89FC00099510 /* Users */ = {
			isa = PBXGroup;
			children = (
				6A5F86C22B9510C600DF559E /* QRCodeView.swift */,
				6AD2B0DE298D966200099510 /* UserView.swift */,
				6AD2B0E0298D967700099510 /* OldUserViewModel.swift */,
			);
			path = Users;
			sourceTree = "<group>";
		};
		6AD2B0D6298D8A1600099510 /* Scans */ = {
			isa = PBXGroup;
			children = (
				6AD2B0D7298D8AD100099510 /* ScannerView.swift */,
				6AD2B0DC298D8DFF00099510 /* ScannerViewModel.swift */,
				6A7214342A97809000C36256 /* ScanHistoryView.swift */,
			);
			path = Scans;
			sourceTree = "<group>";
		};
		6ADB38EB2B5ABEFB00CFBAF9 /* Repositories */ = {
			isa = PBXGroup;
			children = (
				6AE6D0772B5BF4FA0010EED2 /* Analytics */,
				6ADB38EC2B5ABF0200CFBAF9 /* Application */,
				6A0C419B2BA8590A00C7DF8F /* Notifications */,
			);
			path = Repositories;
			sourceTree = "<group>";
		};
		6ADB38EC2B5ABF0200CFBAF9 /* Application */ = {
			isa = PBXGroup;
			children = (
				6ADB38ED2B5ABF1C00CFBAF9 /* TokenRepository.swift */,
			);
			path = Application;
			sourceTree = "<group>";
		};
		6ADB38EF2B5AC07800CFBAF9 /* Root */ = {
			isa = PBXGroup;
			children = (
				6A9DD81629891354007F6E3C /* RootView.swift */,
				6A9DD82129891601007F6E3C /* OldRootViewModel.swift */,
			);
			path = Root;
			sourceTree = "<group>";
		};
		6ADCFB5A2A57FE080036C410 /* Chat */ = {
			isa = PBXGroup;
			children = (
				6ADCFB5B2A57FE230036C410 /* ChatView.swift */,
				6ADCFB5D2A57FECA0036C410 /* ChatViewModel.swift */,
				6ADCFB612A5808A90036C410 /* ConversationView.swift */,
				6ADCFB632A5809150036C410 /* ConversationViewModel.swift */,
				6ADCFB652A5809310036C410 /* MessageView.swift */,
				6ADCFB672A5865640036C410 /* ConversationSettingsView.swift */,
				6ADCFB692A5865770036C410 /* ConversationSettingsViewModel.swift */,
			);
			path = Chat;
			sourceTree = "<group>";
		};
		6ADE949B2B7AA79A0064BF52 /* Users */ = {
			isa = PBXGroup;
			children = (
				6A5F86C02B950E6500DF559E /* QRCodeRootView.swift */,
				6ADE949C2B7AA7AA0064BF52 /* UserCard.swift */,
				6A712B682BAB61D0003423AA /* UserDetailsView.swift */,
				6AB8DDB22BF26639004C2EAD /* SubscriptionInUserCard.swift */,
			);
			path = Users;
			sourceTree = "<group>";
		};
		6AE6D06D2B5BF0EC0010EED2 /* UI */ = {
			isa = PBXGroup;
			children = (
				6AC3F9082B73F61200ACE3BB /* Lottie */,
				6A9DD8262989193C007F6E3C /* Components */,
				6AE6D0762B5BF41F0010EED2 /* Theme */,
			);
			path = UI;
			sourceTree = "<group>";
		};
		6AE6D0762B5BF41F0010EED2 /* Theme */ = {
			isa = PBXGroup;
			children = (
				6AC3F90F2B74D40F00ACE3BB /* CardStyle.swift */,
				6AC3F90D2B73FF0F00ACE3BB /* BackgroundColorStyle.swift */,
				6A9DD8372989ABC5007F6E3C /* DefaultButtonStyle.swift */,
				6AA3C3582B7971A400C0D93F /* DefaultInputStyle.swift */,
			);
			path = Theme;
			sourceTree = "<group>";
		};
		6AE6D0772B5BF4FA0010EED2 /* Analytics */ = {
			isa = PBXGroup;
			children = (
				6AE6D0782B5BF5100010EED2 /* AnalyticsRepository.swift */,
			);
			path = Analytics;
			sourceTree = "<group>";
		};
		6AE6D07A2B5C32350010EED2 /* Feed */ = {
			isa = PBXGroup;
			children = (
				6AE6D07C2B5C329F0010EED2 /* EventCard.swift */,
				6AC3F9112B74D6E900ACE3BB /* FeedRootView.swift */,
				6A897F702B9B3138008C7FE7 /* FeedHomeView.swift */,
				6A4E51252B9B19F900CDBC92 /* FeedSearchView.swift */,
				6A5F86C42B95128500DF559E /* QRCodeCard.swift */,
				6A7868152B8BCF4B00C8EBB4 /* SubscriptionCard.swift */,
			);
			path = Feed;
			sourceTree = "<group>";
		};
		6AE6D07B2B5C323D0010EED2 /* Clubs */ = {
			isa = PBXGroup;
			children = (
				6A753CFE299AE78D00E346AA /* ClubCard.swift */,
				6AA3C3562B796C3900C0D93F /* ClubsListView.swift */,
				6ADE94992B7A9F4F0064BF52 /* ClubDetailsView.swift */,
			);
			path = Clubs;
			sourceTree = "<group>";
		};
		6AEC7B522BA7AA9200988198 /* Notifications */ = {
			isa = PBXGroup;
			children = (
				6AEC7B532BA7AABB00988198 /* SendNotificationRootView.swift */,
			);
			path = Notifications;
			sourceTree = "<group>";
		};
		6AF94F002B5EBBD400EE227B /* Auth */ = {
			isa = PBXGroup;
			children = (
				6AF94F012B5EBBE400EE227B /* AuthView.swift */,
				6AF94F032B5EBC3F00EE227B /* AuthSheet.swift */,
			);
			path = Auth;
			sourceTree = "<group>";
		};
		7555FF72242A565900829871 = {
			isa = PBXGroup;
			children = (
				7555FF7D242A565900829871 /* SuiteBDE */,
				6AB013A029918F3B00C29106 /* QRCodeWidget */,
				7555FF7C242A565900829871 /* Products */,
				7555FFB0242A642200829871 /* Frameworks */,
			);
			sourceTree = "<group>";
		};
		7555FF7C242A565900829871 /* Products */ = {
			isa = PBXGroup;
			children = (
				7555FF7B242A565900829871 /* BDE.app */,
				6AB0139B29918F3B00C29106 /* QRCodeWidgetExtension.appex */,
			);
			name = Products;
			sourceTree = "<group>";
		};
		7555FF7D242A565900829871 /* SuiteBDE */ = {
			isa = PBXGroup;
			children = (
				6AC50EF82B595290006A1DDD /* DI */,
				6A9DD8252989189C007F6E3C /* Extensions */,
				6A9DD8322989A84C007F6E3C /* Services */,
				6A9DD815298912FB007F6E3C /* Features */,
				6ADB38EB2B5ABEFB00CFBAF9 /* Repositories */,
				6AE6D06D2B5BF0EC0010EED2 /* UI */,
				058557BA273AAA24004C7B11 /* Assets.xcassets */,
				6AB0139629918D0F00C29106 /* SuiteBDE.entitlements */,
				6A7025072B851C8300BFAA5E /* SuiteBDE.dev.entitlements */,
				7555FF8C242A565B00829871 /* Info.plist */,
				6A7025032B8514EE00BFAA5E /* GoogleService-Info.plist */,
				6A7025052B85150700BFAA5E /* GoogleService-Info.dev.plist */,
				6AE6D0722B5BF1A20010EED2 /* Localizable.strings */,
				058557D7273AAEEB004C7B11 /* Preview Content */,
			);
			path = SuiteBDE;
			sourceTree = "<group>";
		};
		7555FFB0242A642200829871 /* Frameworks */ = {
			isa = PBXGroup;
			children = (
				6AB0139C29918F3B00C29106 /* WidgetKit.framework */,
				6AB0139E29918F3B00C29106 /* SwiftUI.framework */,
			);
			name = Frameworks;
			sourceTree = "<group>";
		};
/* End PBXGroup section */

/* Begin PBXNativeTarget section */
		6AB0139A29918F3B00C29106 /* QRCodeWidgetExtension */ = {
			isa = PBXNativeTarget;
			buildConfigurationList = 6AB013AB29918F3C00C29106 /* Build configuration list for PBXNativeTarget "QRCodeWidgetExtension" */;
			buildPhases = (
				6AB0139729918F3B00C29106 /* Sources */,
				6AB0139829918F3B00C29106 /* Frameworks */,
				6AB0139929918F3B00C29106 /* Resources */,
			);
			buildRules = (
			);
			dependencies = (
			);
			name = QRCodeWidgetExtension;
			packageProductDependencies = (
				6AB013B129918FFF00C29106 /* Keychain */,
			);
			productName = QRCodeWidgetExtension;
			productReference = 6AB0139B29918F3B00C29106 /* QRCodeWidgetExtension.appex */;
			productType = "com.apple.product-type.app-extension";
		};
		7555FF7A242A565900829871 /* BDE */ = {
			isa = PBXNativeTarget;
			buildConfigurationList = 7555FFA5242A565B00829871 /* Build configuration list for PBXNativeTarget "BDE" */;
			buildPhases = (
				7555FFB5242A651A00829871 /* ShellScript */,
				7555FF77242A565900829871 /* Sources */,
				7555FF78242A565900829871 /* Frameworks */,
				7555FF79242A565900829871 /* Resources */,
				7555FFB4242A642300829871 /* Embed Frameworks */,
				6AB013AE29918F3C00C29106 /* Embed Foundation Extensions */,
				6AC50EF72B595252006A1DDD /* Sentry */,
			);
			buildRules = (
			);
			dependencies = (
				6AB013A929918F3C00C29106 /* PBXTargetDependency */,
			);
			name = BDE;
			packageProductDependencies = (
				6A9DD8302989A7F7007F6E3C /* Keychain */,
				6AD2B0DA298D8AEB00099510 /* CodeScanner */,
				6A90EE542992FCE10031B196 /* FirebaseAnalytics */,
				6A90EE562992FCE10031B196 /* FirebaseCrashlytics */,
				6A90EE582992FCE10031B196 /* FirebaseMessaging */,
				6A86667229B5FC8F000540BF /* MyAppsiOS */,
				6AB065F62A261223007C49B1 /* Kingfisher */,
				6ADCFB6E2A59704F0036C410 /* Reachability */,
				6AC50EF32B5951C1006A1DDD /* Sentry */,
				6AC50EF52B5951C1006A1DDD /* SentrySwiftUI */,
				6AC50F032B5953F1006A1DDD /* KMPNativeCoroutinesAsync */,
				6AC3F9062B73F60300ACE3BB /* Lottie */,
				6A803E3C2BF3B78300E8B68A /* KMPObservableViewModelCore */,
				6A803E3E2BF3B78300E8B68A /* KMPObservableViewModelSwiftUI */,
			);
			productName = SuiteBDE;
			productReference = 7555FF7B242A565900829871 /* BDE.app */;
			productType = "com.apple.product-type.application";
		};
/* End PBXNativeTarget section */

/* Begin PBXProject section */
		7555FF73242A565900829871 /* Project object */ = {
			isa = PBXProject;
			attributes = {
				BuildIndependentTargetsInParallel = YES;
				LastSwiftUpdateCheck = 1420;
				LastUpgradeCheck = 1520;
				ORGANIZATIONNAME = orgName;
				TargetAttributes = {
					6AB0139A29918F3B00C29106 = {
						CreatedOnToolsVersion = 14.2;
					};
					7555FF7A242A565900829871 = {
						CreatedOnToolsVersion = 11.3.1;
					};
				};
			};
			buildConfigurationList = 7555FF76242A565900829871 /* Build configuration list for PBXProject "SuiteBDE" */;
			compatibilityVersion = "Xcode 9.3";
			developmentRegion = en;
			hasScannedForEncodings = 0;
			knownRegions = (
				en,
				Base,
				fr,
			);
			mainGroup = 7555FF72242A565900829871;
			packageReferences = (
				6A9DD82F2989A7F7007F6E3C /* XCRemoteSwiftPackageReference "Keychain" */,
				6AD2B0D9298D8AEB00099510 /* XCRemoteSwiftPackageReference "CodeScanner" */,
				6A90EE532992FCE10031B196 /* XCRemoteSwiftPackageReference "firebase-ios-sdk" */,
				6A86667129B5FC8F000540BF /* XCRemoteSwiftPackageReference "MyApps" */,
				6AB065F52A261223007C49B1 /* XCRemoteSwiftPackageReference "Kingfisher" */,
				6ADCFB6D2A59704F0036C410 /* XCRemoteSwiftPackageReference "Reachability" */,
				6AC50EF22B5951C1006A1DDD /* XCRemoteSwiftPackageReference "sentry-cocoa" */,
				6AC50F022B5953F1006A1DDD /* XCRemoteSwiftPackageReference "KMP-NativeCoroutines" */,
				6AC3F9052B73F60300ACE3BB /* XCRemoteSwiftPackageReference "lottie-ios" */,
				6A803E3B2BF3B78300E8B68A /* XCRemoteSwiftPackageReference "KMP-ObservableViewModel" */,
			);
			productRefGroup = 7555FF7C242A565900829871 /* Products */;
			projectDirPath = "";
			projectRoot = "";
			targets = (
				7555FF7A242A565900829871 /* BDE */,
				6AB0139A29918F3B00C29106 /* QRCodeWidgetExtension */,
			);
		};
/* End PBXProject section */

/* Begin PBXResourcesBuildPhase section */
		6AB0139929918F3B00C29106 /* Resources */ = {
			isa = PBXResourcesBuildPhase;
			buildActionMask = 2147483647;
			files = (
				6AB013A629918F3C00C29106 /* Assets.xcassets in Resources */,
			);
			runOnlyForDeploymentPostprocessing = 0;
		};
		7555FF79242A565900829871 /* Resources */ = {
			isa = PBXResourcesBuildPhase;
			buildActionMask = 2147483647;
			files = (
				6A3C96FC2B7658A6004E4E56 /* error.json in Resources */,
				6AC3F90A2B73F61B00ACE3BB /* school.json in Resources */,
				6A7025062B85150700BFAA5E /* GoogleService-Info.dev.plist in Resources */,
				058557D9273AAEEB004C7B11 /* Preview Assets.xcassets in Resources */,
				6AE6D0702B5BF1A20010EED2 /* Localizable.strings in Resources */,
				058557BB273AAA24004C7B11 /* Assets.xcassets in Resources */,
				6A7025042B8514EE00BFAA5E /* GoogleService-Info.plist in Resources */,
			);
			runOnlyForDeploymentPostprocessing = 0;
		};
/* End PBXResourcesBuildPhase section */

/* Begin PBXShellScriptBuildPhase section */
		6AC50EF72B595252006A1DDD /* Sentry */ = {
			isa = PBXShellScriptBuildPhase;
			buildActionMask = 2147483647;
			files = (
			);
			inputFileListPaths = (
			);
			inputPaths = (
			);
			name = Sentry;
			outputFileListPaths = (
			);
			outputPaths = (
			);
			runOnlyForDeploymentPostprocessing = 0;
			shellPath = /bin/sh;
			shellScript = "eval \"$(/opt/homebrew/bin/brew shellenv)\"\nif which sentry-cli >/dev/null; then\nexport SENTRY_ORG=nathanfallet\nexport SENTRY_PROJECT=suitebde\nexport SENTRY_AUTH_TOKEN=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\nERROR=$(sentry-cli debug-files upload --include-sources \"$DWARF_DSYM_FOLDER_PATH\" --force-foreground 2>&1 >/dev/null)\nif [ ! $? -eq 0 ]; then\necho \"error: sentry-cli - $ERROR\"\nfi\nelse\necho \"error: sentry-cli not installed, download from https://github.com/getsentry/sentry-cli/releases\"\nfi\n";
		};
		7555FFB5242A651A00829871 /* ShellScript */ = {
			isa = PBXShellScriptBuildPhase;
			buildActionMask = 2147483647;
			files = (
			);
			inputFileListPaths = (
			);
			inputPaths = (
			);
			outputFileListPaths = (
			);
			outputPaths = (
			);
			runOnlyForDeploymentPostprocessing = 0;
			shellPath = /bin/sh;
			shellScript = "cd \"$SRCROOT/..\"\n./gradlew :shared:embedAndSignAppleFrameworkForXcode\n";
		};
/* End PBXShellScriptBuildPhase section */

/* Begin PBXSourcesBuildPhase section */
		6AB0139729918F3B00C29106 /* Sources */ = {
			isa = PBXSourcesBuildPhase;
			buildActionMask = 2147483647;
			files = (
				6AB013B029918FA800C29106 /* StringExtension.swift in Sources */,
				6AB013A229918F3B00C29106 /* QRCodeWidgetBundle.swift in Sources */,
				6AB013AF29918F9F00C29106 /* StorageService.swift in Sources */,
				6AB013A429918F3B00C29106 /* QRCodeWidget.swift in Sources */,
			);
			runOnlyForDeploymentPostprocessing = 0;
		};
		7555FF77242A565900829871 /* Sources */ = {
			isa = PBXSourcesBuildPhase;
			buildActionMask = 2147483647;
			files = (
				6AC3F9172B752FEC00ACE3BB /* DefaultNavigationContainer.swift in Sources */,
				6A712B692BAB61D0003423AA /* UserDetailsView.swift in Sources */,
				6AC3F9202B75531F00ACE3BB /* EventDetailsView.swift in Sources */,
				6A0D109B299BEBB600508DC8 /* SendNotificationView.swift in Sources */,
				6AB8DDB32BF26639004C2EAD /* SubscriptionInUserCard.swift in Sources */,
				6A5F86C52B95128500DF559E /* QRCodeCard.swift in Sources */,
				6AE6D0752B5BF3E80010EED2 /* KMMViewModelExtension.swift in Sources */,
				6A803E3A2BF3B5C700E8B68A /* MyAppExtension.swift in Sources */,
				6AC3F9152B752EF600ACE3BB /* DefaultNavigationBar.swift in Sources */,
				6A78681C2B8BDBFD00C8EBB4 /* SubscriptionDetailsView.swift in Sources */,
				6A86667929B61A2D000540BF /* ImagePicker.swift in Sources */,
				6AD2B0E3298DA41700099510 /* DateExtension.swift in Sources */,
				6A90EE5B2992FD470031B196 /* AnalyticsService.swift in Sources */,
				6A7024ED2B84E0A600BFAA5E /* DefaultCard.swift in Sources */,
				6A9DD8382989ABC5007F6E3C /* DefaultButtonStyle.swift in Sources */,
				6AA3C3592B7971A400C0D93F /* DefaultInputStyle.swift in Sources */,
				6ADCFB6C2A596D510036C410 /* WebSocketService.swift in Sources */,
				6A9DD8342989A85B007F6E3C /* StorageService.swift in Sources */,
				6AD2B0DF298D966200099510 /* UserView.swift in Sources */,
				6AD2B0D8298D8AD100099510 /* ScannerView.swift in Sources */,
				6A5F86C32B9510C600DF559E /* QRCodeView.swift in Sources */,
				6AEC7B542BA7AABB00988198 /* SendNotificationRootView.swift in Sources */,
				6AEC7B512BA7142E00988198 /* AppDelegate.swift in Sources */,
				6AC3F9192B75310100ACE3BB /* DefaultNavigationView.swift in Sources */,
				6ADCFB622A5808A90036C410 /* ConversationView.swift in Sources */,
				6AF94F042B5EBC3F00EE227B /* AuthSheet.swift in Sources */,
				6ADCFB682A5865640036C410 /* ConversationSettingsView.swift in Sources */,
				6A3C96FA2B765823004E4E56 /* AuthErrorView.swift in Sources */,
				6A7214352A97809000C36256 /* ScanHistoryView.swift in Sources */,
				6A9DD81D298914E6007F6E3C /* FeedView.swift in Sources */,
				6A753CFF299AE78D00E346AA /* ClubCard.swift in Sources */,
				6ADCFB662A5809310036C410 /* MessageView.swift in Sources */,
				6ADCFB642A5809150036C410 /* ConversationViewModel.swift in Sources */,
				6A50AC902999A4F7003A3F57 /* ClubsView.swift in Sources */,
				6A0D1096299BD45700508DC8 /* SettingsView.swift in Sources */,
				6A753CFD299AE51400E346AA /* ClubView.swift in Sources */,
				6A4EC7462A1661DB002A0E90 /* AlertCase.swift in Sources */,
				6AC3F90E2B73FF0F00ACE3BB /* BackgroundColorStyle.swift in Sources */,
				6A4E51262B9B19F900CDBC92 /* FeedSearchView.swift in Sources */,
				6AE6D07D2B5C329F0010EED2 /* EventCard.swift in Sources */,
				6ADCFB5C2A57FE230036C410 /* ChatView.swift in Sources */,
				6AC50EFA2B595319006A1DDD /* KoinExtension.swift in Sources */,
				6A9DD8282989194D007F6E3C /* SafariView.swift in Sources */,
				6AC50EFC2B595377006A1DDD /* InjectStateViewModel.swift in Sources */,
				6ADCFB6A2A5865770036C410 /* ConversationSettingsViewModel.swift in Sources */,
				6A9DD82A298919A4007F6E3C /* StringExtension.swift in Sources */,
				6A80CCC929BB4F8E009D5F4A /* EventView.swift in Sources */,
				6A9DD81729891354007F6E3C /* RootView.swift in Sources */,
				6ADE949D2B7AA7AA0064BF52 /* UserCard.swift in Sources */,
				6AF94F022B5EBBE400EE227B /* AuthView.swift in Sources */,
				6AC3F9042B73F57900ACE3BB /* AuthRootView.swift in Sources */,
				6A897F712B9B3138008C7FE7 /* FeedHomeView.swift in Sources */,
				6A5F86C12B950E6500DF559E /* QRCodeRootView.swift in Sources */,
				6AC3F91B2B7532C100ACE3BB /* DefaultNavigationPreferenceKeys.swift in Sources */,
				6A7868162B8BCF4B00C8EBB4 /* SubscriptionCard.swift in Sources */,
				6AD2B0E1298D967700099510 /* OldUserViewModel.swift in Sources */,
				6A9DD82229891601007F6E3C /* OldRootViewModel.swift in Sources */,
				6AA3C3572B796C3900C0D93F /* ClubsListView.swift in Sources */,
				6AC3F9122B74D6E900ACE3BB /* FeedRootView.swift in Sources */,
				6A7868182B8BD6C400C8EBB4 /* SubscriptionView.swift in Sources */,
				6A0E981329E73C9200F52181 /* NSNumberExtension.swift in Sources */,
				6A0C419D2BA8592000C7DF8F /* NotificationsRepository.swift in Sources */,
				6AC3F90C2B73F63B00ACE3BB /* LottieView.swift in Sources */,
				6ADB38EE2B5ABF1C00CFBAF9 /* TokenRepository.swift in Sources */,
				6AE6D0792B5BF5100010EED2 /* AnalyticsRepository.swift in Sources */,
				6ADE949A2B7A9F4F0064BF52 /* ClubDetailsView.swift in Sources */,
				6A803E412BF3C5E600E8B68A /* IdentifiableExtension.swift in Sources */,
				6ADCFB5E2A57FECA0036C410 /* ChatViewModel.swift in Sources */,
				6AC3F91D2B753E9900ACE3BB /* DefaultNavigationLink.swift in Sources */,
				6AA746432A17D1D700BB1A4A /* CacheService.swift in Sources */,
				6AC3F9102B74D40F00ACE3BB /* CardStyle.swift in Sources */,
				6AD2B0DD298D8DFF00099510 /* ScannerViewModel.swift in Sources */,
				2152FB042600AC8F00CF470E /* SuiteBDEApp.swift in Sources */,
			);
			runOnlyForDeploymentPostprocessing = 0;
		};
/* End PBXSourcesBuildPhase section */

/* Begin PBXTargetDependency section */
		6AB013A929918F3C00C29106 /* PBXTargetDependency */ = {
			isa = PBXTargetDependency;
			target = 6AB0139A29918F3B00C29106 /* QRCodeWidgetExtension */;
			targetProxy = 6AB013A829918F3C00C29106 /* PBXContainerItemProxy */;
		};
/* End PBXTargetDependency section */

/* Begin PBXVariantGroup section */
		6AE6D0722B5BF1A20010EED2 /* Localizable.strings */ = {
			isa = PBXVariantGroup;
			children = (
				6AE6D0712B5BF1A20010EED2 /* en */,
				6AE6D0732B5BF1B00010EED2 /* fr */,
			);
			name = Localizable.strings;
			sourceTree = "<group>";
		};
/* End PBXVariantGroup section */

/* Begin XCBuildConfiguration section */
		6A129BD32B57DB4900B93255 /* Dev Debug */ = {
			isa = XCBuildConfiguration;
			buildSettings = {
				ALWAYS_SEARCH_USER_PATHS = NO;
				ASSETCATALOG_COMPILER_GENERATE_SWIFT_ASSET_SYMBOL_EXTENSIONS = YES;
				CLANG_ANALYZER_LOCALIZABILITY_NONLOCALIZED = YES;
				CLANG_ANALYZER_NONNULL = YES;
				CLANG_ANALYZER_NUMBER_OBJECT_CONVERSION = YES_AGGRESSIVE;
				CLANG_CXX_LANGUAGE_STANDARD = "gnu++14";
				CLANG_CXX_LIBRARY = "libc++";
				CLANG_ENABLE_MODULES = YES;
				CLANG_ENABLE_OBJC_ARC = YES;
				CLANG_ENABLE_OBJC_WEAK = YES;
				CLANG_WARN_BLOCK_CAPTURE_AUTORELEASING = YES;
				CLANG_WARN_BOOL_CONVERSION = YES;
				CLANG_WARN_COMMA = YES;
				CLANG_WARN_CONSTANT_CONVERSION = YES;
				CLANG_WARN_DEPRECATED_OBJC_IMPLEMENTATIONS = YES;
				CLANG_WARN_DIRECT_OBJC_ISA_USAGE = YES_ERROR;
				CLANG_WARN_DOCUMENTATION_COMMENTS = YES;
				CLANG_WARN_EMPTY_BODY = YES;
				CLANG_WARN_ENUM_CONVERSION = YES;
				CLANG_WARN_INFINITE_RECURSION = YES;
				CLANG_WARN_INT_CONVERSION = YES;
				CLANG_WARN_NON_LITERAL_NULL_CONVERSION = YES;
				CLANG_WARN_OBJC_IMPLICIT_RETAIN_SELF = YES;
				CLANG_WARN_OBJC_LITERAL_CONVERSION = YES;
				CLANG_WARN_OBJC_ROOT_CLASS = YES_ERROR;
				CLANG_WARN_QUOTED_INCLUDE_IN_FRAMEWORK_HEADER = YES;
				CLANG_WARN_RANGE_LOOP_ANALYSIS = YES;
				CLANG_WARN_STRICT_PROTOTYPES = YES;
				CLANG_WARN_SUSPICIOUS_MOVE = YES;
				CLANG_WARN_UNGUARDED_AVAILABILITY = YES_AGGRESSIVE;
				CLANG_WARN_UNREACHABLE_CODE = YES;
				CLANG_WARN__DUPLICATE_METHOD_MATCH = YES;
				COPY_PHASE_STRIP = NO;
				DEBUG_INFORMATION_FORMAT = "dwarf-with-dsym";
				ENABLE_STRICT_OBJC_MSGSEND = YES;
				ENABLE_TESTABILITY = YES;
				ENABLE_USER_SCRIPT_SANDBOXING = YES;
				GCC_C_LANGUAGE_STANDARD = gnu11;
				GCC_DYNAMIC_NO_PIC = NO;
				GCC_NO_COMMON_BLOCKS = YES;
				GCC_OPTIMIZATION_LEVEL = 0;
				GCC_PREPROCESSOR_DEFINITIONS = (
					"DEBUG=1",
					"$(inherited)",
				);
				GCC_WARN_64_TO_32_BIT_CONVERSION = YES;
				GCC_WARN_ABOUT_RETURN_TYPE = YES_ERROR;
				GCC_WARN_UNDECLARED_SELECTOR = YES;
				GCC_WARN_UNINITIALIZED_AUTOS = YES_AGGRESSIVE;
				GCC_WARN_UNUSED_FUNCTION = YES;
				GCC_WARN_UNUSED_VARIABLE = YES;
				IPHONEOS_DEPLOYMENT_TARGET = 14.1;
				KOTLIN_FRAMEWORK_BUILD_TYPE = "";
				MTL_ENABLE_DEBUG_INFO = INCLUDE_SOURCE;
				MTL_FAST_MATH = YES;
				ONLY_ACTIVE_ARCH = YES;
				SDKROOT = iphoneos;
				SWIFT_ACTIVE_COMPILATION_CONDITIONS = DEBUG;
				SWIFT_OPTIMIZATION_LEVEL = "-Onone";
			};
			name = "Dev Debug";
		};
		6A129BD42B57DB4900B93255 /* Dev Debug */ = {
			isa = XCBuildConfiguration;
			buildSettings = {
				ALWAYS_EMBED_SWIFT_STANDARD_LIBRARIES = YES;
				ASSETCATALOG_COMPILER_APPICON_NAME = AppIcon;
				ASSETCATALOG_COMPILER_GLOBAL_ACCENT_COLOR_NAME = AccentColor;
				CODE_SIGN_ENTITLEMENTS = SuiteBDE/SuiteBDE.dev.entitlements;
				CODE_SIGN_STYLE = Automatic;
				CURRENT_PROJECT_VERSION = 8;
				DEVELOPMENT_ASSET_PATHS = "\"SuiteBDE/Preview Content\"";
				DEVELOPMENT_TEAM = Z8T3MHFW48;
				ENABLE_PREVIEWS = YES;
				FRAMEWORK_SEARCH_PATHS = "$(SRCROOT)/../shared/build/xcode-frameworks/$(CONFIGURATION)/$(SDK_NAME)";
				INFOPLIST_FILE = SuiteBDE/Info.plist;
				INFOPLIST_KEY_CFBundleDisplayName = BDE;
				INFOPLIST_KEY_LSApplicationCategoryType = "public.app-category.education";
				IPHONEOS_DEPLOYMENT_TARGET = 15.0;
				KOTLIN_FRAMEWORK_BUILD_TYPE = Debug;
				LD_RUNPATH_SEARCH_PATHS = (
					"$(inherited)",
					"@executable_path/Frameworks",
				);
				MARKETING_VERSION = 1.0.0;
				OTHER_LDFLAGS = (
					"$(inherited)",
					"-framework",
					shared,
				);
				PRODUCT_BUNDLE_IDENTIFIER = me.nathanfallet.suitebde.dev;
				PRODUCT_NAME = "$(TARGET_NAME)";
				SWIFT_VERSION = 5.0;
				TARGETED_DEVICE_FAMILY = "1,2";
			};
			name = "Dev Debug";
		};
		6A129BD52B57DB4900B93255 /* Dev Debug */ = {
			isa = XCBuildConfiguration;
			buildSettings = {
				ASSETCATALOG_COMPILER_GLOBAL_ACCENT_COLOR_NAME = AccentColor;
				ASSETCATALOG_COMPILER_WIDGET_BACKGROUND_COLOR_NAME = WidgetBackground;
				CLANG_CXX_LANGUAGE_STANDARD = "gnu++20";
				CODE_SIGN_ENTITLEMENTS = QRCodeWidget/QRCodeWidgetExtension.dev.entitlements;
				CODE_SIGN_STYLE = Automatic;
				CURRENT_PROJECT_VERSION = 30;
				DEBUG_INFORMATION_FORMAT = dwarf;
				DEVELOPMENT_TEAM = Z8T3MHFW48;
				GENERATE_INFOPLIST_FILE = YES;
				INFOPLIST_FILE = QRCodeWidget/Info.plist;
				INFOPLIST_KEY_CFBundleDisplayName = QRCodeWidget;
				INFOPLIST_KEY_NSHumanReadableCopyright = "Copyright © 2023 orgName. All rights reserved.";
				IPHONEOS_DEPLOYMENT_TARGET = 15.0;
				LD_RUNPATH_SEARCH_PATHS = (
					"$(inherited)",
					"@executable_path/Frameworks",
					"@executable_path/../../Frameworks",
				);
				MARKETING_VERSION = 1.6.5;
				PRODUCT_BUNDLE_IDENTIFIER = me.nathanfallet.suitebde.dev.QRCodeWidget;
				PRODUCT_NAME = "$(TARGET_NAME)";
				SKIP_INSTALL = YES;
				SWIFT_EMIT_LOC_STRINGS = YES;
				SWIFT_VERSION = 5.0;
				TARGETED_DEVICE_FAMILY = "1,2";
			};
			name = "Dev Debug";
		};
		6A129BD62B57DB5100B93255 /* Dev Release */ = {
			isa = XCBuildConfiguration;
			buildSettings = {
				ALWAYS_SEARCH_USER_PATHS = NO;
				ASSETCATALOG_COMPILER_GENERATE_SWIFT_ASSET_SYMBOL_EXTENSIONS = YES;
				CLANG_ANALYZER_LOCALIZABILITY_NONLOCALIZED = YES;
				CLANG_ANALYZER_NONNULL = YES;
				CLANG_ANALYZER_NUMBER_OBJECT_CONVERSION = YES_AGGRESSIVE;
				CLANG_CXX_LANGUAGE_STANDARD = "gnu++14";
				CLANG_CXX_LIBRARY = "libc++";
				CLANG_ENABLE_MODULES = YES;
				CLANG_ENABLE_OBJC_ARC = YES;
				CLANG_ENABLE_OBJC_WEAK = YES;
				CLANG_WARN_BLOCK_CAPTURE_AUTORELEASING = YES;
				CLANG_WARN_BOOL_CONVERSION = YES;
				CLANG_WARN_COMMA = YES;
				CLANG_WARN_CONSTANT_CONVERSION = YES;
				CLANG_WARN_DEPRECATED_OBJC_IMPLEMENTATIONS = YES;
				CLANG_WARN_DIRECT_OBJC_ISA_USAGE = YES_ERROR;
				CLANG_WARN_DOCUMENTATION_COMMENTS = YES;
				CLANG_WARN_EMPTY_BODY = YES;
				CLANG_WARN_ENUM_CONVERSION = YES;
				CLANG_WARN_INFINITE_RECURSION = YES;
				CLANG_WARN_INT_CONVERSION = YES;
				CLANG_WARN_NON_LITERAL_NULL_CONVERSION = YES;
				CLANG_WARN_OBJC_IMPLICIT_RETAIN_SELF = YES;
				CLANG_WARN_OBJC_LITERAL_CONVERSION = YES;
				CLANG_WARN_OBJC_ROOT_CLASS = YES_ERROR;
				CLANG_WARN_QUOTED_INCLUDE_IN_FRAMEWORK_HEADER = YES;
				CLANG_WARN_RANGE_LOOP_ANALYSIS = YES;
				CLANG_WARN_STRICT_PROTOTYPES = YES;
				CLANG_WARN_SUSPICIOUS_MOVE = YES;
				CLANG_WARN_UNGUARDED_AVAILABILITY = YES_AGGRESSIVE;
				CLANG_WARN_UNREACHABLE_CODE = YES;
				CLANG_WARN__DUPLICATE_METHOD_MATCH = YES;
				COPY_PHASE_STRIP = NO;
				DEBUG_INFORMATION_FORMAT = "dwarf-with-dsym";
				ENABLE_NS_ASSERTIONS = NO;
				ENABLE_STRICT_OBJC_MSGSEND = YES;
				ENABLE_USER_SCRIPT_SANDBOXING = YES;
				GCC_C_LANGUAGE_STANDARD = gnu11;
				GCC_NO_COMMON_BLOCKS = YES;
				GCC_WARN_64_TO_32_BIT_CONVERSION = YES;
				GCC_WARN_ABOUT_RETURN_TYPE = YES_ERROR;
				GCC_WARN_UNDECLARED_SELECTOR = YES;
				GCC_WARN_UNINITIALIZED_AUTOS = YES_AGGRESSIVE;
				GCC_WARN_UNUSED_FUNCTION = YES;
				GCC_WARN_UNUSED_VARIABLE = YES;
				IPHONEOS_DEPLOYMENT_TARGET = 14.1;
				KOTLIN_FRAMEWORK_BUILD_TYPE = "";
				MTL_ENABLE_DEBUG_INFO = NO;
				MTL_FAST_MATH = YES;
				SDKROOT = iphoneos;
				SWIFT_COMPILATION_MODE = wholemodule;
				SWIFT_OPTIMIZATION_LEVEL = "-O";
				VALIDATE_PRODUCT = YES;
			};
			name = "Dev Release";
		};
		6A129BD72B57DB5100B93255 /* Dev Release */ = {
			isa = XCBuildConfiguration;
			buildSettings = {
				ALWAYS_EMBED_SWIFT_STANDARD_LIBRARIES = YES;
				ASSETCATALOG_COMPILER_APPICON_NAME = AppIcon;
				ASSETCATALOG_COMPILER_GLOBAL_ACCENT_COLOR_NAME = AccentColor;
				CODE_SIGN_ENTITLEMENTS = SuiteBDE/SuiteBDE.dev.entitlements;
				CODE_SIGN_STYLE = Automatic;
				CURRENT_PROJECT_VERSION = 8;
				DEVELOPMENT_ASSET_PATHS = "\"SuiteBDE/Preview Content\"";
				DEVELOPMENT_TEAM = Z8T3MHFW48;
				ENABLE_PREVIEWS = YES;
				FRAMEWORK_SEARCH_PATHS = "$(SRCROOT)/../shared/build/xcode-frameworks/$(CONFIGURATION)/$(SDK_NAME)";
				INFOPLIST_FILE = SuiteBDE/Info.plist;
				INFOPLIST_KEY_CFBundleDisplayName = BDE;
				INFOPLIST_KEY_LSApplicationCategoryType = "public.app-category.education";
				IPHONEOS_DEPLOYMENT_TARGET = 15.0;
				KOTLIN_FRAMEWORK_BUILD_TYPE = Release;
				LD_RUNPATH_SEARCH_PATHS = (
					"$(inherited)",
					"@executable_path/Frameworks",
				);
				MARKETING_VERSION = 1.0.0;
				OTHER_LDFLAGS = (
					"$(inherited)",
					"-framework",
					shared,
				);
				PRODUCT_BUNDLE_IDENTIFIER = me.nathanfallet.suitebde.dev;
				PRODUCT_NAME = "$(TARGET_NAME)";
				SWIFT_VERSION = 5.0;
				TARGETED_DEVICE_FAMILY = "1,2";
			};
			name = "Dev Release";
		};
		6A129BD82B57DB5100B93255 /* Dev Release */ = {
			isa = XCBuildConfiguration;
			buildSettings = {
				ASSETCATALOG_COMPILER_GLOBAL_ACCENT_COLOR_NAME = AccentColor;
				ASSETCATALOG_COMPILER_WIDGET_BACKGROUND_COLOR_NAME = WidgetBackground;
				CLANG_CXX_LANGUAGE_STANDARD = "gnu++20";
				CODE_SIGN_ENTITLEMENTS = QRCodeWidget/QRCodeWidgetExtension.dev.entitlements;
				CODE_SIGN_STYLE = Automatic;
				CURRENT_PROJECT_VERSION = 30;
				DEVELOPMENT_TEAM = Z8T3MHFW48;
				GENERATE_INFOPLIST_FILE = YES;
				INFOPLIST_FILE = QRCodeWidget/Info.plist;
				INFOPLIST_KEY_CFBundleDisplayName = QRCodeWidget;
				INFOPLIST_KEY_NSHumanReadableCopyright = "Copyright © 2023 orgName. All rights reserved.";
				IPHONEOS_DEPLOYMENT_TARGET = 15.0;
				LD_RUNPATH_SEARCH_PATHS = (
					"$(inherited)",
					"@executable_path/Frameworks",
					"@executable_path/../../Frameworks",
				);
				MARKETING_VERSION = 1.6.5;
				PRODUCT_BUNDLE_IDENTIFIER = me.nathanfallet.suitebde.dev.QRCodeWidget;
				PRODUCT_NAME = "$(TARGET_NAME)";
				SKIP_INSTALL = YES;
				SWIFT_EMIT_LOC_STRINGS = YES;
				SWIFT_VERSION = 5.0;
				TARGETED_DEVICE_FAMILY = "1,2";
			};
			name = "Dev Release";
		};
		6AB013AC29918F3C00C29106 /* Debug */ = {
			isa = XCBuildConfiguration;
			buildSettings = {
				ASSETCATALOG_COMPILER_GLOBAL_ACCENT_COLOR_NAME = AccentColor;
				ASSETCATALOG_COMPILER_WIDGET_BACKGROUND_COLOR_NAME = WidgetBackground;
				CLANG_CXX_LANGUAGE_STANDARD = "gnu++20";
				CODE_SIGN_ENTITLEMENTS = QRCodeWidget/QRCodeWidgetExtension.entitlements;
				CODE_SIGN_STYLE = Automatic;
				CURRENT_PROJECT_VERSION = 30;
				DEBUG_INFORMATION_FORMAT = dwarf;
				DEVELOPMENT_TEAM = Z8T3MHFW48;
				GENERATE_INFOPLIST_FILE = YES;
				INFOPLIST_FILE = QRCodeWidget/Info.plist;
				INFOPLIST_KEY_CFBundleDisplayName = QRCodeWidget;
				INFOPLIST_KEY_NSHumanReadableCopyright = "Copyright © 2023 orgName. All rights reserved.";
				IPHONEOS_DEPLOYMENT_TARGET = 15.0;
				LD_RUNPATH_SEARCH_PATHS = (
					"$(inherited)",
					"@executable_path/Frameworks",
					"@executable_path/../../Frameworks",
				);
				MARKETING_VERSION = 1.6.5;
				PRODUCT_BUNDLE_IDENTIFIER = me.nathanfallet.suitebde.QRCodeWidget;
				PRODUCT_NAME = "$(TARGET_NAME)";
				SKIP_INSTALL = YES;
				SWIFT_EMIT_LOC_STRINGS = YES;
				SWIFT_VERSION = 5.0;
				TARGETED_DEVICE_FAMILY = "1,2";
			};
			name = Debug;
		};
		6AB013AD29918F3C00C29106 /* Release */ = {
			isa = XCBuildConfiguration;
			buildSettings = {
				ASSETCATALOG_COMPILER_GLOBAL_ACCENT_COLOR_NAME = AccentColor;
				ASSETCATALOG_COMPILER_WIDGET_BACKGROUND_COLOR_NAME = WidgetBackground;
				CLANG_CXX_LANGUAGE_STANDARD = "gnu++20";
				CODE_SIGN_ENTITLEMENTS = QRCodeWidget/QRCodeWidgetExtension.entitlements;
				CODE_SIGN_STYLE = Automatic;
				CURRENT_PROJECT_VERSION = 30;
				DEVELOPMENT_TEAM = Z8T3MHFW48;
				GENERATE_INFOPLIST_FILE = YES;
				INFOPLIST_FILE = QRCodeWidget/Info.plist;
				INFOPLIST_KEY_CFBundleDisplayName = QRCodeWidget;
				INFOPLIST_KEY_NSHumanReadableCopyright = "Copyright © 2023 orgName. All rights reserved.";
				IPHONEOS_DEPLOYMENT_TARGET = 15.0;
				LD_RUNPATH_SEARCH_PATHS = (
					"$(inherited)",
					"@executable_path/Frameworks",
					"@executable_path/../../Frameworks",
				);
				MARKETING_VERSION = 1.6.5;
				PRODUCT_BUNDLE_IDENTIFIER = me.nathanfallet.suitebde.QRCodeWidget;
				PRODUCT_NAME = "$(TARGET_NAME)";
				SKIP_INSTALL = YES;
				SWIFT_EMIT_LOC_STRINGS = YES;
				SWIFT_VERSION = 5.0;
				TARGETED_DEVICE_FAMILY = "1,2";
			};
			name = Release;
		};
		7555FFA3242A565B00829871 /* Debug */ = {
			isa = XCBuildConfiguration;
			buildSettings = {
				ALWAYS_SEARCH_USER_PATHS = NO;
				ASSETCATALOG_COMPILER_GENERATE_SWIFT_ASSET_SYMBOL_EXTENSIONS = YES;
				CLANG_ANALYZER_LOCALIZABILITY_NONLOCALIZED = YES;
				CLANG_ANALYZER_NONNULL = YES;
				CLANG_ANALYZER_NUMBER_OBJECT_CONVERSION = YES_AGGRESSIVE;
				CLANG_CXX_LANGUAGE_STANDARD = "gnu++14";
				CLANG_CXX_LIBRARY = "libc++";
				CLANG_ENABLE_MODULES = YES;
				CLANG_ENABLE_OBJC_ARC = YES;
				CLANG_ENABLE_OBJC_WEAK = YES;
				CLANG_WARN_BLOCK_CAPTURE_AUTORELEASING = YES;
				CLANG_WARN_BOOL_CONVERSION = YES;
				CLANG_WARN_COMMA = YES;
				CLANG_WARN_CONSTANT_CONVERSION = YES;
				CLANG_WARN_DEPRECATED_OBJC_IMPLEMENTATIONS = YES;
				CLANG_WARN_DIRECT_OBJC_ISA_USAGE = YES_ERROR;
				CLANG_WARN_DOCUMENTATION_COMMENTS = YES;
				CLANG_WARN_EMPTY_BODY = YES;
				CLANG_WARN_ENUM_CONVERSION = YES;
				CLANG_WARN_INFINITE_RECURSION = YES;
				CLANG_WARN_INT_CONVERSION = YES;
				CLANG_WARN_NON_LITERAL_NULL_CONVERSION = YES;
				CLANG_WARN_OBJC_IMPLICIT_RETAIN_SELF = YES;
				CLANG_WARN_OBJC_LITERAL_CONVERSION = YES;
				CLANG_WARN_OBJC_ROOT_CLASS = YES_ERROR;
				CLANG_WARN_QUOTED_INCLUDE_IN_FRAMEWORK_HEADER = YES;
				CLANG_WARN_RANGE_LOOP_ANALYSIS = YES;
				CLANG_WARN_STRICT_PROTOTYPES = YES;
				CLANG_WARN_SUSPICIOUS_MOVE = YES;
				CLANG_WARN_UNGUARDED_AVAILABILITY = YES_AGGRESSIVE;
				CLANG_WARN_UNREACHABLE_CODE = YES;
				CLANG_WARN__DUPLICATE_METHOD_MATCH = YES;
				COPY_PHASE_STRIP = NO;
				DEBUG_INFORMATION_FORMAT = "dwarf-with-dsym";
				ENABLE_STRICT_OBJC_MSGSEND = YES;
				ENABLE_TESTABILITY = YES;
				ENABLE_USER_SCRIPT_SANDBOXING = YES;
				GCC_C_LANGUAGE_STANDARD = gnu11;
				GCC_DYNAMIC_NO_PIC = NO;
				GCC_NO_COMMON_BLOCKS = YES;
				GCC_OPTIMIZATION_LEVEL = 0;
				GCC_PREPROCESSOR_DEFINITIONS = (
					"DEBUG=1",
					"$(inherited)",
				);
				GCC_WARN_64_TO_32_BIT_CONVERSION = YES;
				GCC_WARN_ABOUT_RETURN_TYPE = YES_ERROR;
				GCC_WARN_UNDECLARED_SELECTOR = YES;
				GCC_WARN_UNINITIALIZED_AUTOS = YES_AGGRESSIVE;
				GCC_WARN_UNUSED_FUNCTION = YES;
				GCC_WARN_UNUSED_VARIABLE = YES;
				IPHONEOS_DEPLOYMENT_TARGET = 14.1;
				KOTLIN_FRAMEWORK_BUILD_TYPE = "";
				MTL_ENABLE_DEBUG_INFO = INCLUDE_SOURCE;
				MTL_FAST_MATH = YES;
				ONLY_ACTIVE_ARCH = YES;
				SDKROOT = iphoneos;
				SWIFT_ACTIVE_COMPILATION_CONDITIONS = DEBUG;
				SWIFT_OPTIMIZATION_LEVEL = "-Onone";
			};
			name = Debug;
		};
		7555FFA4242A565B00829871 /* Release */ = {
			isa = XCBuildConfiguration;
			buildSettings = {
				ALWAYS_SEARCH_USER_PATHS = NO;
				ASSETCATALOG_COMPILER_GENERATE_SWIFT_ASSET_SYMBOL_EXTENSIONS = YES;
				CLANG_ANALYZER_LOCALIZABILITY_NONLOCALIZED = YES;
				CLANG_ANALYZER_NONNULL = YES;
				CLANG_ANALYZER_NUMBER_OBJECT_CONVERSION = YES_AGGRESSIVE;
				CLANG_CXX_LANGUAGE_STANDARD = "gnu++14";
				CLANG_CXX_LIBRARY = "libc++";
				CLANG_ENABLE_MODULES = YES;
				CLANG_ENABLE_OBJC_ARC = YES;
				CLANG_ENABLE_OBJC_WEAK = YES;
				CLANG_WARN_BLOCK_CAPTURE_AUTORELEASING = YES;
				CLANG_WARN_BOOL_CONVERSION = YES;
				CLANG_WARN_COMMA = YES;
				CLANG_WARN_CONSTANT_CONVERSION = YES;
				CLANG_WARN_DEPRECATED_OBJC_IMPLEMENTATIONS = YES;
				CLANG_WARN_DIRECT_OBJC_ISA_USAGE = YES_ERROR;
				CLANG_WARN_DOCUMENTATION_COMMENTS = YES;
				CLANG_WARN_EMPTY_BODY = YES;
				CLANG_WARN_ENUM_CONVERSION = YES;
				CLANG_WARN_INFINITE_RECURSION = YES;
				CLANG_WARN_INT_CONVERSION = YES;
				CLANG_WARN_NON_LITERAL_NULL_CONVERSION = YES;
				CLANG_WARN_OBJC_IMPLICIT_RETAIN_SELF = YES;
				CLANG_WARN_OBJC_LITERAL_CONVERSION = YES;
				CLANG_WARN_OBJC_ROOT_CLASS = YES_ERROR;
				CLANG_WARN_QUOTED_INCLUDE_IN_FRAMEWORK_HEADER = YES;
				CLANG_WARN_RANGE_LOOP_ANALYSIS = YES;
				CLANG_WARN_STRICT_PROTOTYPES = YES;
				CLANG_WARN_SUSPICIOUS_MOVE = YES;
				CLANG_WARN_UNGUARDED_AVAILABILITY = YES_AGGRESSIVE;
				CLANG_WARN_UNREACHABLE_CODE = YES;
				CLANG_WARN__DUPLICATE_METHOD_MATCH = YES;
				COPY_PHASE_STRIP = NO;
				DEBUG_INFORMATION_FORMAT = "dwarf-with-dsym";
				ENABLE_NS_ASSERTIONS = NO;
				ENABLE_STRICT_OBJC_MSGSEND = YES;
				ENABLE_USER_SCRIPT_SANDBOXING = YES;
				GCC_C_LANGUAGE_STANDARD = gnu11;
				GCC_NO_COMMON_BLOCKS = YES;
				GCC_WARN_64_TO_32_BIT_CONVERSION = YES;
				GCC_WARN_ABOUT_RETURN_TYPE = YES_ERROR;
				GCC_WARN_UNDECLARED_SELECTOR = YES;
				GCC_WARN_UNINITIALIZED_AUTOS = YES_AGGRESSIVE;
				GCC_WARN_UNUSED_FUNCTION = YES;
				GCC_WARN_UNUSED_VARIABLE = YES;
				IPHONEOS_DEPLOYMENT_TARGET = 14.1;
				KOTLIN_FRAMEWORK_BUILD_TYPE = "";
				MTL_ENABLE_DEBUG_INFO = NO;
				MTL_FAST_MATH = YES;
				SDKROOT = iphoneos;
				SWIFT_COMPILATION_MODE = wholemodule;
				SWIFT_OPTIMIZATION_LEVEL = "-O";
				VALIDATE_PRODUCT = YES;
			};
			name = Release;
		};
		7555FFA6242A565B00829871 /* Debug */ = {
			isa = XCBuildConfiguration;
			buildSettings = {
				ALWAYS_EMBED_SWIFT_STANDARD_LIBRARIES = YES;
				ASSETCATALOG_COMPILER_APPICON_NAME = AppIcon;
				ASSETCATALOG_COMPILER_GLOBAL_ACCENT_COLOR_NAME = AccentColor;
				CODE_SIGN_ENTITLEMENTS = SuiteBDE/SuiteBDE.entitlements;
				CODE_SIGN_STYLE = Automatic;
				CURRENT_PROJECT_VERSION = 8;
				DEVELOPMENT_ASSET_PATHS = "\"SuiteBDE/Preview Content\"";
				DEVELOPMENT_TEAM = Z8T3MHFW48;
				ENABLE_PREVIEWS = YES;
				FRAMEWORK_SEARCH_PATHS = "$(SRCROOT)/../shared/build/xcode-frameworks/$(CONFIGURATION)/$(SDK_NAME)";
				INFOPLIST_FILE = SuiteBDE/Info.plist;
				INFOPLIST_KEY_CFBundleDisplayName = BDE;
				INFOPLIST_KEY_LSApplicationCategoryType = "public.app-category.education";
				IPHONEOS_DEPLOYMENT_TARGET = 15.0;
				KOTLIN_FRAMEWORK_BUILD_TYPE = Debug;
				LD_RUNPATH_SEARCH_PATHS = (
					"$(inherited)",
					"@executable_path/Frameworks",
				);
				MARKETING_VERSION = 1.0.0;
				OTHER_LDFLAGS = (
					"$(inherited)",
					"-framework",
					shared,
				);
				PRODUCT_BUNDLE_IDENTIFIER = me.nathanfallet.suitebde;
				PRODUCT_NAME = "$(TARGET_NAME)";
				SWIFT_VERSION = 5.0;
				TARGETED_DEVICE_FAMILY = "1,2";
			};
			name = Debug;
		};
		7555FFA7242A565B00829871 /* Release */ = {
			isa = XCBuildConfiguration;
			buildSettings = {
				ALWAYS_EMBED_SWIFT_STANDARD_LIBRARIES = YES;
				ASSETCATALOG_COMPILER_APPICON_NAME = AppIcon;
				ASSETCATALOG_COMPILER_GLOBAL_ACCENT_COLOR_NAME = AccentColor;
				CODE_SIGN_ENTITLEMENTS = SuiteBDE/SuiteBDE.entitlements;
				CODE_SIGN_STYLE = Automatic;
				CURRENT_PROJECT_VERSION = 8;
				DEVELOPMENT_ASSET_PATHS = "\"SuiteBDE/Preview Content\"";
				DEVELOPMENT_TEAM = Z8T3MHFW48;
				ENABLE_PREVIEWS = YES;
				FRAMEWORK_SEARCH_PATHS = "$(SRCROOT)/../shared/build/xcode-frameworks/$(CONFIGURATION)/$(SDK_NAME)";
				INFOPLIST_FILE = SuiteBDE/Info.plist;
				INFOPLIST_KEY_CFBundleDisplayName = BDE;
				INFOPLIST_KEY_LSApplicationCategoryType = "public.app-category.education";
				IPHONEOS_DEPLOYMENT_TARGET = 15.0;
				KOTLIN_FRAMEWORK_BUILD_TYPE = Release;
				LD_RUNPATH_SEARCH_PATHS = (
					"$(inherited)",
					"@executable_path/Frameworks",
				);
				MARKETING_VERSION = 1.0.0;
				OTHER_LDFLAGS = (
					"$(inherited)",
					"-framework",
					shared,
				);
				PRODUCT_BUNDLE_IDENTIFIER = me.nathanfallet.suitebde;
				PRODUCT_NAME = "$(TARGET_NAME)";
				SWIFT_VERSION = 5.0;
				TARGETED_DEVICE_FAMILY = "1,2";
			};
			name = Release;
		};
/* End XCBuildConfiguration section */

/* Begin XCConfigurationList section */
		6AB013AB29918F3C00C29106 /* Build configuration list for PBXNativeTarget "QRCodeWidgetExtension" */ = {
			isa = XCConfigurationList;
			buildConfigurations = (
				6AB013AC29918F3C00C29106 /* Debug */,
				6A129BD52B57DB4900B93255 /* Dev Debug */,
				6AB013AD29918F3C00C29106 /* Release */,
				6A129BD82B57DB5100B93255 /* Dev Release */,
			);
			defaultConfigurationIsVisible = 0;
			defaultConfigurationName = Release;
		};
		7555FF76242A565900829871 /* Build configuration list for PBXProject "SuiteBDE" */ = {
			isa = XCConfigurationList;
			buildConfigurations = (
				7555FFA3242A565B00829871 /* Debug */,
				6A129BD32B57DB4900B93255 /* Dev Debug */,
				7555FFA4242A565B00829871 /* Release */,
				6A129BD62B57DB5100B93255 /* Dev Release */,
			);
			defaultConfigurationIsVisible = 0;
			defaultConfigurationName = Release;
		};
		7555FFA5242A565B00829871 /* Build configuration list for PBXNativeTarget "BDE" */ = {
			isa = XCConfigurationList;
			buildConfigurations = (
				7555FFA6242A565B00829871 /* Debug */,
				6A129BD42B57DB4900B93255 /* Dev Debug */,
				7555FFA7242A565B00829871 /* Release */,
				6A129BD72B57DB5100B93255 /* Dev Release */,
			);
			defaultConfigurationIsVisible = 0;
			defaultConfigurationName = Release;
		};
/* End XCConfigurationList section */

/* Begin XCRemoteSwiftPackageReference section */
		6A803E3B2BF3B78300E8B68A /* XCRemoteSwiftPackageReference "KMP-ObservableViewModel" */ = {
			isa = XCRemoteSwiftPackageReference;
			repositoryURL = "https://github.com/rickclephas/KMP-ObservableViewModel";
			requirement = {
				branch = master;
				kind = branch;
			};
		};
		6A86667129B5FC8F000540BF /* XCRemoteSwiftPackageReference "MyApps" */ = {
			isa = XCRemoteSwiftPackageReference;
			repositoryURL = "https://github.com/NathanFallet/MyApps";
			requirement = {
				kind = upToNextMajorVersion;
				minimumVersion = 1.0.0;
			};
		};
		6A90EE532992FCE10031B196 /* XCRemoteSwiftPackageReference "firebase-ios-sdk" */ = {
			isa = XCRemoteSwiftPackageReference;
			repositoryURL = "https://github.com/firebase/firebase-ios-sdk";
			requirement = {
				kind = upToNextMajorVersion;
				minimumVersion = 10.0.0;
			};
		};
		6A9DD82F2989A7F7007F6E3C /* XCRemoteSwiftPackageReference "Keychain" */ = {
			isa = XCRemoteSwiftPackageReference;
			repositoryURL = "https://github.com/GroupeMINASTE/Keychain.swift";
			requirement = {
				kind = upToNextMajorVersion;
				minimumVersion = 1.0.0;
			};
		};
		6AB065F52A261223007C49B1 /* XCRemoteSwiftPackageReference "Kingfisher" */ = {
			isa = XCRemoteSwiftPackageReference;
			repositoryURL = "https://github.com/onevcat/Kingfisher";
			requirement = {
				kind = upToNextMajorVersion;
				minimumVersion = 7.0.0;
			};
		};
		6AC3F9052B73F60300ACE3BB /* XCRemoteSwiftPackageReference "lottie-ios" */ = {
			isa = XCRemoteSwiftPackageReference;
			repositoryURL = "https://github.com/airbnb/lottie-ios";
			requirement = {
				kind = upToNextMajorVersion;
				minimumVersion = 4.4.0;
			};
		};
		6AC50EF22B5951C1006A1DDD /* XCRemoteSwiftPackageReference "sentry-cocoa" */ = {
			isa = XCRemoteSwiftPackageReference;
			repositoryURL = "https://github.com/getsentry/sentry-cocoa.git";
			requirement = {
				kind = exactVersion;
				version = 8.4.0;
			};
		};
		6AC50F022B5953F1006A1DDD /* XCRemoteSwiftPackageReference "KMP-NativeCoroutines" */ = {
			isa = XCRemoteSwiftPackageReference;
			repositoryURL = "https://github.com/rickclephas/KMP-NativeCoroutines";
			requirement = {
				branch = master;
				kind = branch;
			};
		};
		6AD2B0D9298D8AEB00099510 /* XCRemoteSwiftPackageReference "CodeScanner" */ = {
			isa = XCRemoteSwiftPackageReference;
			repositoryURL = "https://github.com/twostraws/CodeScanner";
			requirement = {
				kind = upToNextMajorVersion;
				minimumVersion = 2.0.0;
			};
		};
		6ADCFB6D2A59704F0036C410 /* XCRemoteSwiftPackageReference "Reachability" */ = {
			isa = XCRemoteSwiftPackageReference;
			repositoryURL = "https://github.com/ashleymills/Reachability.swift";
			requirement = {
				kind = upToNextMajorVersion;
				minimumVersion = 5.1.0;
			};
		};
/* End XCRemoteSwiftPackageReference section */

/* Begin XCSwiftPackageProductDependency section */
		6A803E3C2BF3B78300E8B68A /* KMPObservableViewModelCore */ = {
			isa = XCSwiftPackageProductDependency;
			package = 6A803E3B2BF3B78300E8B68A /* XCRemoteSwiftPackageReference "KMP-ObservableViewModel" */;
			productName = KMPObservableViewModelCore;
		};
		6A803E3E2BF3B78300E8B68A /* KMPObservableViewModelSwiftUI */ = {
			isa = XCSwiftPackageProductDependency;
			package = 6A803E3B2BF3B78300E8B68A /* XCRemoteSwiftPackageReference "KMP-ObservableViewModel" */;
			productName = KMPObservableViewModelSwiftUI;
		};
		6A86667229B5FC8F000540BF /* MyAppsiOS */ = {
			isa = XCSwiftPackageProductDependency;
			package = 6A86667129B5FC8F000540BF /* XCRemoteSwiftPackageReference "MyApps" */;
			productName = MyAppsiOS;
		};
		6A90EE542992FCE10031B196 /* FirebaseAnalytics */ = {
			isa = XCSwiftPackageProductDependency;
			package = 6A90EE532992FCE10031B196 /* XCRemoteSwiftPackageReference "firebase-ios-sdk" */;
			productName = FirebaseAnalytics;
		};
		6A90EE562992FCE10031B196 /* FirebaseCrashlytics */ = {
			isa = XCSwiftPackageProductDependency;
			package = 6A90EE532992FCE10031B196 /* XCRemoteSwiftPackageReference "firebase-ios-sdk" */;
			productName = FirebaseCrashlytics;
		};
		6A90EE582992FCE10031B196 /* FirebaseMessaging */ = {
			isa = XCSwiftPackageProductDependency;
			package = 6A90EE532992FCE10031B196 /* XCRemoteSwiftPackageReference "firebase-ios-sdk" */;
			productName = FirebaseMessaging;
		};
		6A9DD8302989A7F7007F6E3C /* Keychain */ = {
			isa = XCSwiftPackageProductDependency;
			package = 6A9DD82F2989A7F7007F6E3C /* XCRemoteSwiftPackageReference "Keychain" */;
			productName = Keychain;
		};
		6AB013B129918FFF00C29106 /* Keychain */ = {
			isa = XCSwiftPackageProductDependency;
			package = 6A9DD82F2989A7F7007F6E3C /* XCRemoteSwiftPackageReference "Keychain" */;
			productName = Keychain;
		};
		6AB065F62A261223007C49B1 /* Kingfisher */ = {
			isa = XCSwiftPackageProductDependency;
			package = 6AB065F52A261223007C49B1 /* XCRemoteSwiftPackageReference "Kingfisher" */;
			productName = Kingfisher;
		};
		6AC3F9062B73F60300ACE3BB /* Lottie */ = {
			isa = XCSwiftPackageProductDependency;
			package = 6AC3F9052B73F60300ACE3BB /* XCRemoteSwiftPackageReference "lottie-ios" */;
			productName = Lottie;
		};
		6AC50EF32B5951C1006A1DDD /* Sentry */ = {
			isa = XCSwiftPackageProductDependency;
			package = 6AC50EF22B5951C1006A1DDD /* XCRemoteSwiftPackageReference "sentry-cocoa" */;
			productName = Sentry;
		};
		6AC50EF52B5951C1006A1DDD /* SentrySwiftUI */ = {
			isa = XCSwiftPackageProductDependency;
			package = 6AC50EF22B5951C1006A1DDD /* XCRemoteSwiftPackageReference "sentry-cocoa" */;
			productName = SentrySwiftUI;
		};
		6AC50F032B5953F1006A1DDD /* KMPNativeCoroutinesAsync */ = {
			isa = XCSwiftPackageProductDependency;
			package = 6AC50F022B5953F1006A1DDD /* XCRemoteSwiftPackageReference "KMP-NativeCoroutines" */;
			productName = KMPNativeCoroutinesAsync;
		};
		6AD2B0DA298D8AEB00099510 /* CodeScanner */ = {
			isa = XCSwiftPackageProductDependency;
			package = 6AD2B0D9298D8AEB00099510 /* XCRemoteSwiftPackageReference "CodeScanner" */;
			productName = CodeScanner;
		};
		6ADCFB6E2A59704F0036C410 /* Reachability */ = {
			isa = XCSwiftPackageProductDependency;
			package = 6ADCFB6D2A59704F0036C410 /* XCRemoteSwiftPackageReference "Reachability" */;
			productName = Reachability;
		};
/* End XCSwiftPackageProductDependency section */
	};
	rootObject = 7555FF73242A565900829871 /* Project object */;
}
